
Microsoft Visual Studio Solution File, Format Version 12.00
# Visual Studio Version 16
VisualStudioVersion = 16.0.29409.12
MinimumVisualStudioVersion = 10.0.40219.1
Project("{2150E333-8FDC-42A3-9474-1A3956D46DE8}") = "MainSoftware", "MainSoftware", "{10AECD7E-48C8-4C1E-A0C8-ACD15EEB544A}"
EndProject
Project("{2150E333-8FDC-42A3-9474-1A3956D46DE8}") = "Libs", "Libs", "{F4334CCB-92E6-43E4-B5EE-8700A0BE00D5}"
EndProject
Project("{2150E333-8FDC-42A3-9474-1A3956D46DE8}") = "Tools", "Tools", "{0C2D3D02-FB0B-4A4D-8DA2-A01B104B528B}"
EndProject
Project("{6989167D-11E4-40FE-8C1A-2192A86A7E90}") = "MOHIDLand", "MOHIDLand\MOHIDLand.vfproj", "{8FDBAD87-52D7-4B29-A346-CF6918785077}"
	ProjectSection(ProjectDependencies) = postProject
		{98ABA093-7927-4BCD-B011-BF409B5BBB78} = {98ABA093-7927-4BCD-B011-BF409B5BBB78}
		{0056F7D7-347A-40DE-98B8-843CF05B5488} = {0056F7D7-347A-40DE-98B8-843CF05B5488}
	EndProjectSection
EndProject
Project("{6989167D-11E4-40FE-8C1A-2192A86A7E90}") = "DigitalTerrainCreator", "CreateDigitalTerrain\DigitalTerrainCreator.vfproj", "{3E94FB51-7A8D-41D7-B945-4435992AE154}"
	ProjectSection(ProjectDependencies) = postProject
		{98ABA093-7927-4BCD-B011-BF409B5BBB78} = {98ABA093-7927-4BCD-B011-BF409B5BBB78}
		{0056F7D7-347A-40DE-98B8-843CF05B5488} = {0056F7D7-347A-40DE-98B8-843CF05B5488}
	EndProjectSection
EndProject
Project("{6989167D-11E4-40FE-8C1A-2192A86A7E90}") = "MOHIDRiver", "MOHIDRiver\MOHIDRiver.vfproj", "{79B53A56-7C7D-45A2-A951-2106626FDABB}"
	ProjectSection(ProjectDependencies) = postProject
		{0056F7D7-347A-40DE-98B8-843CF05B5488} = {0056F7D7-347A-40DE-98B8-843CF05B5488}
	EndProjectSection
EndProject
Project("{6989167D-11E4-40FE-8C1A-2192A86A7E90}") = "BasinDelineator", "BasinDelineator\BasinDelineator.vfproj", "{0FCF0362-5F48-4D9B-BBD8-FD2CA58E83F9}"
	ProjectSection(ProjectDependencies) = postProject
		{98ABA093-7927-4BCD-B011-BF409B5BBB78} = {98ABA093-7927-4BCD-B011-BF409B5BBB78}
		{0056F7D7-347A-40DE-98B8-843CF05B5488} = {0056F7D7-347A-40DE-98B8-843CF05B5488}
	EndProjectSection
EndProject
Project("{6989167D-11E4-40FE-8C1A-2192A86A7E90}") = "ConvertGridDataToHDF5", "ConvertGridDataToHDF5\ConvertGridDataToHDF5.vfproj", "{4831291D-0227-4FEB-9A09-0BD2A1E5B8EA}"
	ProjectSection(ProjectDependencies) = postProject
		{98ABA093-7927-4BCD-B011-BF409B5BBB78} = {98ABA093-7927-4BCD-B011-BF409B5BBB78}
		{0056F7D7-347A-40DE-98B8-843CF05B5488} = {0056F7D7-347A-40DE-98B8-843CF05B5488}
	EndProjectSection
EndProject
Project("{8BC9CEB8-8B4A-11D0-8D11-00A0C91BC942}") = "PhreeqC", "PhreeqC\PhreeqC.vcxproj", "{5AEB2DAA-81F0-439A-8EE0-2148D7045B96}"
EndProject
Project("{6989167D-11E4-40FE-8C1A-2192A86A7E90}") = "DrawFluxesInHDF5", "DrawFluxesInHDF5\DrawFluxesInHDF5.vfproj", "{9DC85AC0-1EAF-42B5-A6D0-28AC10A96D15}"
EndProject
Project("{6989167D-11E4-40FE-8C1A-2192A86A7E90}") = "SmoothBathymNesting", "SmoothBathymNesting\SmoothBathymNesting.vfproj", "{8AAFBBAB-D61C-42EE-8346-67EDA6AAABFA}"
	ProjectSection(ProjectDependencies) = postProject
		{98ABA093-7927-4BCD-B011-BF409B5BBB78} = {98ABA093-7927-4BCD-B011-BF409B5BBB78}
		{0056F7D7-347A-40DE-98B8-843CF05B5488} = {0056F7D7-347A-40DE-98B8-843CF05B5488}
	EndProjectSection
EndProject
Project("{6989167D-11E4-40FE-8C1A-2192A86A7E90}") = "ConvertHDF5ToGridData", "ConvertHDF5ToGridData\ConvertHDF5ToGridData.vfproj", "{7D60003A-7B07-4DAE-9046-FAB75E690696}"
	ProjectSection(ProjectDependencies) = postProject
		{98ABA093-7927-4BCD-B011-BF409B5BBB78} = {98ABA093-7927-4BCD-B011-BF409B5BBB78}
		{0056F7D7-347A-40DE-98B8-843CF05B5488} = {0056F7D7-347A-40DE-98B8-843CF05B5488}
	EndProjectSection
EndProject
Project("{6989167D-11E4-40FE-8C1A-2192A86A7E90}") = "Compare2HDFfiles", "Compare2HDFfiles\Compare2HDFfiles.vfproj", "{A2362933-01EF-4E31-914B-C4316A54E065}"
EndProject
Project("{6989167D-11E4-40FE-8C1A-2192A86A7E90}") = "Convert2Hdf5", "Convert2Hdf5\Convert2Hdf5.vfproj", "{A6EDD202-5330-47B5-8E1E-5A98D14AD51A}"
	ProjectSection(ProjectDependencies) = postProject
		{98ABA093-7927-4BCD-B011-BF409B5BBB78} = {98ABA093-7927-4BCD-B011-BF409B5BBB78}
		{0056F7D7-347A-40DE-98B8-843CF05B5488} = {0056F7D7-347A-40DE-98B8-843CF05B5488}
	EndProjectSection
EndProject
Project("{6989167D-11E4-40FE-8C1A-2192A86A7E90}") = "Convert2netcdf", "Convert2netcdf\Convert2netcdf.vfproj", "{F8708A1A-EF60-4639-BD43-777C769C7864}"
EndProject
Project("{6989167D-11E4-40FE-8C1A-2192A86A7E90}") = "ConvertToTimeSerie", "ConvertToTimeSerie\ConvertToTimeSerie.vfproj", "{D9A8E2CF-4DA2-4210-BDF7-05F2A281FCA6}"
EndProject
Project("{6989167D-11E4-40FE-8C1A-2192A86A7E90}") = "DDCParser", "DDCParser\DDCParser.vfproj", "{29BFD189-F22E-42FD-8E33-4E2436386EB1}"
EndProject
Project("{6989167D-11E4-40FE-8C1A-2192A86A7E90}") = "DDCWorker", "DDCWorker\DDCWorker.vfproj", "{DC527F50-5495-4C75-99DF-82B2CBA215AF}"
EndProject
Project("{6989167D-11E4-40FE-8C1A-2192A86A7E90}") = "DomainConsolidation", "DomainConsolidation\DomainConsolidation.vfproj", "{8C4AD1E5-2DA6-4B02-9D25-3827BD0DEC20}"
	ProjectSection(ProjectDependencies) = postProject
		{0056F7D7-347A-40DE-98B8-843CF05B5488} = {0056F7D7-347A-40DE-98B8-843CF05B5488}
	EndProjectSection
EndProject
Project("{6989167D-11E4-40FE-8C1A-2192A86A7E90}") = "GlueWW3_OBC", "GlueWW3_OBC\GlueWW3_OBC.vfproj", "{8191DDA9-7477-48B2-BF5B-BA58EB81D76E}"
EndProject
Project("{6989167D-11E4-40FE-8C1A-2192A86A7E90}") = "hdf2surfer", "hdf2surfer\hdf2surfer.vfproj", "{C04384BB-3887-4EA3-A9B4-988A0C698396}"
EndProject
Project("{6989167D-11E4-40FE-8C1A-2192A86A7E90}") = "HDF5_2_EsriGridData", "HDF5_2_EsriGridData\HDF5_2_EsriGridData.vfproj", "{B893667E-A60D-4D7E-A1F6-E0D94E8815BB}"
EndProject
Project("{6989167D-11E4-40FE-8C1A-2192A86A7E90}") = "HydrodynamicAnalyser", "HydrodynamicAnalyser\HydrodynamicAnalyser.vfproj", "{B500FAC8-4FC2-433A-8BBF-8D19837060FE}"
EndProject
Project("{6989167D-11E4-40FE-8C1A-2192A86A7E90}") = "HDF5Operator", "HDF5Operator\HDF5Operator.vfproj", "{31718428-0170-4952-924F-1568E2FA72EF}"
EndProject
Project("{6989167D-11E4-40FE-8C1A-2192A86A7E90}") = "Valida4D", "Valida4D\Valida4D.vfproj", "{4D908B30-D0CA-4CBE-AB33-1BE87F4C8A81}"
EndProject
Project("{6989167D-11E4-40FE-8C1A-2192A86A7E90}") = "FillMatrix", "FillMatrix\FillMatrix.vfproj", "{4BB5832C-53C3-4226-BBDA-584B4EEBBC2A}"
EndProject
Project("{6989167D-11E4-40FE-8C1A-2192A86A7E90}") = "HDF5Exporter", "HDF5Exporter\HDF5Exporter.vfproj", "{BCE54D78-EFF6-4492-86D3-E6EFB49E9083}"
	ProjectSection(ProjectDependencies) = postProject
		{98ABA093-7927-4BCD-B011-BF409B5BBB78} = {98ABA093-7927-4BCD-B011-BF409B5BBB78}
		{0056F7D7-347A-40DE-98B8-843CF05B5488} = {0056F7D7-347A-40DE-98B8-843CF05B5488}
	EndProjectSection
EndProject
Project("{6989167D-11E4-40FE-8C1A-2192A86A7E90}") = "FilterBathymetry", "FilterBathymetry\FilterBathymetry.vfproj", "{8F12330D-0DDF-427D-AE70-1F2A9F7A49D3}"
	ProjectSection(ProjectDependencies) = postProject
		{98ABA093-7927-4BCD-B011-BF409B5BBB78} = {98ABA093-7927-4BCD-B011-BF409B5BBB78}
		{0056F7D7-347A-40DE-98B8-843CF05B5488} = {0056F7D7-347A-40DE-98B8-843CF05B5488}
	EndProjectSection
EndProject
Project("{6989167D-11E4-40FE-8C1A-2192A86A7E90}") = "HDF5Extractor", "HDF5Extractor\HDF5Extractor.vfproj", "{86CE3A10-4856-40B2-874F-85A47920FC61}"
EndProject
Project("{6989167D-11E4-40FE-8C1A-2192A86A7E90}") = "HDF5Statistics", "HDF5Statistics\HDF5Statistics.vfproj", "{3A41D44C-F6DB-42B4-B98B-57252374202D}"
	ProjectSection(ProjectDependencies) = postProject
		{98ABA093-7927-4BCD-B011-BF409B5BBB78} = {98ABA093-7927-4BCD-B011-BF409B5BBB78}
		{0056F7D7-347A-40DE-98B8-843CF05B5488} = {0056F7D7-347A-40DE-98B8-843CF05B5488}
	EndProjectSection
EndProject
Project("{6989167D-11E4-40FE-8C1A-2192A86A7E90}") = "ConvertToXYZ", "ConvertToXYZ\ConvertToXYZ.vfproj", "{7033A311-58C3-4992-B524-75396846B759}"
	ProjectSection(ProjectDependencies) = postProject
		{98ABA093-7927-4BCD-B011-BF409B5BBB78} = {98ABA093-7927-4BCD-B011-BF409B5BBB78}
		{0056F7D7-347A-40DE-98B8-843CF05B5488} = {0056F7D7-347A-40DE-98B8-843CF05B5488}
	EndProjectSection
EndProject
Project("{6989167D-11E4-40FE-8C1A-2192A86A7E90}") = "MOHIDBase1", "MOHIDBase1\MOHIDBase1.vfproj", "{0056F7D7-347A-40DE-98B8-843CF05B5488}"
EndProject
Project("{6989167D-11E4-40FE-8C1A-2192A86A7E90}") = "MOHIDBase2", "MOHIDBase2\MOHIDBase2.vfproj", "{98ABA093-7927-4BCD-B011-BF409B5BBB78}"
	ProjectSection(ProjectDependencies) = postProject
		{0056F7D7-347A-40DE-98B8-843CF05B5488} = {0056F7D7-347A-40DE-98B8-843CF05B5488}
	EndProjectSection
EndProject
Project("{8BC9CEB8-8B4A-11D0-8D11-00A0C91BC942}") = "OceanColor", "OceanColor\OceanColor.vcxproj", "{C5CF769A-D6B5-4DC8-B39C-734B4D9D685C}"
EndProject
Project("{6989167D-11E4-40FE-8C1A-2192A86A7E90}") = "MOHIDWater", "MOHIDWater\MOHIDWater.vfproj", "{E7F5B24F-13BA-4864-82FF-4BFBBD13A8B5}"
	ProjectSection(ProjectDependencies) = postProject
		{98ABA093-7927-4BCD-B011-BF409B5BBB78} = {98ABA093-7927-4BCD-B011-BF409B5BBB78}
		{0056F7D7-347A-40DE-98B8-843CF05B5488} = {0056F7D7-347A-40DE-98B8-843CF05B5488}
	EndProjectSection
EndProject
Project("{6989167D-11E4-40FE-8C1A-2192A86A7E90}") = "JoinTimeSeries", "JoinTimeSeries\JoinTimeSeries.vfproj", "{FC3EC4C8-E66F-4B9D-98A0-631EDD72F9B3}"
EndProject
Project("{6989167D-11E4-40FE-8C1A-2192A86A7E90}") = "TidePrev", "TidePrev\TidePrev.vfproj", "{F58FF19C-6A88-4D99-B587-E6B7752EC103}"
EndProject
Project("{2150E333-8FDC-42A3-9474-1A3956D46DE8}") = "Solution Items", "Solution Items", "{70C59AAC-9696-400A-8B0F-883565AF28C9}"
	ProjectSection(SolutionItems) = preProject
		Performance1.psess = Performance1.psess
	EndProjectSection
EndProject
Project("{6989167D-11E4-40FE-8C1A-2192A86A7E90}") = "MOHIDDDC", "MOHIDDDC\MOHIDDDC.vfproj", "{B457C6EB-7DAF-4E34-9C25-5882FCF68380}"
	ProjectSection(ProjectDependencies) = postProject
		{98ABA093-7927-4BCD-B011-BF409B5BBB78} = {98ABA093-7927-4BCD-B011-BF409B5BBB78}
		{0056F7D7-347A-40DE-98B8-843CF05B5488} = {0056F7D7-347A-40DE-98B8-843CF05B5488}
	EndProjectSection
EndProject
Global
	GlobalSection(SolutionConfigurationPlatforms) = preSolution
		Debug Openmp|x64 = Debug Openmp|x64
		Debug Openmp|x86 = Debug Openmp|x86
		Debug|x64 = Debug|x64
		Debug|x86 = Debug|x86
		Release MPI|x64 = Release MPI|x64
		Release MPI|x86 = Release MPI|x86
		Release OpenMP|x64 = Release OpenMP|x64
		Release OpenMP|x86 = Release OpenMP|x86
		Release|x64 = Release|x64
		Release|x86 = Release|x86
	EndGlobalSection
	GlobalSection(ProjectConfigurationPlatforms) = postSolution
		{8FDBAD87-52D7-4B29-A346-CF6918785077}.Debug Openmp|x64.ActiveCfg = Debug OpenMP|x64
		{8FDBAD87-52D7-4B29-A346-CF6918785077}.Debug Openmp|x64.Build.0 = Debug OpenMP|x64
		{8FDBAD87-52D7-4B29-A346-CF6918785077}.Debug Openmp|x86.ActiveCfg = Debug OpenMP|Win32
		{8FDBAD87-52D7-4B29-A346-CF6918785077}.Debug Openmp|x86.Build.0 = Debug OpenMP|Win32
		{8FDBAD87-52D7-4B29-A346-CF6918785077}.Debug|x64.ActiveCfg = Debug|x64
		{8FDBAD87-52D7-4B29-A346-CF6918785077}.Debug|x64.Build.0 = Debug|x64
		{8FDBAD87-52D7-4B29-A346-CF6918785077}.Debug|x86.ActiveCfg = Debug|Win32
		{8FDBAD87-52D7-4B29-A346-CF6918785077}.Debug|x86.Build.0 = Debug|Win32
		{8FDBAD87-52D7-4B29-A346-CF6918785077}.Release MPI|x64.ActiveCfg = Release|x64
		{8FDBAD87-52D7-4B29-A346-CF6918785077}.Release MPI|x64.Build.0 = Release|x64
		{8FDBAD87-52D7-4B29-A346-CF6918785077}.Release MPI|x86.ActiveCfg = Release MPI|Win32
		{8FDBAD87-52D7-4B29-A346-CF6918785077}.Release MPI|x86.Build.0 = Release MPI|Win32
		{8FDBAD87-52D7-4B29-A346-CF6918785077}.Release OpenMP|x64.ActiveCfg = Release OpenMP|x64
		{8FDBAD87-52D7-4B29-A346-CF6918785077}.Release OpenMP|x64.Build.0 = Release OpenMP|x64
		{8FDBAD87-52D7-4B29-A346-CF6918785077}.Release OpenMP|x86.ActiveCfg = Release OpenMP|Win32
		{8FDBAD87-52D7-4B29-A346-CF6918785077}.Release OpenMP|x86.Build.0 = Release OpenMP|Win32
		{8FDBAD87-52D7-4B29-A346-CF6918785077}.Release|x64.ActiveCfg = Release|x64
		{8FDBAD87-52D7-4B29-A346-CF6918785077}.Release|x64.Build.0 = Release|x64
		{8FDBAD87-52D7-4B29-A346-CF6918785077}.Release|x86.ActiveCfg = Release|Win32
		{8FDBAD87-52D7-4B29-A346-CF6918785077}.Release|x86.Build.0 = Release|Win32
		{3E94FB51-7A8D-41D7-B945-4435992AE154}.Debug Openmp|x64.ActiveCfg = Debug MPI|x64
		{3E94FB51-7A8D-41D7-B945-4435992AE154}.Debug Openmp|x64.Build.0 = Debug MPI|x64
		{3E94FB51-7A8D-41D7-B945-4435992AE154}.Debug Openmp|x86.ActiveCfg = Debug MPI|Win32
		{3E94FB51-7A8D-41D7-B945-4435992AE154}.Debug Openmp|x86.Build.0 = Debug MPI|Win32
		{3E94FB51-7A8D-41D7-B945-4435992AE154}.Debug|x64.ActiveCfg = Debug|x64
		{3E94FB51-7A8D-41D7-B945-4435992AE154}.Debug|x86.ActiveCfg = Debug|Win32
		{3E94FB51-7A8D-41D7-B945-4435992AE154}.Debug|x86.Build.0 = Debug|Win32
		{3E94FB51-7A8D-41D7-B945-4435992AE154}.Release MPI|x64.ActiveCfg = Release MPI|x64
		{3E94FB51-7A8D-41D7-B945-4435992AE154}.Release MPI|x64.Build.0 = Release MPI|x64
		{3E94FB51-7A8D-41D7-B945-4435992AE154}.Release MPI|x86.ActiveCfg = Release MPI|Win32
		{3E94FB51-7A8D-41D7-B945-4435992AE154}.Release MPI|x86.Build.0 = Release MPI|Win32
		{3E94FB51-7A8D-41D7-B945-4435992AE154}.Release OpenMP|x64.ActiveCfg = Release|x64
		{3E94FB51-7A8D-41D7-B945-4435992AE154}.Release OpenMP|x86.ActiveCfg = Release MPI|Win32
		{3E94FB51-7A8D-41D7-B945-4435992AE154}.Release OpenMP|x86.Build.0 = Release MPI|Win32
		{3E94FB51-7A8D-41D7-B945-4435992AE154}.Release|x64.ActiveCfg = Release|x64
		{3E94FB51-7A8D-41D7-B945-4435992AE154}.Release|x64.Build.0 = Release|x64
		{3E94FB51-7A8D-41D7-B945-4435992AE154}.Release|x86.ActiveCfg = Release|Win32
		{3E94FB51-7A8D-41D7-B945-4435992AE154}.Release|x86.Build.0 = Release|Win32
		{79B53A56-7C7D-45A2-A951-2106626FDABB}.Debug Openmp|x64.ActiveCfg = Debug|x64
		{79B53A56-7C7D-45A2-A951-2106626FDABB}.Debug Openmp|x64.Build.0 = Debug|x64
		{79B53A56-7C7D-45A2-A951-2106626FDABB}.Debug Openmp|x86.ActiveCfg = Debug|Win32
		{79B53A56-7C7D-45A2-A951-2106626FDABB}.Debug Openmp|x86.Build.0 = Debug|Win32
		{79B53A56-7C7D-45A2-A951-2106626FDABB}.Debug|x64.ActiveCfg = Debug|x64
		{79B53A56-7C7D-45A2-A951-2106626FDABB}.Debug|x64.Build.0 = Debug|x64
		{79B53A56-7C7D-45A2-A951-2106626FDABB}.Debug|x86.ActiveCfg = Debug|Win32
		{79B53A56-7C7D-45A2-A951-2106626FDABB}.Debug|x86.Build.0 = Debug|Win32
		{79B53A56-7C7D-45A2-A951-2106626FDABB}.Release MPI|x64.ActiveCfg = Release|x64
		{79B53A56-7C7D-45A2-A951-2106626FDABB}.Release MPI|x64.Build.0 = Release|x64
		{79B53A56-7C7D-45A2-A951-2106626FDABB}.Release MPI|x86.ActiveCfg = Release MPI|Win32
		{79B53A56-7C7D-45A2-A951-2106626FDABB}.Release MPI|x86.Build.0 = Release MPI|Win32
		{79B53A56-7C7D-45A2-A951-2106626FDABB}.Release OpenMP|x64.ActiveCfg = Release OpenMP|x64
		{79B53A56-7C7D-45A2-A951-2106626FDABB}.Release OpenMP|x64.Build.0 = Release OpenMP|x64
		{79B53A56-7C7D-45A2-A951-2106626FDABB}.Release OpenMP|x86.ActiveCfg = Release OpenMP|Win32
		{79B53A56-7C7D-45A2-A951-2106626FDABB}.Release OpenMP|x86.Build.0 = Release OpenMP|Win32
		{79B53A56-7C7D-45A2-A951-2106626FDABB}.Release|x64.ActiveCfg = Release|x64
		{79B53A56-7C7D-45A2-A951-2106626FDABB}.Release|x64.Build.0 = Release|x64
		{79B53A56-7C7D-45A2-A951-2106626FDABB}.Release|x86.ActiveCfg = Release|Win32
		{79B53A56-7C7D-45A2-A951-2106626FDABB}.Release|x86.Build.0 = Release|Win32
		{0FCF0362-5F48-4D9B-BBD8-FD2CA58E83F9}.Debug Openmp|x64.ActiveCfg = Debug Openmp|x64
		{0FCF0362-5F48-4D9B-BBD8-FD2CA58E83F9}.Debug Openmp|x64.Build.0 = Debug Openmp|x64
		{0FCF0362-5F48-4D9B-BBD8-FD2CA58E83F9}.Debug Openmp|x86.ActiveCfg = Debug Openmp|Win32
		{0FCF0362-5F48-4D9B-BBD8-FD2CA58E83F9}.Debug Openmp|x86.Build.0 = Debug Openmp|Win32
		{0FCF0362-5F48-4D9B-BBD8-FD2CA58E83F9}.Debug|x64.ActiveCfg = Debug|x64
		{0FCF0362-5F48-4D9B-BBD8-FD2CA58E83F9}.Debug|x86.ActiveCfg = Debug|Win32
		{0FCF0362-5F48-4D9B-BBD8-FD2CA58E83F9}.Debug|x86.Build.0 = Debug|Win32
		{0FCF0362-5F48-4D9B-BBD8-FD2CA58E83F9}.Release MPI|x64.ActiveCfg = Release|x64
		{0FCF0362-5F48-4D9B-BBD8-FD2CA58E83F9}.Release MPI|x64.Build.0 = Release|x64
		{0FCF0362-5F48-4D9B-BBD8-FD2CA58E83F9}.Release MPI|x86.ActiveCfg = Release MPI|Win32
		{0FCF0362-5F48-4D9B-BBD8-FD2CA58E83F9}.Release MPI|x86.Build.0 = Release MPI|Win32
		{0FCF0362-5F48-4D9B-BBD8-FD2CA58E83F9}.Release OpenMP|x64.ActiveCfg = Release|x64
		{0FCF0362-5F48-4D9B-BBD8-FD2CA58E83F9}.Release OpenMP|x64.Build.0 = Release|x64
		{0FCF0362-5F48-4D9B-BBD8-FD2CA58E83F9}.Release OpenMP|x86.ActiveCfg = Release MPI|Win32
		{0FCF0362-5F48-4D9B-BBD8-FD2CA58E83F9}.Release OpenMP|x86.Build.0 = Release MPI|Win32
		{0FCF0362-5F48-4D9B-BBD8-FD2CA58E83F9}.Release|x64.ActiveCfg = Release|x64
		{0FCF0362-5F48-4D9B-BBD8-FD2CA58E83F9}.Release|x64.Build.0 = Release|x64
		{0FCF0362-5F48-4D9B-BBD8-FD2CA58E83F9}.Release|x86.ActiveCfg = Release|Win32
		{0FCF0362-5F48-4D9B-BBD8-FD2CA58E83F9}.Release|x86.Build.0 = Release|Win32
		{4831291D-0227-4FEB-9A09-0BD2A1E5B8EA}.Debug Openmp|x64.ActiveCfg = Debug|x64
		{4831291D-0227-4FEB-9A09-0BD2A1E5B8EA}.Debug Openmp|x64.Build.0 = Debug|x64
		{4831291D-0227-4FEB-9A09-0BD2A1E5B8EA}.Debug Openmp|x86.ActiveCfg = Debug|Win32
		{4831291D-0227-4FEB-9A09-0BD2A1E5B8EA}.Debug Openmp|x86.Build.0 = Debug|Win32
		{4831291D-0227-4FEB-9A09-0BD2A1E5B8EA}.Debug|x64.ActiveCfg = Debug|x64
		{4831291D-0227-4FEB-9A09-0BD2A1E5B8EA}.Debug|x64.Build.0 = Debug|x64
		{4831291D-0227-4FEB-9A09-0BD2A1E5B8EA}.Debug|x86.ActiveCfg = Debug|Win32
		{4831291D-0227-4FEB-9A09-0BD2A1E5B8EA}.Debug|x86.Build.0 = Debug|Win32
		{4831291D-0227-4FEB-9A09-0BD2A1E5B8EA}.Release MPI|x64.ActiveCfg = Release|x64
		{4831291D-0227-4FEB-9A09-0BD2A1E5B8EA}.Release MPI|x64.Build.0 = Release|x64
		{4831291D-0227-4FEB-9A09-0BD2A1E5B8EA}.Release MPI|x86.ActiveCfg = Release|Win32
		{4831291D-0227-4FEB-9A09-0BD2A1E5B8EA}.Release MPI|x86.Build.0 = Release|Win32
		{4831291D-0227-4FEB-9A09-0BD2A1E5B8EA}.Release OpenMP|x64.ActiveCfg = Release|x64
		{4831291D-0227-4FEB-9A09-0BD2A1E5B8EA}.Release OpenMP|x64.Build.0 = Release|x64
		{4831291D-0227-4FEB-9A09-0BD2A1E5B8EA}.Release OpenMP|x86.ActiveCfg = Release|Win32
		{4831291D-0227-4FEB-9A09-0BD2A1E5B8EA}.Release OpenMP|x86.Build.0 = Release|Win32
		{4831291D-0227-4FEB-9A09-0BD2A1E5B8EA}.Release|x64.ActiveCfg = Release|x64
		{4831291D-0227-4FEB-9A09-0BD2A1E5B8EA}.Release|x64.Build.0 = Release|x64
		{4831291D-0227-4FEB-9A09-0BD2A1E5B8EA}.Release|x86.ActiveCfg = Release|Win32
		{4831291D-0227-4FEB-9A09-0BD2A1E5B8EA}.Release|x86.Build.0 = Release|Win32
		{5AEB2DAA-81F0-439A-8EE0-2148D7045B96}.Debug Openmp|x64.ActiveCfg = Debug|Win32
		{5AEB2DAA-81F0-439A-8EE0-2148D7045B96}.Debug Openmp|x86.ActiveCfg = Debug|Win32
		{5AEB2DAA-81F0-439A-8EE0-2148D7045B96}.Debug Openmp|x86.Build.0 = Debug|Win32
		{5AEB2DAA-81F0-439A-8EE0-2148D7045B96}.Debug|x64.ActiveCfg = Debug|x64
		{5AEB2DAA-81F0-439A-8EE0-2148D7045B96}.Debug|x86.ActiveCfg = Debug|Win32
		{5AEB2DAA-81F0-439A-8EE0-2148D7045B96}.Debug|x86.Build.0 = Debug|Win32
		{5AEB2DAA-81F0-439A-8EE0-2148D7045B96}.Release MPI|x64.ActiveCfg = Release|x64
		{5AEB2DAA-81F0-439A-8EE0-2148D7045B96}.Release MPI|x86.ActiveCfg = Release MPI|Win32
		{5AEB2DAA-81F0-439A-8EE0-2148D7045B96}.Release MPI|x86.Build.0 = Release MPI|Win32
		{5AEB2DAA-81F0-439A-8EE0-2148D7045B96}.Release OpenMP|x64.ActiveCfg = Release|x64
		{5AEB2DAA-81F0-439A-8EE0-2148D7045B96}.Release OpenMP|x86.ActiveCfg = Release MPI|Win32
		{5AEB2DAA-81F0-439A-8EE0-2148D7045B96}.Release OpenMP|x86.Build.0 = Release MPI|Win32
		{5AEB2DAA-81F0-439A-8EE0-2148D7045B96}.Release|x64.ActiveCfg = Release|x64
		{5AEB2DAA-81F0-439A-8EE0-2148D7045B96}.Release|x64.Build.0 = Release|x64
		{5AEB2DAA-81F0-439A-8EE0-2148D7045B96}.Release|x86.ActiveCfg = Release|Win32
		{5AEB2DAA-81F0-439A-8EE0-2148D7045B96}.Release|x86.Build.0 = Release|Win32
		{9DC85AC0-1EAF-42B5-A6D0-28AC10A96D15}.Debug Openmp|x64.ActiveCfg = Debug|x64
		{9DC85AC0-1EAF-42B5-A6D0-28AC10A96D15}.Debug Openmp|x64.Build.0 = Debug|x64
		{9DC85AC0-1EAF-42B5-A6D0-28AC10A96D15}.Debug Openmp|x86.ActiveCfg = Debug|Win32
		{9DC85AC0-1EAF-42B5-A6D0-28AC10A96D15}.Debug Openmp|x86.Build.0 = Debug|Win32
		{9DC85AC0-1EAF-42B5-A6D0-28AC10A96D15}.Debug|x64.ActiveCfg = Debug|x64
		{9DC85AC0-1EAF-42B5-A6D0-28AC10A96D15}.Debug|x86.ActiveCfg = Debug|Win32
		{9DC85AC0-1EAF-42B5-A6D0-28AC10A96D15}.Debug|x86.Build.0 = Debug|Win32
		{9DC85AC0-1EAF-42B5-A6D0-28AC10A96D15}.Release MPI|x64.ActiveCfg = Release|x64
		{9DC85AC0-1EAF-42B5-A6D0-28AC10A96D15}.Release MPI|x86.ActiveCfg = Release|Win32
		{9DC85AC0-1EAF-42B5-A6D0-28AC10A96D15}.Release MPI|x86.Build.0 = Release|Win32
		{9DC85AC0-1EAF-42B5-A6D0-28AC10A96D15}.Release OpenMP|x64.ActiveCfg = Release|x64
		{9DC85AC0-1EAF-42B5-A6D0-28AC10A96D15}.Release OpenMP|x86.ActiveCfg = Release|Win32
		{9DC85AC0-1EAF-42B5-A6D0-28AC10A96D15}.Release OpenMP|x86.Build.0 = Release|Win32
		{9DC85AC0-1EAF-42B5-A6D0-28AC10A96D15}.Release|x64.ActiveCfg = Release|x64
		{9DC85AC0-1EAF-42B5-A6D0-28AC10A96D15}.Release|x86.ActiveCfg = Release|Win32
		{9DC85AC0-1EAF-42B5-A6D0-28AC10A96D15}.Release|x86.Build.0 = Release|Win32
		{8AAFBBAB-D61C-42EE-8346-67EDA6AAABFA}.Debug Openmp|x64.ActiveCfg = Debug|x64
		{8AAFBBAB-D61C-42EE-8346-67EDA6AAABFA}.Debug Openmp|x86.ActiveCfg = Debug|Win32
		{8AAFBBAB-D61C-42EE-8346-67EDA6AAABFA}.Debug Openmp|x86.Build.0 = Debug|Win32
		{8AAFBBAB-D61C-42EE-8346-67EDA6AAABFA}.Debug|x64.ActiveCfg = Debug|x64
		{8AAFBBAB-D61C-42EE-8346-67EDA6AAABFA}.Debug|x86.ActiveCfg = Debug|Win32
		{8AAFBBAB-D61C-42EE-8346-67EDA6AAABFA}.Debug|x86.Build.0 = Debug|Win32
		{8AAFBBAB-D61C-42EE-8346-67EDA6AAABFA}.Release MPI|x64.ActiveCfg = Release|x64
		{8AAFBBAB-D61C-42EE-8346-67EDA6AAABFA}.Release MPI|x86.ActiveCfg = Release MPI|Win32
		{8AAFBBAB-D61C-42EE-8346-67EDA6AAABFA}.Release MPI|x86.Build.0 = Release MPI|Win32
		{8AAFBBAB-D61C-42EE-8346-67EDA6AAABFA}.Release OpenMP|x64.ActiveCfg = Release|x64
		{8AAFBBAB-D61C-42EE-8346-67EDA6AAABFA}.Release OpenMP|x86.ActiveCfg = Release MPI|Win32
		{8AAFBBAB-D61C-42EE-8346-67EDA6AAABFA}.Release OpenMP|x86.Build.0 = Release MPI|Win32
		{8AAFBBAB-D61C-42EE-8346-67EDA6AAABFA}.Release|x64.ActiveCfg = Release|x64
		{8AAFBBAB-D61C-42EE-8346-67EDA6AAABFA}.Release|x64.Build.0 = Release|x64
		{8AAFBBAB-D61C-42EE-8346-67EDA6AAABFA}.Release|x86.ActiveCfg = Release|Win32
		{8AAFBBAB-D61C-42EE-8346-67EDA6AAABFA}.Release|x86.Build.0 = Release|Win32
		{7D60003A-7B07-4DAE-9046-FAB75E690696}.Debug Openmp|x64.ActiveCfg = Debug|x64
		{7D60003A-7B07-4DAE-9046-FAB75E690696}.Debug Openmp|x64.Build.0 = Debug|x64
		{7D60003A-7B07-4DAE-9046-FAB75E690696}.Debug Openmp|x86.ActiveCfg = Debug|Win32
		{7D60003A-7B07-4DAE-9046-FAB75E690696}.Debug Openmp|x86.Build.0 = Debug|Win32
		{7D60003A-7B07-4DAE-9046-FAB75E690696}.Debug|x64.ActiveCfg = Debug|x64
		{7D60003A-7B07-4DAE-9046-FAB75E690696}.Debug|x86.ActiveCfg = Debug|Win32
		{7D60003A-7B07-4DAE-9046-FAB75E690696}.Debug|x86.Build.0 = Debug|Win32
		{7D60003A-7B07-4DAE-9046-FAB75E690696}.Release MPI|x64.ActiveCfg = Release|x64
		{7D60003A-7B07-4DAE-9046-FAB75E690696}.Release MPI|x86.ActiveCfg = Release|Win32
		{7D60003A-7B07-4DAE-9046-FAB75E690696}.Release MPI|x86.Build.0 = Release|Win32
		{7D60003A-7B07-4DAE-9046-FAB75E690696}.Release OpenMP|x64.ActiveCfg = Release|x64
		{7D60003A-7B07-4DAE-9046-FAB75E690696}.Release OpenMP|x64.Build.0 = Release|x64
		{7D60003A-7B07-4DAE-9046-FAB75E690696}.Release OpenMP|x86.ActiveCfg = Release|Win32
		{7D60003A-7B07-4DAE-9046-FAB75E690696}.Release OpenMP|x86.Build.0 = Release|Win32
		{7D60003A-7B07-4DAE-9046-FAB75E690696}.Release|x64.ActiveCfg = Release|x64
		{7D60003A-7B07-4DAE-9046-FAB75E690696}.Release|x64.Build.0 = Release|x64
		{7D60003A-7B07-4DAE-9046-FAB75E690696}.Release|x86.ActiveCfg = Release|Win32
		{7D60003A-7B07-4DAE-9046-FAB75E690696}.Release|x86.Build.0 = Release|Win32
		{A2362933-01EF-4E31-914B-C4316A54E065}.Debug Openmp|x64.ActiveCfg = Release|Win32
		{A2362933-01EF-4E31-914B-C4316A54E065}.Debug Openmp|x64.Build.0 = Release|Win32
		{A2362933-01EF-4E31-914B-C4316A54E065}.Debug Openmp|x86.ActiveCfg = Debug|Win32
		{A2362933-01EF-4E31-914B-C4316A54E065}.Debug Openmp|x86.Build.0 = Debug|Win32
		{A2362933-01EF-4E31-914B-C4316A54E065}.Debug|x64.ActiveCfg = Debug|x64
		{A2362933-01EF-4E31-914B-C4316A54E065}.Debug|x86.ActiveCfg = Debug|Win32
		{A2362933-01EF-4E31-914B-C4316A54E065}.Debug|x86.Build.0 = Debug|Win32
		{A2362933-01EF-4E31-914B-C4316A54E065}.Release MPI|x64.ActiveCfg = Release|Win32
		{A2362933-01EF-4E31-914B-C4316A54E065}.Release MPI|x64.Build.0 = Release|Win32
		{A2362933-01EF-4E31-914B-C4316A54E065}.Release MPI|x86.ActiveCfg = Release|Win32
		{A2362933-01EF-4E31-914B-C4316A54E065}.Release MPI|x86.Build.0 = Release|Win32
		{A2362933-01EF-4E31-914B-C4316A54E065}.Release OpenMP|x64.ActiveCfg = Release|Win32
		{A2362933-01EF-4E31-914B-C4316A54E065}.Release OpenMP|x64.Build.0 = Release|Win32
		{A2362933-01EF-4E31-914B-C4316A54E065}.Release OpenMP|x86.ActiveCfg = Release|Win32
		{A2362933-01EF-4E31-914B-C4316A54E065}.Release OpenMP|x86.Build.0 = Release|Win32
		{A2362933-01EF-4E31-914B-C4316A54E065}.Release|x64.ActiveCfg = Release|x64
		{A2362933-01EF-4E31-914B-C4316A54E065}.Release|x86.ActiveCfg = Release|Win32
		{A2362933-01EF-4E31-914B-C4316A54E065}.Release|x86.Build.0 = Release|Win32
		{A6EDD202-5330-47B5-8E1E-5A98D14AD51A}.Debug Openmp|x64.ActiveCfg = Release|x64
		{A6EDD202-5330-47B5-8E1E-5A98D14AD51A}.Debug Openmp|x64.Build.0 = Release|x64
		{A6EDD202-5330-47B5-8E1E-5A98D14AD51A}.Debug Openmp|x86.ActiveCfg = Debug MPI|Win32
		{A6EDD202-5330-47B5-8E1E-5A98D14AD51A}.Debug Openmp|x86.Build.0 = Debug MPI|Win32
		{A6EDD202-5330-47B5-8E1E-5A98D14AD51A}.Debug|x64.ActiveCfg = Debug|x64
		{A6EDD202-5330-47B5-8E1E-5A98D14AD51A}.Debug|x64.Build.0 = Debug|x64
		{A6EDD202-5330-47B5-8E1E-5A98D14AD51A}.Debug|x86.ActiveCfg = Debug|Win32
		{A6EDD202-5330-47B5-8E1E-5A98D14AD51A}.Debug|x86.Build.0 = Debug|Win32
		{A6EDD202-5330-47B5-8E1E-5A98D14AD51A}.Release MPI|x64.ActiveCfg = Release MPI|x64
		{A6EDD202-5330-47B5-8E1E-5A98D14AD51A}.Release MPI|x86.ActiveCfg = Release MPI|Win32
		{A6EDD202-5330-47B5-8E1E-5A98D14AD51A}.Release MPI|x86.Build.0 = Release MPI|Win32
		{A6EDD202-5330-47B5-8E1E-5A98D14AD51A}.Release OpenMP|x64.ActiveCfg = Release|x64
		{A6EDD202-5330-47B5-8E1E-5A98D14AD51A}.Release OpenMP|x86.ActiveCfg = Release MPI|Win32
		{A6EDD202-5330-47B5-8E1E-5A98D14AD51A}.Release OpenMP|x86.Build.0 = Release MPI|Win32
		{A6EDD202-5330-47B5-8E1E-5A98D14AD51A}.Release|x64.ActiveCfg = Release|x64
		{A6EDD202-5330-47B5-8E1E-5A98D14AD51A}.Release|x86.ActiveCfg = Release|Win32
		{A6EDD202-5330-47B5-8E1E-5A98D14AD51A}.Release|x86.Build.0 = Release|Win32
		{F8708A1A-EF60-4639-BD43-777C769C7864}.Debug Openmp|x64.ActiveCfg = Debug|Win32
		{F8708A1A-EF60-4639-BD43-777C769C7864}.Debug Openmp|x86.ActiveCfg = Debug|Win32
		{F8708A1A-EF60-4639-BD43-777C769C7864}.Debug Openmp|x86.Build.0 = Debug|Win32
		{F8708A1A-EF60-4639-BD43-777C769C7864}.Debug|x64.ActiveCfg = Debug|x64
		{F8708A1A-EF60-4639-BD43-777C769C7864}.Debug|x86.ActiveCfg = Debug|Win32
		{F8708A1A-EF60-4639-BD43-777C769C7864}.Debug|x86.Build.0 = Debug|Win32
		{F8708A1A-EF60-4639-BD43-777C769C7864}.Release MPI|x64.ActiveCfg = Release|x64
		{F8708A1A-EF60-4639-BD43-777C769C7864}.Release MPI|x86.ActiveCfg = Release|Win32
		{F8708A1A-EF60-4639-BD43-777C769C7864}.Release MPI|x86.Build.0 = Release|Win32
		{F8708A1A-EF60-4639-BD43-777C769C7864}.Release OpenMP|x64.ActiveCfg = Release|Win32
		{F8708A1A-EF60-4639-BD43-777C769C7864}.Release OpenMP|x86.ActiveCfg = Release|Win32
		{F8708A1A-EF60-4639-BD43-777C769C7864}.Release OpenMP|x86.Build.0 = Release|Win32
		{F8708A1A-EF60-4639-BD43-777C769C7864}.Release|x64.ActiveCfg = Release|x64
		{F8708A1A-EF60-4639-BD43-777C769C7864}.Release|x86.ActiveCfg = Release|Win32
		{F8708A1A-EF60-4639-BD43-777C769C7864}.Release|x86.Build.0 = Release|Win32
		{D9A8E2CF-4DA2-4210-BDF7-05F2A281FCA6}.Debug Openmp|x64.ActiveCfg = Debug|Win32
		{D9A8E2CF-4DA2-4210-BDF7-05F2A281FCA6}.Debug Openmp|x86.ActiveCfg = Debug|Win32
		{D9A8E2CF-4DA2-4210-BDF7-05F2A281FCA6}.Debug Openmp|x86.Build.0 = Debug|Win32
		{D9A8E2CF-4DA2-4210-BDF7-05F2A281FCA6}.Debug|x64.ActiveCfg = Debug|x64
		{D9A8E2CF-4DA2-4210-BDF7-05F2A281FCA6}.Debug|x86.ActiveCfg = Debug|Win32
		{D9A8E2CF-4DA2-4210-BDF7-05F2A281FCA6}.Debug|x86.Build.0 = Debug|Win32
		{D9A8E2CF-4DA2-4210-BDF7-05F2A281FCA6}.Release MPI|x64.ActiveCfg = Release|x64
		{D9A8E2CF-4DA2-4210-BDF7-05F2A281FCA6}.Release MPI|x86.ActiveCfg = Release|Win32
		{D9A8E2CF-4DA2-4210-BDF7-05F2A281FCA6}.Release MPI|x86.Build.0 = Release|Win32
		{D9A8E2CF-4DA2-4210-BDF7-05F2A281FCA6}.Release OpenMP|x64.ActiveCfg = Release|x64
		{D9A8E2CF-4DA2-4210-BDF7-05F2A281FCA6}.Release OpenMP|x86.ActiveCfg = Release|Win32
		{D9A8E2CF-4DA2-4210-BDF7-05F2A281FCA6}.Release OpenMP|x86.Build.0 = Release|Win32
		{D9A8E2CF-4DA2-4210-BDF7-05F2A281FCA6}.Release|x64.ActiveCfg = Release|x64
		{D9A8E2CF-4DA2-4210-BDF7-05F2A281FCA6}.Release|x86.ActiveCfg = Release|Win32
		{D9A8E2CF-4DA2-4210-BDF7-05F2A281FCA6}.Release|x86.Build.0 = Release|Win32
		{29BFD189-F22E-42FD-8E33-4E2436386EB1}.Debug Openmp|x64.ActiveCfg = Debug|x64
		{29BFD189-F22E-42FD-8E33-4E2436386EB1}.Debug Openmp|x64.Build.0 = Debug|x64
		{29BFD189-F22E-42FD-8E33-4E2436386EB1}.Debug Openmp|x86.ActiveCfg = Debug|Win32
		{29BFD189-F22E-42FD-8E33-4E2436386EB1}.Debug Openmp|x86.Build.0 = Debug|Win32
		{29BFD189-F22E-42FD-8E33-4E2436386EB1}.Debug|x64.ActiveCfg = Debug|x64
		{29BFD189-F22E-42FD-8E33-4E2436386EB1}.Debug|x86.ActiveCfg = Debug|Win32
		{29BFD189-F22E-42FD-8E33-4E2436386EB1}.Debug|x86.Build.0 = Debug|Win32
		{29BFD189-F22E-42FD-8E33-4E2436386EB1}.Release MPI|x64.ActiveCfg = Release|x64
		{29BFD189-F22E-42FD-8E33-4E2436386EB1}.Release MPI|x64.Build.0 = Release|x64
		{29BFD189-F22E-42FD-8E33-4E2436386EB1}.Release MPI|x86.ActiveCfg = Release|Win32
		{29BFD189-F22E-42FD-8E33-4E2436386EB1}.Release MPI|x86.Build.0 = Release|Win32
		{29BFD189-F22E-42FD-8E33-4E2436386EB1}.Release OpenMP|x64.ActiveCfg = Release|x64
		{29BFD189-F22E-42FD-8E33-4E2436386EB1}.Release OpenMP|x86.ActiveCfg = Release|Win32
		{29BFD189-F22E-42FD-8E33-4E2436386EB1}.Release OpenMP|x86.Build.0 = Release|Win32
		{29BFD189-F22E-42FD-8E33-4E2436386EB1}.Release|x64.ActiveCfg = Release|x64
		{29BFD189-F22E-42FD-8E33-4E2436386EB1}.Release|x86.ActiveCfg = Release|Win32
		{29BFD189-F22E-42FD-8E33-4E2436386EB1}.Release|x86.Build.0 = Release|Win32
		{DC527F50-5495-4C75-99DF-82B2CBA215AF}.Debug Openmp|x64.ActiveCfg = Debug|x64
		{DC527F50-5495-4C75-99DF-82B2CBA215AF}.Debug Openmp|x64.Build.0 = Debug|x64
		{DC527F50-5495-4C75-99DF-82B2CBA215AF}.Debug Openmp|x86.ActiveCfg = Debug|Win32
		{DC527F50-5495-4C75-99DF-82B2CBA215AF}.Debug Openmp|x86.Build.0 = Debug|Win32
		{DC527F50-5495-4C75-99DF-82B2CBA215AF}.Debug|x64.ActiveCfg = Debug|x64
		{DC527F50-5495-4C75-99DF-82B2CBA215AF}.Debug|x86.ActiveCfg = Debug|Win32
		{DC527F50-5495-4C75-99DF-82B2CBA215AF}.Debug|x86.Build.0 = Debug|Win32
		{DC527F50-5495-4C75-99DF-82B2CBA215AF}.Release MPI|x64.ActiveCfg = Release|x64
		{DC527F50-5495-4C75-99DF-82B2CBA215AF}.Release MPI|x86.ActiveCfg = Release|Win32
		{DC527F50-5495-4C75-99DF-82B2CBA215AF}.Release MPI|x86.Build.0 = Release|Win32
		{DC527F50-5495-4C75-99DF-82B2CBA215AF}.Release OpenMP|x64.ActiveCfg = Release|x64
		{DC527F50-5495-4C75-99DF-82B2CBA215AF}.Release OpenMP|x86.ActiveCfg = Release|Win32
		{DC527F50-5495-4C75-99DF-82B2CBA215AF}.Release OpenMP|x86.Build.0 = Release|Win32
		{DC527F50-5495-4C75-99DF-82B2CBA215AF}.Release|x64.ActiveCfg = Release|x64
		{DC527F50-5495-4C75-99DF-82B2CBA215AF}.Release|x86.ActiveCfg = Release|Win32
		{DC527F50-5495-4C75-99DF-82B2CBA215AF}.Release|x86.Build.0 = Release|Win32
		{8C4AD1E5-2DA6-4B02-9D25-3827BD0DEC20}.Debug Openmp|x64.ActiveCfg = Debug MPI|x64
		{8C4AD1E5-2DA6-4B02-9D25-3827BD0DEC20}.Debug Openmp|x64.Build.0 = Debug MPI|x64
		{8C4AD1E5-2DA6-4B02-9D25-3827BD0DEC20}.Debug Openmp|x86.ActiveCfg = Debug MPI|Win32
		{8C4AD1E5-2DA6-4B02-9D25-3827BD0DEC20}.Debug Openmp|x86.Build.0 = Debug MPI|Win32
		{8C4AD1E5-2DA6-4B02-9D25-3827BD0DEC20}.Debug|x64.ActiveCfg = Debug|x64
		{8C4AD1E5-2DA6-4B02-9D25-3827BD0DEC20}.Debug|x86.ActiveCfg = Debug|Win32
		{8C4AD1E5-2DA6-4B02-9D25-3827BD0DEC20}.Debug|x86.Build.0 = Debug|Win32
		{8C4AD1E5-2DA6-4B02-9D25-3827BD0DEC20}.Release MPI|x64.ActiveCfg = Release MPI|x64
		{8C4AD1E5-2DA6-4B02-9D25-3827BD0DEC20}.Release MPI|x86.ActiveCfg = Release MPI|Win32
		{8C4AD1E5-2DA6-4B02-9D25-3827BD0DEC20}.Release MPI|x86.Build.0 = Release MPI|Win32
		{8C4AD1E5-2DA6-4B02-9D25-3827BD0DEC20}.Release OpenMP|x64.ActiveCfg = Release|x64
		{8C4AD1E5-2DA6-4B02-9D25-3827BD0DEC20}.Release OpenMP|x86.ActiveCfg = Release MPI|Win32
		{8C4AD1E5-2DA6-4B02-9D25-3827BD0DEC20}.Release OpenMP|x86.Build.0 = Release MPI|Win32
		{8C4AD1E5-2DA6-4B02-9D25-3827BD0DEC20}.Release|x64.ActiveCfg = Release|x64
		{8C4AD1E5-2DA6-4B02-9D25-3827BD0DEC20}.Release|x86.ActiveCfg = Release|Win32
		{8C4AD1E5-2DA6-4B02-9D25-3827BD0DEC20}.Release|x86.Build.0 = Release|Win32
		{8191DDA9-7477-48B2-BF5B-BA58EB81D76E}.Debug Openmp|x64.ActiveCfg = Debug MPI|x64
		{8191DDA9-7477-48B2-BF5B-BA58EB81D76E}.Debug Openmp|x64.Build.0 = Debug MPI|x64
		{8191DDA9-7477-48B2-BF5B-BA58EB81D76E}.Debug Openmp|x86.ActiveCfg = Debug MPI|Win32
		{8191DDA9-7477-48B2-BF5B-BA58EB81D76E}.Debug Openmp|x86.Build.0 = Debug MPI|Win32
		{8191DDA9-7477-48B2-BF5B-BA58EB81D76E}.Debug|x64.ActiveCfg = Debug|x64
		{8191DDA9-7477-48B2-BF5B-BA58EB81D76E}.Debug|x64.Build.0 = Debug|x64
		{8191DDA9-7477-48B2-BF5B-BA58EB81D76E}.Debug|x86.ActiveCfg = Debug|Win32
		{8191DDA9-7477-48B2-BF5B-BA58EB81D76E}.Debug|x86.Build.0 = Debug|Win32
		{8191DDA9-7477-48B2-BF5B-BA58EB81D76E}.Release MPI|x64.ActiveCfg = Release MPI|x64
		{8191DDA9-7477-48B2-BF5B-BA58EB81D76E}.Release MPI|x86.ActiveCfg = Release MPI|Win32
		{8191DDA9-7477-48B2-BF5B-BA58EB81D76E}.Release MPI|x86.Build.0 = Release MPI|Win32
		{8191DDA9-7477-48B2-BF5B-BA58EB81D76E}.Release OpenMP|x64.ActiveCfg = Release|x64
		{8191DDA9-7477-48B2-BF5B-BA58EB81D76E}.Release OpenMP|x86.ActiveCfg = Release MPI|Win32
		{8191DDA9-7477-48B2-BF5B-BA58EB81D76E}.Release OpenMP|x86.Build.0 = Release MPI|Win32
		{8191DDA9-7477-48B2-BF5B-BA58EB81D76E}.Release|x64.ActiveCfg = Release|x64
		{8191DDA9-7477-48B2-BF5B-BA58EB81D76E}.Release|x86.ActiveCfg = Release|Win32
		{8191DDA9-7477-48B2-BF5B-BA58EB81D76E}.Release|x86.Build.0 = Release|Win32
		{C04384BB-3887-4EA3-A9B4-988A0C698396}.Debug Openmp|x64.ActiveCfg = Debug|x64
		{C04384BB-3887-4EA3-A9B4-988A0C698396}.Debug Openmp|x64.Build.0 = Debug|x64
		{C04384BB-3887-4EA3-A9B4-988A0C698396}.Debug Openmp|x86.ActiveCfg = Debug|Win32
		{C04384BB-3887-4EA3-A9B4-988A0C698396}.Debug Openmp|x86.Build.0 = Debug|Win32
		{C04384BB-3887-4EA3-A9B4-988A0C698396}.Debug|x64.ActiveCfg = Debug|x64
		{C04384BB-3887-4EA3-A9B4-988A0C698396}.Debug|x86.ActiveCfg = Debug|Win32
		{C04384BB-3887-4EA3-A9B4-988A0C698396}.Debug|x86.Build.0 = Debug|Win32
		{C04384BB-3887-4EA3-A9B4-988A0C698396}.Release MPI|x64.ActiveCfg = Release|Win32
		{C04384BB-3887-4EA3-A9B4-988A0C698396}.Release MPI|x86.ActiveCfg = Release|Win32
		{C04384BB-3887-4EA3-A9B4-988A0C698396}.Release MPI|x86.Build.0 = Release|Win32
		{C04384BB-3887-4EA3-A9B4-988A0C698396}.Release OpenMP|x64.ActiveCfg = Release|x64
		{C04384BB-3887-4EA3-A9B4-988A0C698396}.Release OpenMP|x86.ActiveCfg = Release|Win32
		{C04384BB-3887-4EA3-A9B4-988A0C698396}.Release OpenMP|x86.Build.0 = Release|Win32
		{C04384BB-3887-4EA3-A9B4-988A0C698396}.Release|x64.ActiveCfg = Release|x64
		{C04384BB-3887-4EA3-A9B4-988A0C698396}.Release|x86.ActiveCfg = Release|Win32
		{C04384BB-3887-4EA3-A9B4-988A0C698396}.Release|x86.Build.0 = Release|Win32
		{B893667E-A60D-4D7E-A1F6-E0D94E8815BB}.Debug Openmp|x64.ActiveCfg = Debug|x64
		{B893667E-A60D-4D7E-A1F6-E0D94E8815BB}.Debug Openmp|x86.ActiveCfg = Debug|Win32
		{B893667E-A60D-4D7E-A1F6-E0D94E8815BB}.Debug Openmp|x86.Build.0 = Debug|Win32
		{B893667E-A60D-4D7E-A1F6-E0D94E8815BB}.Debug|x64.ActiveCfg = Debug|x64
		{B893667E-A60D-4D7E-A1F6-E0D94E8815BB}.Debug|x64.Build.0 = Debug|x64
		{B893667E-A60D-4D7E-A1F6-E0D94E8815BB}.Debug|x86.ActiveCfg = Debug|Win32
		{B893667E-A60D-4D7E-A1F6-E0D94E8815BB}.Debug|x86.Build.0 = Debug|Win32
		{B893667E-A60D-4D7E-A1F6-E0D94E8815BB}.Release MPI|x64.ActiveCfg = Release|Win32
		{B893667E-A60D-4D7E-A1F6-E0D94E8815BB}.Release MPI|x86.ActiveCfg = Release|Win32
		{B893667E-A60D-4D7E-A1F6-E0D94E8815BB}.Release MPI|x86.Build.0 = Release|Win32
		{B893667E-A60D-4D7E-A1F6-E0D94E8815BB}.Release OpenMP|x64.ActiveCfg = Release|x64
		{B893667E-A60D-4D7E-A1F6-E0D94E8815BB}.Release OpenMP|x86.ActiveCfg = Release|Win32
		{B893667E-A60D-4D7E-A1F6-E0D94E8815BB}.Release OpenMP|x86.Build.0 = Release|Win32
		{B893667E-A60D-4D7E-A1F6-E0D94E8815BB}.Release|x64.ActiveCfg = Release|x64
		{B893667E-A60D-4D7E-A1F6-E0D94E8815BB}.Release|x86.ActiveCfg = Release|Win32
		{B893667E-A60D-4D7E-A1F6-E0D94E8815BB}.Release|x86.Build.0 = Release|Win32
		{B500FAC8-4FC2-433A-8BBF-8D19837060FE}.Debug Openmp|x64.ActiveCfg = Debug|x64
		{B500FAC8-4FC2-433A-8BBF-8D19837060FE}.Debug Openmp|x64.Build.0 = Debug|x64
		{B500FAC8-4FC2-433A-8BBF-8D19837060FE}.Debug Openmp|x86.ActiveCfg = Debug|Win32
		{B500FAC8-4FC2-433A-8BBF-8D19837060FE}.Debug Openmp|x86.Build.0 = Debug|Win32
		{B500FAC8-4FC2-433A-8BBF-8D19837060FE}.Debug|x64.ActiveCfg = Debug|x64
		{B500FAC8-4FC2-433A-8BBF-8D19837060FE}.Debug|x86.ActiveCfg = Debug|Win32
		{B500FAC8-4FC2-433A-8BBF-8D19837060FE}.Debug|x86.Build.0 = Debug|Win32
		{B500FAC8-4FC2-433A-8BBF-8D19837060FE}.Release MPI|x64.ActiveCfg = Release|Win32
		{B500FAC8-4FC2-433A-8BBF-8D19837060FE}.Release MPI|x86.ActiveCfg = Release|Win32
		{B500FAC8-4FC2-433A-8BBF-8D19837060FE}.Release MPI|x86.Build.0 = Release|Win32
		{B500FAC8-4FC2-433A-8BBF-8D19837060FE}.Release OpenMP|x64.ActiveCfg = Release|Win32
		{B500FAC8-4FC2-433A-8BBF-8D19837060FE}.Release OpenMP|x86.ActiveCfg = Release|Win32
		{B500FAC8-4FC2-433A-8BBF-8D19837060FE}.Release OpenMP|x86.Build.0 = Release|Win32
		{B500FAC8-4FC2-433A-8BBF-8D19837060FE}.Release|x64.ActiveCfg = Release|x64
		{B500FAC8-4FC2-433A-8BBF-8D19837060FE}.Release|x64.Build.0 = Release|x64
		{B500FAC8-4FC2-433A-8BBF-8D19837060FE}.Release|x86.ActiveCfg = Release|Win32
		{B500FAC8-4FC2-433A-8BBF-8D19837060FE}.Release|x86.Build.0 = Release|Win32
		{31718428-0170-4952-924F-1568E2FA72EF}.Debug Openmp|x64.ActiveCfg = Release|Win32
		{31718428-0170-4952-924F-1568E2FA72EF}.Debug Openmp|x64.Build.0 = Release|Win32
		{31718428-0170-4952-924F-1568E2FA72EF}.Debug Openmp|x86.ActiveCfg = Debug|Win32
		{31718428-0170-4952-924F-1568E2FA72EF}.Debug Openmp|x86.Build.0 = Debug|Win32
		{31718428-0170-4952-924F-1568E2FA72EF}.Debug|x64.ActiveCfg = Debug|x64
		{31718428-0170-4952-924F-1568E2FA72EF}.Debug|x86.ActiveCfg = Debug|Win32
		{31718428-0170-4952-924F-1568E2FA72EF}.Debug|x86.Build.0 = Debug|Win32
		{31718428-0170-4952-924F-1568E2FA72EF}.Release MPI|x64.ActiveCfg = Release|Win32
		{31718428-0170-4952-924F-1568E2FA72EF}.Release MPI|x64.Build.0 = Release|Win32
		{31718428-0170-4952-924F-1568E2FA72EF}.Release MPI|x86.ActiveCfg = Release|Win32
		{31718428-0170-4952-924F-1568E2FA72EF}.Release MPI|x86.Build.0 = Release|Win32
		{31718428-0170-4952-924F-1568E2FA72EF}.Release OpenMP|x64.ActiveCfg = Release|Win32
		{31718428-0170-4952-924F-1568E2FA72EF}.Release OpenMP|x64.Build.0 = Release|Win32
		{31718428-0170-4952-924F-1568E2FA72EF}.Release OpenMP|x86.ActiveCfg = Release|Win32
		{31718428-0170-4952-924F-1568E2FA72EF}.Release OpenMP|x86.Build.0 = Release|Win32
		{31718428-0170-4952-924F-1568E2FA72EF}.Release|x64.ActiveCfg = Release|x64
		{31718428-0170-4952-924F-1568E2FA72EF}.Release|x64.Build.0 = Release|x64
		{31718428-0170-4952-924F-1568E2FA72EF}.Release|x86.ActiveCfg = Release|Win32
		{31718428-0170-4952-924F-1568E2FA72EF}.Release|x86.Build.0 = Release|Win32
		{4D908B30-D0CA-4CBE-AB33-1BE87F4C8A81}.Debug Openmp|x64.ActiveCfg = Debug MPI|x64
		{4D908B30-D0CA-4CBE-AB33-1BE87F4C8A81}.Debug Openmp|x64.Build.0 = Debug MPI|x64
		{4D908B30-D0CA-4CBE-AB33-1BE87F4C8A81}.Debug Openmp|x86.ActiveCfg = Debug MPI|Win32
		{4D908B30-D0CA-4CBE-AB33-1BE87F4C8A81}.Debug Openmp|x86.Build.0 = Debug MPI|Win32
		{4D908B30-D0CA-4CBE-AB33-1BE87F4C8A81}.Debug|x64.ActiveCfg = Debug|x64
		{4D908B30-D0CA-4CBE-AB33-1BE87F4C8A81}.Debug|x86.ActiveCfg = Debug|Win32
		{4D908B30-D0CA-4CBE-AB33-1BE87F4C8A81}.Debug|x86.Build.0 = Debug|Win32
		{4D908B30-D0CA-4CBE-AB33-1BE87F4C8A81}.Release MPI|x64.ActiveCfg = Release MPI|x64
		{4D908B30-D0CA-4CBE-AB33-1BE87F4C8A81}.Release MPI|x86.ActiveCfg = Release MPI|Win32
		{4D908B30-D0CA-4CBE-AB33-1BE87F4C8A81}.Release MPI|x86.Build.0 = Release MPI|Win32
		{4D908B30-D0CA-4CBE-AB33-1BE87F4C8A81}.Release OpenMP|x64.ActiveCfg = Release|x64
		{4D908B30-D0CA-4CBE-AB33-1BE87F4C8A81}.Release OpenMP|x86.ActiveCfg = Release MPI|Win32
		{4D908B30-D0CA-4CBE-AB33-1BE87F4C8A81}.Release OpenMP|x86.Build.0 = Release MPI|Win32
		{4D908B30-D0CA-4CBE-AB33-1BE87F4C8A81}.Release|x64.ActiveCfg = Release|x64
		{4D908B30-D0CA-4CBE-AB33-1BE87F4C8A81}.Release|x86.ActiveCfg = Release|Win32
		{4D908B30-D0CA-4CBE-AB33-1BE87F4C8A81}.Release|x86.Build.0 = Release|Win32
		{4BB5832C-53C3-4226-BBDA-584B4EEBBC2A}.Debug Openmp|x64.ActiveCfg = Debug|Win32
		{4BB5832C-53C3-4226-BBDA-584B4EEBBC2A}.Debug Openmp|x86.ActiveCfg = Debug|Win32
		{4BB5832C-53C3-4226-BBDA-584B4EEBBC2A}.Debug Openmp|x86.Build.0 = Debug|Win32
		{4BB5832C-53C3-4226-BBDA-584B4EEBBC2A}.Debug|x64.ActiveCfg = Debug|x64
		{4BB5832C-53C3-4226-BBDA-584B4EEBBC2A}.Debug|x86.ActiveCfg = Debug|Win32
		{4BB5832C-53C3-4226-BBDA-584B4EEBBC2A}.Debug|x86.Build.0 = Debug|Win32
		{4BB5832C-53C3-4226-BBDA-584B4EEBBC2A}.Release MPI|x64.ActiveCfg = Release|Win32
		{4BB5832C-53C3-4226-BBDA-584B4EEBBC2A}.Release MPI|x86.ActiveCfg = Release|Win32
		{4BB5832C-53C3-4226-BBDA-584B4EEBBC2A}.Release MPI|x86.Build.0 = Release|Win32
		{4BB5832C-53C3-4226-BBDA-584B4EEBBC2A}.Release OpenMP|x64.ActiveCfg = Release|x64
		{4BB5832C-53C3-4226-BBDA-584B4EEBBC2A}.Release OpenMP|x86.ActiveCfg = Release|Win32
		{4BB5832C-53C3-4226-BBDA-584B4EEBBC2A}.Release OpenMP|x86.Build.0 = Release|Win32
		{4BB5832C-53C3-4226-BBDA-584B4EEBBC2A}.Release|x64.ActiveCfg = Release|x64
		{4BB5832C-53C3-4226-BBDA-584B4EEBBC2A}.Release|x86.ActiveCfg = Release|Win32
		{4BB5832C-53C3-4226-BBDA-584B4EEBBC2A}.Release|x86.Build.0 = Release|Win32
		{BCE54D78-EFF6-4492-86D3-E6EFB49E9083}.Debug Openmp|x64.ActiveCfg = Debug|x64
		{BCE54D78-EFF6-4492-86D3-E6EFB49E9083}.Debug Openmp|x64.Build.0 = Debug|x64
		{BCE54D78-EFF6-4492-86D3-E6EFB49E9083}.Debug Openmp|x86.ActiveCfg = Debug|Win32
		{BCE54D78-EFF6-4492-86D3-E6EFB49E9083}.Debug Openmp|x86.Build.0 = Debug|Win32
		{BCE54D78-EFF6-4492-86D3-E6EFB49E9083}.Debug|x64.ActiveCfg = Debug|x64
		{BCE54D78-EFF6-4492-86D3-E6EFB49E9083}.Debug|x64.Build.0 = Debug|x64
		{BCE54D78-EFF6-4492-86D3-E6EFB49E9083}.Debug|x86.ActiveCfg = Debug|Win32
		{BCE54D78-EFF6-4492-86D3-E6EFB49E9083}.Debug|x86.Build.0 = Debug|Win32
		{BCE54D78-EFF6-4492-86D3-E6EFB49E9083}.Release MPI|x64.ActiveCfg = Release|x64
		{BCE54D78-EFF6-4492-86D3-E6EFB49E9083}.Release MPI|x64.Build.0 = Release|x64
		{BCE54D78-EFF6-4492-86D3-E6EFB49E9083}.Release MPI|x86.ActiveCfg = Release|Win32
		{BCE54D78-EFF6-4492-86D3-E6EFB49E9083}.Release MPI|x86.Build.0 = Release|Win32
		{BCE54D78-EFF6-4492-86D3-E6EFB49E9083}.Release OpenMP|x64.ActiveCfg = Release|x64
		{BCE54D78-EFF6-4492-86D3-E6EFB49E9083}.Release OpenMP|x64.Build.0 = Release|x64
		{BCE54D78-EFF6-4492-86D3-E6EFB49E9083}.Release OpenMP|x86.ActiveCfg = Release|Win32
		{BCE54D78-EFF6-4492-86D3-E6EFB49E9083}.Release OpenMP|x86.Build.0 = Release|Win32
		{BCE54D78-EFF6-4492-86D3-E6EFB49E9083}.Release|x64.ActiveCfg = Release|x64
		{BCE54D78-EFF6-4492-86D3-E6EFB49E9083}.Release|x64.Build.0 = Release|x64
		{BCE54D78-EFF6-4492-86D3-E6EFB49E9083}.Release|x86.ActiveCfg = Release|Win32
		{BCE54D78-EFF6-4492-86D3-E6EFB49E9083}.Release|x86.Build.0 = Release|Win32
		{8F12330D-0DDF-427D-AE70-1F2A9F7A49D3}.Debug Openmp|x64.ActiveCfg = Debug MPI|x64
		{8F12330D-0DDF-427D-AE70-1F2A9F7A49D3}.Debug Openmp|x64.Build.0 = Debug MPI|x64
		{8F12330D-0DDF-427D-AE70-1F2A9F7A49D3}.Debug Openmp|x86.ActiveCfg = Debug MPI|Win32
		{8F12330D-0DDF-427D-AE70-1F2A9F7A49D3}.Debug Openmp|x86.Build.0 = Debug MPI|Win32
		{8F12330D-0DDF-427D-AE70-1F2A9F7A49D3}.Debug|x64.ActiveCfg = Debug|x64
		{8F12330D-0DDF-427D-AE70-1F2A9F7A49D3}.Debug|x86.ActiveCfg = Debug|Win32
		{8F12330D-0DDF-427D-AE70-1F2A9F7A49D3}.Debug|x86.Build.0 = Debug|Win32
		{8F12330D-0DDF-427D-AE70-1F2A9F7A49D3}.Release MPI|x64.ActiveCfg = Release MPI|x64
		{8F12330D-0DDF-427D-AE70-1F2A9F7A49D3}.Release MPI|x86.ActiveCfg = Release MPI|Win32
		{8F12330D-0DDF-427D-AE70-1F2A9F7A49D3}.Release MPI|x86.Build.0 = Release MPI|Win32
		{8F12330D-0DDF-427D-AE70-1F2A9F7A49D3}.Release OpenMP|x64.ActiveCfg = Release|x64
		{8F12330D-0DDF-427D-AE70-1F2A9F7A49D3}.Release OpenMP|x86.ActiveCfg = Release MPI|Win32
		{8F12330D-0DDF-427D-AE70-1F2A9F7A49D3}.Release OpenMP|x86.Build.0 = Release MPI|Win32
		{8F12330D-0DDF-427D-AE70-1F2A9F7A49D3}.Release|x64.ActiveCfg = Release|x64
		{8F12330D-0DDF-427D-AE70-1F2A9F7A49D3}.Release|x86.ActiveCfg = Release|Win32
		{8F12330D-0DDF-427D-AE70-1F2A9F7A49D3}.Release|x86.Build.0 = Release|Win32
		{86CE3A10-4856-40B2-874F-85A47920FC61}.Debug Openmp|x64.ActiveCfg = Debug MPI|x64
		{86CE3A10-4856-40B2-874F-85A47920FC61}.Debug Openmp|x64.Build.0 = Debug MPI|x64
		{86CE3A10-4856-40B2-874F-85A47920FC61}.Debug Openmp|x86.ActiveCfg = Debug MPI|Win32
		{86CE3A10-4856-40B2-874F-85A47920FC61}.Debug Openmp|x86.Build.0 = Debug MPI|Win32
		{86CE3A10-4856-40B2-874F-85A47920FC61}.Debug|x64.ActiveCfg = Debug|x64
		{86CE3A10-4856-40B2-874F-85A47920FC61}.Debug|x86.ActiveCfg = Debug|Win32
		{86CE3A10-4856-40B2-874F-85A47920FC61}.Debug|x86.Build.0 = Debug|Win32
		{86CE3A10-4856-40B2-874F-85A47920FC61}.Release MPI|x64.ActiveCfg = Release MPI|x64
		{86CE3A10-4856-40B2-874F-85A47920FC61}.Release MPI|x86.ActiveCfg = Release MPI|Win32
		{86CE3A10-4856-40B2-874F-85A47920FC61}.Release MPI|x86.Build.0 = Release MPI|Win32
		{86CE3A10-4856-40B2-874F-85A47920FC61}.Release OpenMP|x64.ActiveCfg = Release|Win32
		{86CE3A10-4856-40B2-874F-85A47920FC61}.Release OpenMP|x86.ActiveCfg = Release MPI|Win32
		{86CE3A10-4856-40B2-874F-85A47920FC61}.Release OpenMP|x86.Build.0 = Release MPI|Win32
		{86CE3A10-4856-40B2-874F-85A47920FC61}.Release|x64.ActiveCfg = Release|x64
		{86CE3A10-4856-40B2-874F-85A47920FC61}.Release|x86.ActiveCfg = Release|Win32
		{86CE3A10-4856-40B2-874F-85A47920FC61}.Release|x86.Build.0 = Release|Win32
		{3A41D44C-F6DB-42B4-B98B-57252374202D}.Debug Openmp|x64.ActiveCfg = Debug|x64
		{3A41D44C-F6DB-42B4-B98B-57252374202D}.Debug Openmp|x86.ActiveCfg = Debug|Win32
		{3A41D44C-F6DB-42B4-B98B-57252374202D}.Debug Openmp|x86.Build.0 = Debug|Win32
		{3A41D44C-F6DB-42B4-B98B-57252374202D}.Debug|x64.ActiveCfg = Debug|x64
		{3A41D44C-F6DB-42B4-B98B-57252374202D}.Debug|x86.ActiveCfg = Debug|Win32
		{3A41D44C-F6DB-42B4-B98B-57252374202D}.Debug|x86.Build.0 = Debug|Win32
		{3A41D44C-F6DB-42B4-B98B-57252374202D}.Release MPI|x64.ActiveCfg = Release|Win32
		{3A41D44C-F6DB-42B4-B98B-57252374202D}.Release MPI|x86.ActiveCfg = Release|Win32
		{3A41D44C-F6DB-42B4-B98B-57252374202D}.Release MPI|x86.Build.0 = Release|Win32
		{3A41D44C-F6DB-42B4-B98B-57252374202D}.Release OpenMP|x64.ActiveCfg = Release|Win32
		{3A41D44C-F6DB-42B4-B98B-57252374202D}.Release OpenMP|x86.ActiveCfg = Release|Win32
		{3A41D44C-F6DB-42B4-B98B-57252374202D}.Release OpenMP|x86.Build.0 = Release|Win32
		{3A41D44C-F6DB-42B4-B98B-57252374202D}.Release|x64.ActiveCfg = Release|x64
		{3A41D44C-F6DB-42B4-B98B-57252374202D}.Release|x64.Build.0 = Release|x64
		{3A41D44C-F6DB-42B4-B98B-57252374202D}.Release|x86.ActiveCfg = Release|Win32
		{3A41D44C-F6DB-42B4-B98B-57252374202D}.Release|x86.Build.0 = Release|Win32
		{7033A311-58C3-4992-B524-75396846B759}.Debug Openmp|x64.ActiveCfg = Debug|x64
		{7033A311-58C3-4992-B524-75396846B759}.Debug Openmp|x64.Build.0 = Debug|x64
		{7033A311-58C3-4992-B524-75396846B759}.Debug Openmp|x86.ActiveCfg = Debug|Win32
		{7033A311-58C3-4992-B524-75396846B759}.Debug Openmp|x86.Build.0 = Debug|Win32
		{7033A311-58C3-4992-B524-75396846B759}.Debug|x64.ActiveCfg = Debug|x64
		{7033A311-58C3-4992-B524-75396846B759}.Debug|x86.ActiveCfg = Debug|Win32
		{7033A311-58C3-4992-B524-75396846B759}.Debug|x86.Build.0 = Debug|Win32
		{7033A311-58C3-4992-B524-75396846B759}.Release MPI|x64.ActiveCfg = Release|x64
		{7033A311-58C3-4992-B524-75396846B759}.Release MPI|x86.ActiveCfg = Release MPI|Win32
		{7033A311-58C3-4992-B524-75396846B759}.Release MPI|x86.Build.0 = Release MPI|Win32
		{7033A311-58C3-4992-B524-75396846B759}.Release OpenMP|x64.ActiveCfg = Release|x64
		{7033A311-58C3-4992-B524-75396846B759}.Release OpenMP|x86.ActiveCfg = Release MPI|Win32
		{7033A311-58C3-4992-B524-75396846B759}.Release OpenMP|x86.Build.0 = Release MPI|Win32
		{7033A311-58C3-4992-B524-75396846B759}.Release|x64.ActiveCfg = Release|x64
		{7033A311-58C3-4992-B524-75396846B759}.Release|x86.ActiveCfg = Release|Win32
		{7033A311-58C3-4992-B524-75396846B759}.Release|x86.Build.0 = Release|Win32
		{0056F7D7-347A-40DE-98B8-843CF05B5488}.Debug Openmp|x64.ActiveCfg = Debug|x64
		{0056F7D7-347A-40DE-98B8-843CF05B5488}.Debug Openmp|x64.Build.0 = Debug|x64
		{0056F7D7-347A-40DE-98B8-843CF05B5488}.Debug Openmp|x86.ActiveCfg = Debug|Win32
		{0056F7D7-347A-40DE-98B8-843CF05B5488}.Debug Openmp|x86.Build.0 = Debug|Win32
		{0056F7D7-347A-40DE-98B8-843CF05B5488}.Debug|x64.ActiveCfg = Debug|x64
		{0056F7D7-347A-40DE-98B8-843CF05B5488}.Debug|x64.Build.0 = Debug|x64
		{0056F7D7-347A-40DE-98B8-843CF05B5488}.Debug|x86.ActiveCfg = Debug|Win32
		{0056F7D7-347A-40DE-98B8-843CF05B5488}.Debug|x86.Build.0 = Debug|Win32
		{0056F7D7-347A-40DE-98B8-843CF05B5488}.Release MPI|x64.ActiveCfg = Release MPI|x64
		{0056F7D7-347A-40DE-98B8-843CF05B5488}.Release MPI|x64.Build.0 = Release MPI|x64
		{0056F7D7-347A-40DE-98B8-843CF05B5488}.Release MPI|x86.ActiveCfg = Release MPI|Win32
		{0056F7D7-347A-40DE-98B8-843CF05B5488}.Release MPI|x86.Build.0 = Release MPI|Win32
		{0056F7D7-347A-40DE-98B8-843CF05B5488}.Release OpenMP|x64.ActiveCfg = Release OpenMP|x64
		{0056F7D7-347A-40DE-98B8-843CF05B5488}.Release OpenMP|x64.Build.0 = Release OpenMP|x64
		{0056F7D7-347A-40DE-98B8-843CF05B5488}.Release OpenMP|x86.ActiveCfg = Release OpenMP|Win32
		{0056F7D7-347A-40DE-98B8-843CF05B5488}.Release OpenMP|x86.Build.0 = Release OpenMP|Win32
		{0056F7D7-347A-40DE-98B8-843CF05B5488}.Release|x64.ActiveCfg = Release|x64
		{0056F7D7-347A-40DE-98B8-843CF05B5488}.Release|x64.Build.0 = Release|x64
		{0056F7D7-347A-40DE-98B8-843CF05B5488}.Release|x86.ActiveCfg = Release|Win32
		{0056F7D7-347A-40DE-98B8-843CF05B5488}.Release|x86.Build.0 = Release|Win32
		{98ABA093-7927-4BCD-B011-BF409B5BBB78}.Debug Openmp|x64.ActiveCfg = Debug|x64
		{98ABA093-7927-4BCD-B011-BF409B5BBB78}.Debug Openmp|x64.Build.0 = Debug|x64
		{98ABA093-7927-4BCD-B011-BF409B5BBB78}.Debug Openmp|x86.ActiveCfg = Debug|Win32
		{98ABA093-7927-4BCD-B011-BF409B5BBB78}.Debug Openmp|x86.Build.0 = Debug|Win32
		{98ABA093-7927-4BCD-B011-BF409B5BBB78}.Debug|x64.ActiveCfg = Debug|x64
		{98ABA093-7927-4BCD-B011-BF409B5BBB78}.Debug|x64.Build.0 = Debug|x64
		{98ABA093-7927-4BCD-B011-BF409B5BBB78}.Debug|x86.ActiveCfg = Debug|Win32
		{98ABA093-7927-4BCD-B011-BF409B5BBB78}.Debug|x86.Build.0 = Debug|Win32
		{98ABA093-7927-4BCD-B011-BF409B5BBB78}.Release MPI|x64.ActiveCfg = Release MPI|x64
		{98ABA093-7927-4BCD-B011-BF409B5BBB78}.Release MPI|x64.Build.0 = Release MPI|x64
		{98ABA093-7927-4BCD-B011-BF409B5BBB78}.Release MPI|x86.ActiveCfg = Release MPI|Win32
		{98ABA093-7927-4BCD-B011-BF409B5BBB78}.Release MPI|x86.Build.0 = Release MPI|Win32
		{98ABA093-7927-4BCD-B011-BF409B5BBB78}.Release OpenMP|x64.ActiveCfg = Release OpenMP|x64
		{98ABA093-7927-4BCD-B011-BF409B5BBB78}.Release OpenMP|x64.Build.0 = Release OpenMP|x64
		{98ABA093-7927-4BCD-B011-BF409B5BBB78}.Release OpenMP|x86.ActiveCfg = Release OpenMP|Win32
		{98ABA093-7927-4BCD-B011-BF409B5BBB78}.Release OpenMP|x86.Build.0 = Release OpenMP|Win32
		{98ABA093-7927-4BCD-B011-BF409B5BBB78}.Release|x64.ActiveCfg = Release|x64
		{98ABA093-7927-4BCD-B011-BF409B5BBB78}.Release|x64.Build.0 = Release|x64
		{98ABA093-7927-4BCD-B011-BF409B5BBB78}.Release|x86.ActiveCfg = Release|Win32
		{98ABA093-7927-4BCD-B011-BF409B5BBB78}.Release|x86.Build.0 = Release|Win32
		{C5CF769A-D6B5-4DC8-B39C-734B4D9D685C}.Debug Openmp|x64.ActiveCfg = Release|Win32
		{C5CF769A-D6B5-4DC8-B39C-734B4D9D685C}.Debug Openmp|x86.ActiveCfg = Debug|Win32
		{C5CF769A-D6B5-4DC8-B39C-734B4D9D685C}.Debug Openmp|x86.Build.0 = Debug|Win32
		{C5CF769A-D6B5-4DC8-B39C-734B4D9D685C}.Debug|x64.ActiveCfg = Debug|Win32
		{C5CF769A-D6B5-4DC8-B39C-734B4D9D685C}.Debug|x86.ActiveCfg = Debug|Win32
		{C5CF769A-D6B5-4DC8-B39C-734B4D9D685C}.Debug|x86.Build.0 = Debug|Win32
		{C5CF769A-D6B5-4DC8-B39C-734B4D9D685C}.Release MPI|x64.ActiveCfg = Release|Win32
		{C5CF769A-D6B5-4DC8-B39C-734B4D9D685C}.Release MPI|x86.ActiveCfg = Release MPI|Win32
		{C5CF769A-D6B5-4DC8-B39C-734B4D9D685C}.Release MPI|x86.Build.0 = Release MPI|Win32
		{C5CF769A-D6B5-4DC8-B39C-734B4D9D685C}.Release OpenMP|x64.ActiveCfg = Release|Win32
		{C5CF769A-D6B5-4DC8-B39C-734B4D9D685C}.Release OpenMP|x86.ActiveCfg = Release MPI|Win32
		{C5CF769A-D6B5-4DC8-B39C-734B4D9D685C}.Release OpenMP|x86.Build.0 = Release MPI|Win32
		{C5CF769A-D6B5-4DC8-B39C-734B4D9D685C}.Release|x64.ActiveCfg = Release|Win32
		{C5CF769A-D6B5-4DC8-B39C-734B4D9D685C}.Release|x64.Build.0 = Release|Win32
		{C5CF769A-D6B5-4DC8-B39C-734B4D9D685C}.Release|x86.ActiveCfg = Release|Win32
		{C5CF769A-D6B5-4DC8-B39C-734B4D9D685C}.Release|x86.Build.0 = Release|Win32
		{E7F5B24F-13BA-4864-82FF-4BFBBD13A8B5}.Debug Openmp|x64.ActiveCfg = Debug OpenMP|x64
		{E7F5B24F-13BA-4864-82FF-4BFBBD13A8B5}.Debug Openmp|x64.Build.0 = Debug OpenMP|x64
		{E7F5B24F-13BA-4864-82FF-4BFBBD13A8B5}.Debug Openmp|x86.ActiveCfg = Debug OpenMP|Win32
		{E7F5B24F-13BA-4864-82FF-4BFBBD13A8B5}.Debug Openmp|x86.Build.0 = Debug OpenMP|Win32
		{E7F5B24F-13BA-4864-82FF-4BFBBD13A8B5}.Debug|x64.ActiveCfg = Debug|x64
		{E7F5B24F-13BA-4864-82FF-4BFBBD13A8B5}.Debug|x64.Build.0 = Debug|x64
		{E7F5B24F-13BA-4864-82FF-4BFBBD13A8B5}.Debug|x86.ActiveCfg = Debug|Win32
		{E7F5B24F-13BA-4864-82FF-4BFBBD13A8B5}.Debug|x86.Build.0 = Debug|Win32
		{E7F5B24F-13BA-4864-82FF-4BFBBD13A8B5}.Release MPI|x64.ActiveCfg = Release MPI|x64
		{E7F5B24F-13BA-4864-82FF-4BFBBD13A8B5}.Release MPI|x64.Build.0 = Release MPI|x64
		{E7F5B24F-13BA-4864-82FF-4BFBBD13A8B5}.Release MPI|x86.ActiveCfg = Release MPI|Win32
		{E7F5B24F-13BA-4864-82FF-4BFBBD13A8B5}.Release MPI|x86.Build.0 = Release MPI|Win32
		{E7F5B24F-13BA-4864-82FF-4BFBBD13A8B5}.Release OpenMP|x64.ActiveCfg = Release OpenMP|x64
		{E7F5B24F-13BA-4864-82FF-4BFBBD13A8B5}.Release OpenMP|x64.Build.0 = Release OpenMP|x64
		{E7F5B24F-13BA-4864-82FF-4BFBBD13A8B5}.Release OpenMP|x86.ActiveCfg = Release OpenMP|Win32
		{E7F5B24F-13BA-4864-82FF-4BFBBD13A8B5}.Release OpenMP|x86.Build.0 = Release OpenMP|Win32
		{E7F5B24F-13BA-4864-82FF-4BFBBD13A8B5}.Release|x64.ActiveCfg = Release|x64
		{E7F5B24F-13BA-4864-82FF-4BFBBD13A8B5}.Release|x64.Build.0 = Release|x64
		{E7F5B24F-13BA-4864-82FF-4BFBBD13A8B5}.Release|x86.ActiveCfg = Release|Win32
		{E7F5B24F-13BA-4864-82FF-4BFBBD13A8B5}.Release|x86.Build.0 = Release|Win32
		{FC3EC4C8-E66F-4B9D-98A0-631EDD72F9B3}.Debug Openmp|x64.ActiveCfg = Debug|x64
		{FC3EC4C8-E66F-4B9D-98A0-631EDD72F9B3}.Debug Openmp|x86.ActiveCfg = Debug|Win32
		{FC3EC4C8-E66F-4B9D-98A0-631EDD72F9B3}.Debug Openmp|x86.Build.0 = Debug|Win32
		{FC3EC4C8-E66F-4B9D-98A0-631EDD72F9B3}.Debug|x64.ActiveCfg = Debug|x64
		{FC3EC4C8-E66F-4B9D-98A0-631EDD72F9B3}.Debug|x86.ActiveCfg = Debug|Win32
		{FC3EC4C8-E66F-4B9D-98A0-631EDD72F9B3}.Debug|x86.Build.0 = Debug|Win32
		{FC3EC4C8-E66F-4B9D-98A0-631EDD72F9B3}.Release MPI|x64.ActiveCfg = Release|Win32
		{FC3EC4C8-E66F-4B9D-98A0-631EDD72F9B3}.Release MPI|x86.ActiveCfg = Release|Win32
		{FC3EC4C8-E66F-4B9D-98A0-631EDD72F9B3}.Release MPI|x86.Build.0 = Release|Win32
		{FC3EC4C8-E66F-4B9D-98A0-631EDD72F9B3}.Release OpenMP|x64.ActiveCfg = Release|Win32
		{FC3EC4C8-E66F-4B9D-98A0-631EDD72F9B3}.Release OpenMP|x86.ActiveCfg = Release|Win32
		{FC3EC4C8-E66F-4B9D-98A0-631EDD72F9B3}.Release OpenMP|x86.Build.0 = Release|Win32
		{FC3EC4C8-E66F-4B9D-98A0-631EDD72F9B3}.Release|x64.ActiveCfg = Release|x64
		{FC3EC4C8-E66F-4B9D-98A0-631EDD72F9B3}.Release|x86.ActiveCfg = Release|Win32
		{FC3EC4C8-E66F-4B9D-98A0-631EDD72F9B3}.Release|x86.Build.0 = Release|Win32
		{F58FF19C-6A88-4D99-B587-E6B7752EC103}.Debug Openmp|x64.ActiveCfg = Debug MPI|x64
		{F58FF19C-6A88-4D99-B587-E6B7752EC103}.Debug Openmp|x64.Build.0 = Debug MPI|x64
		{F58FF19C-6A88-4D99-B587-E6B7752EC103}.Debug Openmp|x86.ActiveCfg = Debug MPI|Win32
		{F58FF19C-6A88-4D99-B587-E6B7752EC103}.Debug Openmp|x86.Build.0 = Debug MPI|Win32
		{F58FF19C-6A88-4D99-B587-E6B7752EC103}.Debug|x64.ActiveCfg = Debug|x64
		{F58FF19C-6A88-4D99-B587-E6B7752EC103}.Debug|x86.ActiveCfg = Debug|Win32
		{F58FF19C-6A88-4D99-B587-E6B7752EC103}.Debug|x86.Build.0 = Debug|Win32
		{F58FF19C-6A88-4D99-B587-E6B7752EC103}.Release MPI|x64.ActiveCfg = Release MPI|x64
		{F58FF19C-6A88-4D99-B587-E6B7752EC103}.Release MPI|x86.ActiveCfg = Release MPI|Win32
		{F58FF19C-6A88-4D99-B587-E6B7752EC103}.Release MPI|x86.Build.0 = Release MPI|Win32
		{F58FF19C-6A88-4D99-B587-E6B7752EC103}.Release OpenMP|x64.ActiveCfg = Release|x64
		{F58FF19C-6A88-4D99-B587-E6B7752EC103}.Release OpenMP|x86.ActiveCfg = Release MPI|Win32
		{F58FF19C-6A88-4D99-B587-E6B7752EC103}.Release OpenMP|x86.Build.0 = Release MPI|Win32
		{F58FF19C-6A88-4D99-B587-E6B7752EC103}.Release|x64.ActiveCfg = Release|x64
		{F58FF19C-6A88-4D99-B587-E6B7752EC103}.Release|x86.ActiveCfg = Release|Win32
		{F58FF19C-6A88-4D99-B587-E6B7752EC103}.Release|x86.Build.0 = Release|Win32
		{B457C6EB-7DAF-4E34-9C25-5882FCF68380}.Debug Openmp|x64.ActiveCfg = Release|Win32
		{B457C6EB-7DAF-4E34-9C25-5882FCF68380}.Debug Openmp|x64.Build.0 = Release|Win32
		{B457C6EB-7DAF-4E34-9C25-5882FCF68380}.Debug Openmp|x86.ActiveCfg = Debug|Win32
		{B457C6EB-7DAF-4E34-9C25-5882FCF68380}.Debug Openmp|x86.Build.0 = Debug|Win32
		{B457C6EB-7DAF-4E34-9C25-5882FCF68380}.Debug|x64.ActiveCfg = Debug|x64
		{B457C6EB-7DAF-4E34-9C25-5882FCF68380}.Debug|x86.ActiveCfg = Debug|Win32
		{B457C6EB-7DAF-4E34-9C25-5882FCF68380}.Debug|x86.Build.0 = Debug|Win32
		{B457C6EB-7DAF-4E34-9C25-5882FCF68380}.Release MPI|x64.ActiveCfg = Release|Win32
		{B457C6EB-7DAF-4E34-9C25-5882FCF68380}.Release MPI|x64.Build.0 = Release|Win32
		{B457C6EB-7DAF-4E34-9C25-5882FCF68380}.Release MPI|x86.ActiveCfg = Release|Win32
		{B457C6EB-7DAF-4E34-9C25-5882FCF68380}.Release MPI|x86.Build.0 = Release|Win32
		{B457C6EB-7DAF-4E34-9C25-5882FCF68380}.Release OpenMP|x64.ActiveCfg = Release|Win32
		{B457C6EB-7DAF-4E34-9C25-5882FCF68380}.Release OpenMP|x64.Build.0 = Release|Win32
		{B457C6EB-7DAF-4E34-9C25-5882FCF68380}.Release OpenMP|x86.ActiveCfg = Release|Win32
		{B457C6EB-7DAF-4E34-9C25-5882FCF68380}.Release OpenMP|x86.Build.0 = Release|Win32
		{B457C6EB-7DAF-4E34-9C25-5882FCF68380}.Release|x64.ActiveCfg = Release|x64
		{B457C6EB-7DAF-4E34-9C25-5882FCF68380}.Release|x86.ActiveCfg = Release|Win32
		{B457C6EB-7DAF-4E34-9C25-5882FCF68380}.Release|x86.Build.0 = Release|Win32
	EndGlobalSection
	GlobalSection(SolutionProperties) = preSolution
		HideSolutionNode = FALSE
	EndGlobalSection
	GlobalSection(NestedProjects) = preSolution
		{8FDBAD87-52D7-4B29-A346-CF6918785077} = {10AECD7E-48C8-4C1E-A0C8-ACD15EEB544A}
		{3E94FB51-7A8D-41D7-B945-4435992AE154} = {0C2D3D02-FB0B-4A4D-8DA2-A01B104B528B}
		{79B53A56-7C7D-45A2-A951-2106626FDABB} = {10AECD7E-48C8-4C1E-A0C8-ACD15EEB544A}
		{0FCF0362-5F48-4D9B-BBD8-FD2CA58E83F9} = {0C2D3D02-FB0B-4A4D-8DA2-A01B104B528B}
		{4831291D-0227-4FEB-9A09-0BD2A1E5B8EA} = {0C2D3D02-FB0B-4A4D-8DA2-A01B104B528B}
		{5AEB2DAA-81F0-439A-8EE0-2148D7045B96} = {F4334CCB-92E6-43E4-B5EE-8700A0BE00D5}
		{9DC85AC0-1EAF-42B5-A6D0-28AC10A96D15} = {0C2D3D02-FB0B-4A4D-8DA2-A01B104B528B}
		{8AAFBBAB-D61C-42EE-8346-67EDA6AAABFA} = {0C2D3D02-FB0B-4A4D-8DA2-A01B104B528B}
		{7D60003A-7B07-4DAE-9046-FAB75E690696} = {0C2D3D02-FB0B-4A4D-8DA2-A01B104B528B}
		{A2362933-01EF-4E31-914B-C4316A54E065} = {0C2D3D02-FB0B-4A4D-8DA2-A01B104B528B}
		{A6EDD202-5330-47B5-8E1E-5A98D14AD51A} = {0C2D3D02-FB0B-4A4D-8DA2-A01B104B528B}
		{F8708A1A-EF60-4639-BD43-777C769C7864} = {0C2D3D02-FB0B-4A4D-8DA2-A01B104B528B}
		{D9A8E2CF-4DA2-4210-BDF7-05F2A281FCA6} = {0C2D3D02-FB0B-4A4D-8DA2-A01B104B528B}
		{29BFD189-F22E-42FD-8E33-4E2436386EB1} = {0C2D3D02-FB0B-4A4D-8DA2-A01B104B528B}
		{DC527F50-5495-4C75-99DF-82B2CBA215AF} = {0C2D3D02-FB0B-4A4D-8DA2-A01B104B528B}
		{8C4AD1E5-2DA6-4B02-9D25-3827BD0DEC20} = {0C2D3D02-FB0B-4A4D-8DA2-A01B104B528B}
		{8191DDA9-7477-48B2-BF5B-BA58EB81D76E} = {0C2D3D02-FB0B-4A4D-8DA2-A01B104B528B}
		{C04384BB-3887-4EA3-A9B4-988A0C698396} = {0C2D3D02-FB0B-4A4D-8DA2-A01B104B528B}
		{B893667E-A60D-4D7E-A1F6-E0D94E8815BB} = {0C2D3D02-FB0B-4A4D-8DA2-A01B104B528B}
		{B500FAC8-4FC2-433A-8BBF-8D19837060FE} = {0C2D3D02-FB0B-4A4D-8DA2-A01B104B528B}
		{31718428-0170-4952-924F-1568E2FA72EF} = {0C2D3D02-FB0B-4A4D-8DA2-A01B104B528B}
		{4D908B30-D0CA-4CBE-AB33-1BE87F4C8A81} = {0C2D3D02-FB0B-4A4D-8DA2-A01B104B528B}
		{4BB5832C-53C3-4226-BBDA-584B4EEBBC2A} = {0C2D3D02-FB0B-4A4D-8DA2-A01B104B528B}
		{BCE54D78-EFF6-4492-86D3-E6EFB49E9083} = {0C2D3D02-FB0B-4A4D-8DA2-A01B104B528B}
		{8F12330D-0DDF-427D-AE70-1F2A9F7A49D3} = {0C2D3D02-FB0B-4A4D-8DA2-A01B104B528B}
		{86CE3A10-4856-40B2-874F-85A47920FC61} = {0C2D3D02-FB0B-4A4D-8DA2-A01B104B528B}
		{3A41D44C-F6DB-42B4-B98B-57252374202D} = {0C2D3D02-FB0B-4A4D-8DA2-A01B104B528B}
		{7033A311-58C3-4992-B524-75396846B759} = {0C2D3D02-FB0B-4A4D-8DA2-A01B104B528B}
		{0056F7D7-347A-40DE-98B8-843CF05B5488} = {F4334CCB-92E6-43E4-B5EE-8700A0BE00D5}
		{98ABA093-7927-4BCD-B011-BF409B5BBB78} = {F4334CCB-92E6-43E4-B5EE-8700A0BE00D5}
		{C5CF769A-D6B5-4DC8-B39C-734B4D9D685C} = {F4334CCB-92E6-43E4-B5EE-8700A0BE00D5}
		{E7F5B24F-13BA-4864-82FF-4BFBBD13A8B5} = {10AECD7E-48C8-4C1E-A0C8-ACD15EEB544A}
		{FC3EC4C8-E66F-4B9D-98A0-631EDD72F9B3} = {0C2D3D02-FB0B-4A4D-8DA2-A01B104B528B}
		{F58FF19C-6A88-4D99-B587-E6B7752EC103} = {0C2D3D02-FB0B-4A4D-8DA2-A01B104B528B}
		{B457C6EB-7DAF-4E34-9C25-5882FCF68380} = {0C2D3D02-FB0B-4A4D-8DA2-A01B104B528B}
	EndGlobalSection
	GlobalSection(ExtensibilityGlobals) = postSolution
		SolutionGuid = {DBD283F2-BC8B-4DED-91FE-D0704DE6A05D}
	EndGlobalSection
	GlobalSection(Performance) = preSolution
		HasPerformanceSessions = true
	EndGlobalSection
	GlobalSection(Performance) = preSolution
		HasPerformanceSessions = true
	EndGlobalSection
EndGlobal
