
Microsoft Visual Studio Solution File, Format Version 10.00
# Visual Studio 2008
Project("{2150E333-8FDC-42A3-9474-1A3956D46DE8}") = "MainSoftware", "MainSoftware", "{10AECD7E-48C8-4C1E-A0C8-ACD15EEB544A}"
EndProject
Project("{2150E333-8FDC-42A3-9474-1A3956D46DE8}") = "Libs", "Libs", "{F4334CCB-92E6-43E4-B5EE-8700A0BE00D5}"
EndProject
Project("{2150E333-8FDC-42A3-9474-1A3956D46DE8}") = "Tools", "Tools", "{0C2D3D02-FB0B-4A4D-8DA2-A01B104B528B}"
EndProject
Project("{6989167D-11E4-40FE-8C1A-2192A86A7E90}") = "MOHIDBase1", "MOHIDBase1\MOHIDBase1.vfproj", "{0056F7D7-347A-40DE-98B8-843CF05B5488}"
EndProject
Project("{6989167D-11E4-40FE-8C1A-2192A86A7E90}") = "MOHIDBase2", "MOHIDBase2\MOHIDBase2.vfproj", "{98ABA093-7927-4BCD-B011-BF409B5BBB78}"
	ProjectSection(ProjectDependencies) = postProject
		{0056F7D7-347A-40DE-98B8-843CF05B5488} = {0056F7D7-347A-40DE-98B8-843CF05B5488}
	EndProjectSection
EndProject
Project("{6989167D-11E4-40FE-8C1A-2192A86A7E90}") = "MOHIDLand", "MOHIDLand\MOHIDLand.vfproj", "{8FDBAD87-52D7-4B29-A346-CF6918785077}"
	ProjectSection(ProjectDependencies) = postProject
		{98ABA093-7927-4BCD-B011-BF409B5BBB78} = {98ABA093-7927-4BCD-B011-BF409B5BBB78}
		{0056F7D7-347A-40DE-98B8-843CF05B5488} = {0056F7D7-347A-40DE-98B8-843CF05B5488}
	EndProjectSection
EndProject
Project("{6989167D-11E4-40FE-8C1A-2192A86A7E90}") = "MOHIDWater", "MOHIDWater\MOHIDWater.vfproj", "{141470D5-4F1E-4328-828C-8767F85E9629}"
	ProjectSection(ProjectDependencies) = postProject
		{98ABA093-7927-4BCD-B011-BF409B5BBB78} = {98ABA093-7927-4BCD-B011-BF409B5BBB78}
		{0056F7D7-347A-40DE-98B8-843CF05B5488} = {0056F7D7-347A-40DE-98B8-843CF05B5488}
	EndProjectSection
EndProject
Project("{6989167D-11E4-40FE-8C1A-2192A86A7E90}") = "ConvertToXYZ", "ConvertToXYZ\ConvertToXYZ.vfproj", "{7033A311-58C3-4992-B524-75396846B759}"
	ProjectSection(ProjectDependencies) = postProject
		{0056F7D7-347A-40DE-98B8-843CF05B5488} = {0056F7D7-347A-40DE-98B8-843CF05B5488}
	EndProjectSection
EndProject
Project("{6989167D-11E4-40FE-8C1A-2192A86A7E90}") = "DigitalTerrainCreator", "CreateDigitalTerrain\DigitalTerrainCreator.vfproj", "{3E94FB51-7A8D-41D7-B945-4435992AE154}"
	ProjectSection(ProjectDependencies) = postProject
		{98ABA093-7927-4BCD-B011-BF409B5BBB78} = {98ABA093-7927-4BCD-B011-BF409B5BBB78}
		{0056F7D7-347A-40DE-98B8-843CF05B5488} = {0056F7D7-347A-40DE-98B8-843CF05B5488}
	EndProjectSection
EndProject
Project("{6989167D-11E4-40FE-8C1A-2192A86A7E90}") = "MOHIDRiver", "MOHIDRiver\MOHIDRiver.vfproj", "{79B53A56-7C7D-45A2-A951-2106626FDABB}"
	ProjectSection(ProjectDependencies) = postProject
		{0056F7D7-347A-40DE-98B8-843CF05B5488} = {0056F7D7-347A-40DE-98B8-843CF05B5488}
	EndProjectSection
EndProject
Project("{6989167D-11E4-40FE-8C1A-2192A86A7E90}") = "ConvertToHdf5", "ConvertToHdf5\ConvertToHdf5.vfproj", "{4D8FB248-4615-441A-AF9E-0C7FA58C4F6B}"
	ProjectSection(ProjectDependencies) = postProject
		{98ABA093-7927-4BCD-B011-BF409B5BBB78} = {98ABA093-7927-4BCD-B011-BF409B5BBB78}
		{0056F7D7-347A-40DE-98B8-843CF05B5488} = {0056F7D7-347A-40DE-98B8-843CF05B5488}
	EndProjectSection
EndProject
Project("{6989167D-11E4-40FE-8C1A-2192A86A7E90}") = "HDF5Extractor", "HDF5Extractor\HDF5Extractor.vfproj", "{DD4BF52A-DA2B-49B5-871F-133150FDB18C}"
	ProjectSection(ProjectDependencies) = postProject
		{98ABA093-7927-4BCD-B011-BF409B5BBB78} = {98ABA093-7927-4BCD-B011-BF409B5BBB78}
		{0056F7D7-347A-40DE-98B8-843CF05B5488} = {0056F7D7-347A-40DE-98B8-843CF05B5488}
	EndProjectSection
EndProject
Project("{6989167D-11E4-40FE-8C1A-2192A86A7E90}") = "BasinDelineator", "BasinDelineator\BasinDelineator.vfproj", "{0FCF0362-5F48-4D9B-BBD8-FD2CA58E83F9}"
	ProjectSection(ProjectDependencies) = postProject
		{98ABA093-7927-4BCD-B011-BF409B5BBB78} = {98ABA093-7927-4BCD-B011-BF409B5BBB78}
		{0056F7D7-347A-40DE-98B8-843CF05B5488} = {0056F7D7-347A-40DE-98B8-843CF05B5488}
	EndProjectSection
EndProject
Project("{6989167D-11E4-40FE-8C1A-2192A86A7E90}") = "HDF5Exporter", "HDF5Exporter\HDF5Exporter.vfproj", "{BCE54D78-EFF6-4492-86D3-E6EFB49E9083}"
EndProject
Global
	GlobalSection(SolutionConfigurationPlatforms) = preSolution
		Debug Double|Win32 = Debug Double|Win32
		Debug OpenMP|Win32 = Debug OpenMP|Win32
		Debug|Win32 = Debug|Win32
		Release Double OpenMP|Win32 = Release Double OpenMP|Win32
		Release Double|Win32 = Release Double|Win32
		Release OpenMP|Win32 = Release OpenMP|Win32
		Release|Win32 = Release|Win32
	EndGlobalSection
	GlobalSection(ProjectConfigurationPlatforms) = postSolution
		{0056F7D7-347A-40DE-98B8-843CF05B5488}.Debug Double|Win32.ActiveCfg = Debug Double|Win32
		{0056F7D7-347A-40DE-98B8-843CF05B5488}.Debug Double|Win32.Build.0 = Debug Double|Win32
		{0056F7D7-347A-40DE-98B8-843CF05B5488}.Debug OpenMP|Win32.ActiveCfg = Debug OpenMP|Win32
		{0056F7D7-347A-40DE-98B8-843CF05B5488}.Debug OpenMP|Win32.Build.0 = Debug OpenMP|Win32
		{0056F7D7-347A-40DE-98B8-843CF05B5488}.Debug|Win32.ActiveCfg = Debug|Win32
		{0056F7D7-347A-40DE-98B8-843CF05B5488}.Debug|Win32.Build.0 = Debug|Win32
		{0056F7D7-347A-40DE-98B8-843CF05B5488}.Release Double OpenMP|Win32.ActiveCfg = Release Double OpenMP|Win32
		{0056F7D7-347A-40DE-98B8-843CF05B5488}.Release Double OpenMP|Win32.Build.0 = Release Double OpenMP|Win32
		{0056F7D7-347A-40DE-98B8-843CF05B5488}.Release Double|Win32.ActiveCfg = Release Double|Win32
		{0056F7D7-347A-40DE-98B8-843CF05B5488}.Release Double|Win32.Build.0 = Release Double|Win32
		{0056F7D7-347A-40DE-98B8-843CF05B5488}.Release OpenMP|Win32.ActiveCfg = Release OpenMP|Win32
		{0056F7D7-347A-40DE-98B8-843CF05B5488}.Release OpenMP|Win32.Build.0 = Release OpenMP|Win32
		{0056F7D7-347A-40DE-98B8-843CF05B5488}.Release|Win32.ActiveCfg = Release|Win32
		{0056F7D7-347A-40DE-98B8-843CF05B5488}.Release|Win32.Build.0 = Release|Win32
		{98ABA093-7927-4BCD-B011-BF409B5BBB78}.Debug Double|Win32.ActiveCfg = Debug Double|Win32
		{98ABA093-7927-4BCD-B011-BF409B5BBB78}.Debug Double|Win32.Build.0 = Debug Double|Win32
		{98ABA093-7927-4BCD-B011-BF409B5BBB78}.Debug OpenMP|Win32.ActiveCfg = Debug OpenMP|Win32
		{98ABA093-7927-4BCD-B011-BF409B5BBB78}.Debug OpenMP|Win32.Build.0 = Debug OpenMP|Win32
		{98ABA093-7927-4BCD-B011-BF409B5BBB78}.Debug|Win32.ActiveCfg = Debug|Win32
		{98ABA093-7927-4BCD-B011-BF409B5BBB78}.Debug|Win32.Build.0 = Debug|Win32
		{98ABA093-7927-4BCD-B011-BF409B5BBB78}.Release Double OpenMP|Win32.ActiveCfg = Release Double OpenMP|Win32
		{98ABA093-7927-4BCD-B011-BF409B5BBB78}.Release Double OpenMP|Win32.Build.0 = Release Double OpenMP|Win32
		{98ABA093-7927-4BCD-B011-BF409B5BBB78}.Release Double|Win32.ActiveCfg = Release Double|Win32
		{98ABA093-7927-4BCD-B011-BF409B5BBB78}.Release Double|Win32.Build.0 = Release Double|Win32
		{98ABA093-7927-4BCD-B011-BF409B5BBB78}.Release OpenMP|Win32.ActiveCfg = Release OpenMP|Win32
		{98ABA093-7927-4BCD-B011-BF409B5BBB78}.Release OpenMP|Win32.Build.0 = Release OpenMP|Win32
		{98ABA093-7927-4BCD-B011-BF409B5BBB78}.Release|Win32.ActiveCfg = Release|Win32
		{98ABA093-7927-4BCD-B011-BF409B5BBB78}.Release|Win32.Build.0 = Release|Win32
		{8FDBAD87-52D7-4B29-A346-CF6918785077}.Debug Double|Win32.ActiveCfg = Debug Double|Win32
		{8FDBAD87-52D7-4B29-A346-CF6918785077}.Debug Double|Win32.Build.0 = Debug Double|Win32
		{8FDBAD87-52D7-4B29-A346-CF6918785077}.Debug OpenMP|Win32.ActiveCfg = Debug OpenMP|Win32
		{8FDBAD87-52D7-4B29-A346-CF6918785077}.Debug OpenMP|Win32.Build.0 = Debug OpenMP|Win32
		{8FDBAD87-52D7-4B29-A346-CF6918785077}.Debug|Win32.ActiveCfg = Debug|Win32
		{8FDBAD87-52D7-4B29-A346-CF6918785077}.Debug|Win32.Build.0 = Debug|Win32
		{8FDBAD87-52D7-4B29-A346-CF6918785077}.Release Double OpenMP|Win32.ActiveCfg = Release Double OpenMP|Win32
		{8FDBAD87-52D7-4B29-A346-CF6918785077}.Release Double OpenMP|Win32.Build.0 = Release Double OpenMP|Win32
		{8FDBAD87-52D7-4B29-A346-CF6918785077}.Release Double|Win32.ActiveCfg = Release Double|Win32
		{8FDBAD87-52D7-4B29-A346-CF6918785077}.Release Double|Win32.Build.0 = Release Double|Win32
		{8FDBAD87-52D7-4B29-A346-CF6918785077}.Release OpenMP|Win32.ActiveCfg = Release OpenMP|Win32
		{8FDBAD87-52D7-4B29-A346-CF6918785077}.Release OpenMP|Win32.Build.0 = Release OpenMP|Win32
		{8FDBAD87-52D7-4B29-A346-CF6918785077}.Release|Win32.ActiveCfg = Release|Win32
		{8FDBAD87-52D7-4B29-A346-CF6918785077}.Release|Win32.Build.0 = Release|Win32
		{141470D5-4F1E-4328-828C-8767F85E9629}.Debug Double|Win32.ActiveCfg = Debug Double|Win32
		{141470D5-4F1E-4328-828C-8767F85E9629}.Debug Double|Win32.Build.0 = Debug Double|Win32
		{141470D5-4F1E-4328-828C-8767F85E9629}.Debug OpenMP|Win32.ActiveCfg = Debug OpenMP|Win32
		{141470D5-4F1E-4328-828C-8767F85E9629}.Debug OpenMP|Win32.Build.0 = Debug OpenMP|Win32
		{141470D5-4F1E-4328-828C-8767F85E9629}.Debug|Win32.ActiveCfg = Debug|Win32
		{141470D5-4F1E-4328-828C-8767F85E9629}.Debug|Win32.Build.0 = Debug|Win32
		{141470D5-4F1E-4328-828C-8767F85E9629}.Release Double OpenMP|Win32.ActiveCfg = Release Double OpenMP|Win32
		{141470D5-4F1E-4328-828C-8767F85E9629}.Release Double OpenMP|Win32.Build.0 = Release Double OpenMP|Win32
		{141470D5-4F1E-4328-828C-8767F85E9629}.Release Double|Win32.ActiveCfg = Release Double|Win32
		{141470D5-4F1E-4328-828C-8767F85E9629}.Release Double|Win32.Build.0 = Release Double|Win32
		{141470D5-4F1E-4328-828C-8767F85E9629}.Release OpenMP|Win32.ActiveCfg = Release OpenMP|Win32
		{141470D5-4F1E-4328-828C-8767F85E9629}.Release OpenMP|Win32.Build.0 = Release OpenMP|Win32
		{141470D5-4F1E-4328-828C-8767F85E9629}.Release|Win32.ActiveCfg = Release|Win32
		{141470D5-4F1E-4328-828C-8767F85E9629}.Release|Win32.Build.0 = Release|Win32
		{7033A311-58C3-4992-B524-75396846B759}.Debug Double|Win32.ActiveCfg = Debug Double|Win32
		{7033A311-58C3-4992-B524-75396846B759}.Debug Double|Win32.Build.0 = Debug Double|Win32
		{7033A311-58C3-4992-B524-75396846B759}.Debug OpenMP|Win32.ActiveCfg = Debug OpenMP|Win32
		{7033A311-58C3-4992-B524-75396846B759}.Debug OpenMP|Win32.Build.0 = Debug OpenMP|Win32
		{7033A311-58C3-4992-B524-75396846B759}.Debug|Win32.ActiveCfg = Debug|Win32
		{7033A311-58C3-4992-B524-75396846B759}.Debug|Win32.Build.0 = Debug|Win32
		{7033A311-58C3-4992-B524-75396846B759}.Release Double OpenMP|Win32.ActiveCfg = Release|Win32
		{7033A311-58C3-4992-B524-75396846B759}.Release Double|Win32.ActiveCfg = Release|Win32
		{7033A311-58C3-4992-B524-75396846B759}.Release OpenMP|Win32.ActiveCfg = Release|Win32
		{7033A311-58C3-4992-B524-75396846B759}.Release|Win32.ActiveCfg = Release|Win32
		{7033A311-58C3-4992-B524-75396846B759}.Release|Win32.Build.0 = Release|Win32
		{3E94FB51-7A8D-41D7-B945-4435992AE154}.Debug Double|Win32.ActiveCfg = Debug|Win32
		{3E94FB51-7A8D-41D7-B945-4435992AE154}.Debug OpenMP|Win32.ActiveCfg = Debug OpenMP|Win32
		{3E94FB51-7A8D-41D7-B945-4435992AE154}.Debug OpenMP|Win32.Build.0 = Debug OpenMP|Win32
		{3E94FB51-7A8D-41D7-B945-4435992AE154}.Debug|Win32.ActiveCfg = Debug|Win32
		{3E94FB51-7A8D-41D7-B945-4435992AE154}.Debug|Win32.Build.0 = Debug|Win32
		{3E94FB51-7A8D-41D7-B945-4435992AE154}.Release Double OpenMP|Win32.ActiveCfg = Release|Win32
		{3E94FB51-7A8D-41D7-B945-4435992AE154}.Release Double|Win32.ActiveCfg = Release|Win32
		{3E94FB51-7A8D-41D7-B945-4435992AE154}.Release OpenMP|Win32.ActiveCfg = Release|Win32
		{3E94FB51-7A8D-41D7-B945-4435992AE154}.Release|Win32.ActiveCfg = Release|Win32
		{3E94FB51-7A8D-41D7-B945-4435992AE154}.Release|Win32.Build.0 = Release|Win32
		{79B53A56-7C7D-45A2-A951-2106626FDABB}.Debug Double|Win32.ActiveCfg = Debug|Win32
		{79B53A56-7C7D-45A2-A951-2106626FDABB}.Debug OpenMP|Win32.ActiveCfg = Debug OpenMP|Win32
		{79B53A56-7C7D-45A2-A951-2106626FDABB}.Debug OpenMP|Win32.Build.0 = Debug OpenMP|Win32
		{79B53A56-7C7D-45A2-A951-2106626FDABB}.Debug|Win32.ActiveCfg = Debug|Win32
		{79B53A56-7C7D-45A2-A951-2106626FDABB}.Debug|Win32.Build.0 = Debug|Win32
		{79B53A56-7C7D-45A2-A951-2106626FDABB}.Release Double OpenMP|Win32.ActiveCfg = Release|Win32
		{79B53A56-7C7D-45A2-A951-2106626FDABB}.Release Double|Win32.ActiveCfg = Release|Win32
		{79B53A56-7C7D-45A2-A951-2106626FDABB}.Release OpenMP|Win32.ActiveCfg = Release|Win32
		{79B53A56-7C7D-45A2-A951-2106626FDABB}.Release|Win32.ActiveCfg = Release|Win32
		{79B53A56-7C7D-45A2-A951-2106626FDABB}.Release|Win32.Build.0 = Release|Win32
		{4D8FB248-4615-441A-AF9E-0C7FA58C4F6B}.Debug Double|Win32.ActiveCfg = Debug|Win32
		{4D8FB248-4615-441A-AF9E-0C7FA58C4F6B}.Debug OpenMP|Win32.ActiveCfg = Debug OpenMP|Win32
		{4D8FB248-4615-441A-AF9E-0C7FA58C4F6B}.Debug OpenMP|Win32.Build.0 = Debug OpenMP|Win32
		{4D8FB248-4615-441A-AF9E-0C7FA58C4F6B}.Debug|Win32.ActiveCfg = Debug|Win32
		{4D8FB248-4615-441A-AF9E-0C7FA58C4F6B}.Debug|Win32.Build.0 = Debug|Win32
		{4D8FB248-4615-441A-AF9E-0C7FA58C4F6B}.Release Double OpenMP|Win32.ActiveCfg = Release|Win32
		{4D8FB248-4615-441A-AF9E-0C7FA58C4F6B}.Release Double|Win32.ActiveCfg = Release Double|Win32
		{4D8FB248-4615-441A-AF9E-0C7FA58C4F6B}.Release Double|Win32.Build.0 = Release Double|Win32
		{4D8FB248-4615-441A-AF9E-0C7FA58C4F6B}.Release OpenMP|Win32.ActiveCfg = Release Double|Win32
		{4D8FB248-4615-441A-AF9E-0C7FA58C4F6B}.Release|Win32.ActiveCfg = Release|Win32
		{4D8FB248-4615-441A-AF9E-0C7FA58C4F6B}.Release|Win32.Build.0 = Release|Win32
		{DD4BF52A-DA2B-49B5-871F-133150FDB18C}.Debug Double|Win32.ActiveCfg = Debug|Win32
		{DD4BF52A-DA2B-49B5-871F-133150FDB18C}.Debug OpenMP|Win32.ActiveCfg = Debug OpenMP|Win32
		{DD4BF52A-DA2B-49B5-871F-133150FDB18C}.Debug OpenMP|Win32.Build.0 = Debug OpenMP|Win32
		{DD4BF52A-DA2B-49B5-871F-133150FDB18C}.Debug|Win32.ActiveCfg = Debug|Win32
		{DD4BF52A-DA2B-49B5-871F-133150FDB18C}.Debug|Win32.Build.0 = Debug|Win32
		{DD4BF52A-DA2B-49B5-871F-133150FDB18C}.Release Double OpenMP|Win32.ActiveCfg = Release|Win32
		{DD4BF52A-DA2B-49B5-871F-133150FDB18C}.Release Double|Win32.ActiveCfg = Release|Win32
		{DD4BF52A-DA2B-49B5-871F-133150FDB18C}.Release OpenMP|Win32.ActiveCfg = Release|Win32
		{DD4BF52A-DA2B-49B5-871F-133150FDB18C}.Release|Win32.ActiveCfg = Release|Win32
		{DD4BF52A-DA2B-49B5-871F-133150FDB18C}.Release|Win32.Build.0 = Release|Win32
		{0FCF0362-5F48-4D9B-BBD8-FD2CA58E83F9}.Debug Double|Win32.ActiveCfg = Debug Double|Win32
		{0FCF0362-5F48-4D9B-BBD8-FD2CA58E83F9}.Debug Double|Win32.Build.0 = Debug Double|Win32
		{0FCF0362-5F48-4D9B-BBD8-FD2CA58E83F9}.Debug OpenMP|Win32.ActiveCfg = Debug OpenMP|Win32
		{0FCF0362-5F48-4D9B-BBD8-FD2CA58E83F9}.Debug OpenMP|Win32.Build.0 = Debug OpenMP|Win32
		{0FCF0362-5F48-4D9B-BBD8-FD2CA58E83F9}.Debug|Win32.ActiveCfg = Debug|Win32
		{0FCF0362-5F48-4D9B-BBD8-FD2CA58E83F9}.Debug|Win32.Build.0 = Debug|Win32
		{0FCF0362-5F48-4D9B-BBD8-FD2CA58E83F9}.Release Double OpenMP|Win32.ActiveCfg = Release|Win32
		{0FCF0362-5F48-4D9B-BBD8-FD2CA58E83F9}.Release Double OpenMP|Win32.Build.0 = Release|Win32
		{0FCF0362-5F48-4D9B-BBD8-FD2CA58E83F9}.Release Double|Win32.ActiveCfg = Release Double|Win32
		{0FCF0362-5F48-4D9B-BBD8-FD2CA58E83F9}.Release Double|Win32.Build.0 = Release Double|Win32
		{0FCF0362-5F48-4D9B-BBD8-FD2CA58E83F9}.Release OpenMP|Win32.ActiveCfg = Release|Win32
		{0FCF0362-5F48-4D9B-BBD8-FD2CA58E83F9}.Release OpenMP|Win32.Build.0 = Release|Win32
		{0FCF0362-5F48-4D9B-BBD8-FD2CA58E83F9}.Release|Win32.ActiveCfg = Release|Win32
		{0FCF0362-5F48-4D9B-BBD8-FD2CA58E83F9}.Release|Win32.Build.0 = Release|Win32
		{BCE54D78-EFF6-4492-86D3-E6EFB49E9083}.Debug Double|Win32.ActiveCfg = Debug|Win32
		{BCE54D78-EFF6-4492-86D3-E6EFB49E9083}.Debug Double|Win32.Build.0 = Debug|Win32
		{BCE54D78-EFF6-4492-86D3-E6EFB49E9083}.Debug OpenMP|Win32.ActiveCfg = Debug OpenMP|Win32
		{BCE54D78-EFF6-4492-86D3-E6EFB49E9083}.Debug OpenMP|Win32.Build.0 = Debug OpenMP|Win32
		{BCE54D78-EFF6-4492-86D3-E6EFB49E9083}.Debug|Win32.ActiveCfg = Debug|Win32
		{BCE54D78-EFF6-4492-86D3-E6EFB49E9083}.Debug|Win32.Build.0 = Debug|Win32
		{BCE54D78-EFF6-4492-86D3-E6EFB49E9083}.Release Double OpenMP|Win32.ActiveCfg = Release|Win32
		{BCE54D78-EFF6-4492-86D3-E6EFB49E9083}.Release Double OpenMP|Win32.Build.0 = Release|Win32
		{BCE54D78-EFF6-4492-86D3-E6EFB49E9083}.Release Double|Win32.ActiveCfg = Release|Win32
		{BCE54D78-EFF6-4492-86D3-E6EFB49E9083}.Release Double|Win32.Build.0 = Release|Win32
		{BCE54D78-EFF6-4492-86D3-E6EFB49E9083}.Release OpenMP|Win32.ActiveCfg = Release|Win32
		{BCE54D78-EFF6-4492-86D3-E6EFB49E9083}.Release OpenMP|Win32.Build.0 = Release|Win32
		{BCE54D78-EFF6-4492-86D3-E6EFB49E9083}.Release|Win32.ActiveCfg = Release|Win32
		{BCE54D78-EFF6-4492-86D3-E6EFB49E9083}.Release|Win32.Build.0 = Release|Win32
	EndGlobalSection
	GlobalSection(SolutionProperties) = preSolution
		HideSolutionNode = FALSE
	EndGlobalSection
	GlobalSection(NestedProjects) = preSolution
		{8FDBAD87-52D7-4B29-A346-CF6918785077} = {10AECD7E-48C8-4C1E-A0C8-ACD15EEB544A}
		{141470D5-4F1E-4328-828C-8767F85E9629} = {10AECD7E-48C8-4C1E-A0C8-ACD15EEB544A}
		{79B53A56-7C7D-45A2-A951-2106626FDABB} = {10AECD7E-48C8-4C1E-A0C8-ACD15EEB544A}
		{0056F7D7-347A-40DE-98B8-843CF05B5488} = {F4334CCB-92E6-43E4-B5EE-8700A0BE00D5}
		{98ABA093-7927-4BCD-B011-BF409B5BBB78} = {F4334CCB-92E6-43E4-B5EE-8700A0BE00D5}
		{7033A311-58C3-4992-B524-75396846B759} = {0C2D3D02-FB0B-4A4D-8DA2-A01B104B528B}
		{3E94FB51-7A8D-41D7-B945-4435992AE154} = {0C2D3D02-FB0B-4A4D-8DA2-A01B104B528B}
		{4D8FB248-4615-441A-AF9E-0C7FA58C4F6B} = {0C2D3D02-FB0B-4A4D-8DA2-A01B104B528B}
		{DD4BF52A-DA2B-49B5-871F-133150FDB18C} = {0C2D3D02-FB0B-4A4D-8DA2-A01B104B528B}
		{0FCF0362-5F48-4D9B-BBD8-FD2CA58E83F9} = {0C2D3D02-FB0B-4A4D-8DA2-A01B104B528B}
		{BCE54D78-EFF6-4492-86D3-E6EFB49E9083} = {0C2D3D02-FB0B-4A4D-8DA2-A01B104B528B}
	EndGlobalSection
EndGlobal
