
Microsoft Visual Studio Solution File, Format Version 12.00
# Visual Studio 14
VisualStudioVersion = 14.0.25123.0
MinimumVisualStudioVersion = 10.0.40219.1
Project("{6989167D-11E4-40FE-8C1A-2192A86A7E90}") = "MohidWater", "MohidWater\MohidWater.vfproj", "{E7F5B24F-13BA-4864-82FF-4BFBBD13A8B5}"
	ProjectSection(ProjectDependencies) = postProject
		{5B9DC9D4-2641-4422-B6DC-988CA58D9323} = {5B9DC9D4-2641-4422-B6DC-988CA58D9323}
		{B186E0E8-1704-4EB0-A0C5-85AFB52A069C} = {B186E0E8-1704-4EB0-A0C5-85AFB52A069C}
	EndProjectSection
EndProject
Project("{6989167D-11E4-40FE-8C1A-2192A86A7E90}") = "MohidBase1", "MohidBase1\MohidBase1.vfproj", "{B186E0E8-1704-4EB0-A0C5-85AFB52A069C}"
EndProject
Project("{6989167D-11E4-40FE-8C1A-2192A86A7E90}") = "MohidBase2", "MohidBase2\MohidBase2.vfproj", "{5B9DC9D4-2641-4422-B6DC-988CA58D9323}"
	ProjectSection(ProjectDependencies) = postProject
		{B186E0E8-1704-4EB0-A0C5-85AFB52A069C} = {B186E0E8-1704-4EB0-A0C5-85AFB52A069C}
	EndProjectSection
EndProject
Project("{6989167D-11E4-40FE-8C1A-2192A86A7E90}") = "Convert2Hdf5", "Convert2Hdf5\Convert2Hdf5.vfproj", "{A6EDD202-5330-47B5-8E1E-5A98D14AD51A}"
	ProjectSection(ProjectDependencies) = postProject
		{5B9DC9D4-2641-4422-B6DC-988CA58D9323} = {5B9DC9D4-2641-4422-B6DC-988CA58D9323}
		{B186E0E8-1704-4EB0-A0C5-85AFB52A069C} = {B186E0E8-1704-4EB0-A0C5-85AFB52A069C}
	EndProjectSection
EndProject
Project("{6989167D-11E4-40FE-8C1A-2192A86A7E90}") = "HDF5Extractor", "HDF5Extractor\HDF5Extractor.vfproj", "{86CE3A10-4856-40B2-874F-85A47920FC61}"
	ProjectSection(ProjectDependencies) = postProject
		{5B9DC9D4-2641-4422-B6DC-988CA58D9323} = {5B9DC9D4-2641-4422-B6DC-988CA58D9323}
		{B186E0E8-1704-4EB0-A0C5-85AFB52A069C} = {B186E0E8-1704-4EB0-A0C5-85AFB52A069C}
	EndProjectSection
EndProject
Project("{6989167D-11E4-40FE-8C1A-2192A86A7E90}") = "Valida4D", "Valida4D\Valida4D.vfproj", "{4D908B30-D0CA-4CBE-AB33-1BE87F4C8A81}"
	ProjectSection(ProjectDependencies) = postProject
		{5B9DC9D4-2641-4422-B6DC-988CA58D9323} = {5B9DC9D4-2641-4422-B6DC-988CA58D9323}
		{B186E0E8-1704-4EB0-A0C5-85AFB52A069C} = {B186E0E8-1704-4EB0-A0C5-85AFB52A069C}
	EndProjectSection
EndProject
Project("{6989167D-11E4-40FE-8C1A-2192A86A7E90}") = "DigitalTerrainTool", "DigitalTerrainTool\DigitalTerrainTool.vfproj", "{A9AB71DE-AF36-43B8-8214-D1528881B036}"
	ProjectSection(ProjectDependencies) = postProject
		{5B9DC9D4-2641-4422-B6DC-988CA58D9323} = {5B9DC9D4-2641-4422-B6DC-988CA58D9323}
		{B186E0E8-1704-4EB0-A0C5-85AFB52A069C} = {B186E0E8-1704-4EB0-A0C5-85AFB52A069C}
	EndProjectSection
EndProject
Project("{6989167D-11E4-40FE-8C1A-2192A86A7E90}") = "DomainConsolidation", "DomainConsolidation\DomainConsolidation.vfproj", "{8C4AD1E5-2DA6-4B02-9D25-3827BD0DEC20}"
	ProjectSection(ProjectDependencies) = postProject
		{5B9DC9D4-2641-4422-B6DC-988CA58D9323} = {5B9DC9D4-2641-4422-B6DC-988CA58D9323}
		{B186E0E8-1704-4EB0-A0C5-85AFB52A069C} = {B186E0E8-1704-4EB0-A0C5-85AFB52A069C}
	EndProjectSection
EndProject
Project("{6989167D-11E4-40FE-8C1A-2192A86A7E90}") = "TidePrev", "TidePrev\TidePrev.vfproj", "{F58FF19C-6A88-4D99-B587-E6B7752EC103}"
EndProject
Project("{6989167D-11E4-40FE-8C1A-2192A86A7E90}") = "GlueWW3_OBC", "GlueWW3_OBC\GlueWW3_OBC.vfproj", "{8191DDA9-7477-48B2-BF5B-BA58EB81D76E}"
EndProject
Project("{6989167D-11E4-40FE-8C1A-2192A86A7E90}") = "FilterBathymetry", "FilterBathymetry\FilterBathymetry.vfproj", "{8F12330D-0DDF-427D-AE70-1F2A9F7A49D3}"
	ProjectSection(ProjectDependencies) = postProject
		{5B9DC9D4-2641-4422-B6DC-988CA58D9323} = {5B9DC9D4-2641-4422-B6DC-988CA58D9323}
		{B186E0E8-1704-4EB0-A0C5-85AFB52A069C} = {B186E0E8-1704-4EB0-A0C5-85AFB52A069C}
	EndProjectSection
EndProject
Project("{6989167D-11E4-40FE-8C1A-2192A86A7E90}") = "DDCParser", "DDCParser\DDCParser.vfproj", "{29BFD189-F22E-42FD-8E33-4E2436386EB1}"
EndProject
Project("{6989167D-11E4-40FE-8C1A-2192A86A7E90}") = "DDCWorker", "DDCWorker\DDCWorker.vfproj", "{DC527F50-5495-4C75-99DF-82B2CBA215AF}"
EndProject
Project("{6989167D-11E4-40FE-8C1A-2192A86A7E90}") = "hdf2surfer", "hdf2surfer\hdf2surfer.vfproj", "{C04384BB-3887-4EA3-A9B4-988A0C698396}"
	ProjectSection(ProjectDependencies) = postProject
		{5B9DC9D4-2641-4422-B6DC-988CA58D9323} = {5B9DC9D4-2641-4422-B6DC-988CA58D9323}
		{B186E0E8-1704-4EB0-A0C5-85AFB52A069C} = {B186E0E8-1704-4EB0-A0C5-85AFB52A069C}
	EndProjectSection
EndProject
Project("{6989167D-11E4-40FE-8C1A-2192A86A7E90}") = "HydrodynamicAnalyser", "HydrodynamicAnalyser\HydrodynamicAnalyser.vfproj", "{B500FAC8-4FC2-433A-8BBF-8D19837060FE}"
	ProjectSection(ProjectDependencies) = postProject
		{5B9DC9D4-2641-4422-B6DC-988CA58D9323} = {5B9DC9D4-2641-4422-B6DC-988CA58D9323}
		{B186E0E8-1704-4EB0-A0C5-85AFB52A069C} = {B186E0E8-1704-4EB0-A0C5-85AFB52A069C}
	EndProjectSection
EndProject
Project("{6989167D-11E4-40FE-8C1A-2192A86A7E90}") = "ConvertGridDataToHDF5", "ConvertGridDataToHDF5\ConvertGridDataToHDF5.vfproj", "{4831291D-0227-4FEB-9A09-0BD2A1E5B8EA}"
	ProjectSection(ProjectDependencies) = postProject
		{5B9DC9D4-2641-4422-B6DC-988CA58D9323} = {5B9DC9D4-2641-4422-B6DC-988CA58D9323}
		{B186E0E8-1704-4EB0-A0C5-85AFB52A069C} = {B186E0E8-1704-4EB0-A0C5-85AFB52A069C}
	EndProjectSection
EndProject
Project("{6989167D-11E4-40FE-8C1A-2192A86A7E90}") = "HDF5Exporter", "HDF5Exporter\HDF5Exporter.vfproj", "{BCE54D78-EFF6-4492-86D3-E6EFB49E9083}"
	ProjectSection(ProjectDependencies) = postProject
		{5B9DC9D4-2641-4422-B6DC-988CA58D9323} = {5B9DC9D4-2641-4422-B6DC-988CA58D9323}
		{B186E0E8-1704-4EB0-A0C5-85AFB52A069C} = {B186E0E8-1704-4EB0-A0C5-85AFB52A069C}
	EndProjectSection
EndProject
Project("{6989167D-11E4-40FE-8C1A-2192A86A7E90}") = "Convert2netcdf", "Convert2netcdf\Convert2netcdf.vfproj", "{F8708A1A-EF60-4639-BD43-777C769C7864}"
	ProjectSection(ProjectDependencies) = postProject
		{5B9DC9D4-2641-4422-B6DC-988CA58D9323} = {5B9DC9D4-2641-4422-B6DC-988CA58D9323}
		{B186E0E8-1704-4EB0-A0C5-85AFB52A069C} = {B186E0E8-1704-4EB0-A0C5-85AFB52A069C}
	EndProjectSection
EndProject
Project("{6989167D-11E4-40FE-8C1A-2192A86A7E90}") = "MohidLand", "MohidLand\MohidLand.vfproj", "{2E3EE7BF-B4D7-4E31-9B3A-7DC55FE41D40}"
	ProjectSection(ProjectDependencies) = postProject
		{5B9DC9D4-2641-4422-B6DC-988CA58D9323} = {5B9DC9D4-2641-4422-B6DC-988CA58D9323}
		{B186E0E8-1704-4EB0-A0C5-85AFB52A069C} = {B186E0E8-1704-4EB0-A0C5-85AFB52A069C}
	EndProjectSection
EndProject
Project("{6989167D-11E4-40FE-8C1A-2192A86A7E90}") = "HDF5_2_EsriGridData", "HDF5_2_EsriGridData\HDF5_2_EsriGridData.vfproj", "{B893667E-A60D-4D7E-A1F6-E0D94E8815BB}"
	ProjectSection(ProjectDependencies) = postProject
		{5B9DC9D4-2641-4422-B6DC-988CA58D9323} = {5B9DC9D4-2641-4422-B6DC-988CA58D9323}
		{B186E0E8-1704-4EB0-A0C5-85AFB52A069C} = {B186E0E8-1704-4EB0-A0C5-85AFB52A069C}
	EndProjectSection
EndProject
Project("{6989167D-11E4-40FE-8C1A-2192A86A7E90}") = "HDF5Statistics", "HDF5Statistics\HDF5Statistics.vfproj", "{3A41D44C-F6DB-42B4-B98B-57252374202D}"
	ProjectSection(ProjectDependencies) = postProject
		{5B9DC9D4-2641-4422-B6DC-988CA58D9323} = {5B9DC9D4-2641-4422-B6DC-988CA58D9323}
		{B186E0E8-1704-4EB0-A0C5-85AFB52A069C} = {B186E0E8-1704-4EB0-A0C5-85AFB52A069C}
	EndProjectSection
EndProject
Project("{6989167D-11E4-40FE-8C1A-2192A86A7E90}") = "FillMatrix", "FillMatrix\FillMatrix.vfproj", "{4BB5832C-53C3-4226-BBDA-584B4EEBBC2A}"
	ProjectSection(ProjectDependencies) = postProject
		{5B9DC9D4-2641-4422-B6DC-988CA58D9323} = {5B9DC9D4-2641-4422-B6DC-988CA58D9323}
		{B186E0E8-1704-4EB0-A0C5-85AFB52A069C} = {B186E0E8-1704-4EB0-A0C5-85AFB52A069C}
	EndProjectSection
EndProject
Project("{6989167D-11E4-40FE-8C1A-2192A86A7E90}") = "ConvertToTimeSerie", "ConvertToTimeSerie\ConvertToTimeSerie.vfproj", "{D9A8E2CF-4DA2-4210-BDF7-05F2A281FCA6}"
	ProjectSection(ProjectDependencies) = postProject
		{B186E0E8-1704-4EB0-A0C5-85AFB52A069C} = {B186E0E8-1704-4EB0-A0C5-85AFB52A069C}
	EndProjectSection
EndProject
Project("{6989167D-11E4-40FE-8C1A-2192A86A7E90}") = "JoinTimeSeries", "JoinTimeSeries\JoinTimeSeries.vfproj", "{FC3EC4C8-E66F-4B9D-98A0-631EDD72F9B3}"
EndProject
Project("{6989167D-11E4-40FE-8C1A-2192A86A7E90}") = "Compare2HDFfiles", "Compare2HDFfiles\Compare2HDFfiles.vfproj", "{A2362933-01EF-4E31-914B-C4316A54E065}"
EndProject
Project("{6989167D-11E4-40FE-8C1A-2192A86A7E90}") = "HDF5Operator", "HDF5Operator\HDF5Operator.vfproj", "{31718428-0170-4952-924F-1568E2FA72EF}"
EndProject
Global
	GlobalSection(SolutionConfigurationPlatforms) = preSolution
		Debug MPI|Any CPU = Debug MPI|Any CPU
		Debug MPI|Mixed Platforms = Debug MPI|Mixed Platforms
		Debug MPI|Win32 = Debug MPI|Win32
		Debug MPI|x64 = Debug MPI|x64
		Debug OpenMP|Any CPU = Debug OpenMP|Any CPU
		Debug OpenMP|Mixed Platforms = Debug OpenMP|Mixed Platforms
		Debug OpenMP|Win32 = Debug OpenMP|Win32
		Debug OpenMP|x64 = Debug OpenMP|x64
		Debug|Any CPU = Debug|Any CPU
		Debug|Mixed Platforms = Debug|Mixed Platforms
		Debug|Win32 = Debug|Win32
		Debug|x64 = Debug|x64
		Release MPI|Any CPU = Release MPI|Any CPU
		Release MPI|Mixed Platforms = Release MPI|Mixed Platforms
		Release MPI|Win32 = Release MPI|Win32
		Release MPI|x64 = Release MPI|x64
		Release OpenMP|Any CPU = Release OpenMP|Any CPU
		Release OpenMP|Mixed Platforms = Release OpenMP|Mixed Platforms
		Release OpenMP|Win32 = Release OpenMP|Win32
		Release OpenMP|x64 = Release OpenMP|x64
		Release|Any CPU = Release|Any CPU
		Release|Mixed Platforms = Release|Mixed Platforms
		Release|Win32 = Release|Win32
		Release|x64 = Release|x64
	EndGlobalSection
	GlobalSection(ProjectConfigurationPlatforms) = postSolution
		{E7F5B24F-13BA-4864-82FF-4BFBBD13A8B5}.Debug MPI|Any CPU.ActiveCfg = Debug MPI|x64
		{E7F5B24F-13BA-4864-82FF-4BFBBD13A8B5}.Debug MPI|Mixed Platforms.ActiveCfg = Debug MPI|x64
		{E7F5B24F-13BA-4864-82FF-4BFBBD13A8B5}.Debug MPI|Mixed Platforms.Build.0 = Debug MPI|x64
		{E7F5B24F-13BA-4864-82FF-4BFBBD13A8B5}.Debug MPI|Win32.ActiveCfg = Debug MPI|Win32
		{E7F5B24F-13BA-4864-82FF-4BFBBD13A8B5}.Debug MPI|Win32.Build.0 = Debug MPI|Win32
		{E7F5B24F-13BA-4864-82FF-4BFBBD13A8B5}.Debug MPI|x64.ActiveCfg = Debug MPI|x64
		{E7F5B24F-13BA-4864-82FF-4BFBBD13A8B5}.Debug MPI|x64.Build.0 = Debug MPI|x64
		{E7F5B24F-13BA-4864-82FF-4BFBBD13A8B5}.Debug OpenMP|Any CPU.ActiveCfg = Debug OpenMP|x64
		{E7F5B24F-13BA-4864-82FF-4BFBBD13A8B5}.Debug OpenMP|Mixed Platforms.ActiveCfg = Debug OpenMP|x64
		{E7F5B24F-13BA-4864-82FF-4BFBBD13A8B5}.Debug OpenMP|Mixed Platforms.Build.0 = Debug OpenMP|x64
		{E7F5B24F-13BA-4864-82FF-4BFBBD13A8B5}.Debug OpenMP|Win32.ActiveCfg = Debug OpenMP|Win32
		{E7F5B24F-13BA-4864-82FF-4BFBBD13A8B5}.Debug OpenMP|Win32.Build.0 = Debug OpenMP|Win32
		{E7F5B24F-13BA-4864-82FF-4BFBBD13A8B5}.Debug OpenMP|x64.ActiveCfg = Debug OpenMP|x64
		{E7F5B24F-13BA-4864-82FF-4BFBBD13A8B5}.Debug OpenMP|x64.Build.0 = Debug OpenMP|x64
		{E7F5B24F-13BA-4864-82FF-4BFBBD13A8B5}.Debug|Any CPU.ActiveCfg = Debug|x64
		{E7F5B24F-13BA-4864-82FF-4BFBBD13A8B5}.Debug|Mixed Platforms.ActiveCfg = Debug|x64
		{E7F5B24F-13BA-4864-82FF-4BFBBD13A8B5}.Debug|Mixed Platforms.Build.0 = Debug|x64
		{E7F5B24F-13BA-4864-82FF-4BFBBD13A8B5}.Debug|Win32.ActiveCfg = Debug|Win32
		{E7F5B24F-13BA-4864-82FF-4BFBBD13A8B5}.Debug|Win32.Build.0 = Debug|Win32
		{E7F5B24F-13BA-4864-82FF-4BFBBD13A8B5}.Debug|x64.ActiveCfg = Debug|x64
		{E7F5B24F-13BA-4864-82FF-4BFBBD13A8B5}.Debug|x64.Build.0 = Debug|x64
		{E7F5B24F-13BA-4864-82FF-4BFBBD13A8B5}.Release MPI|Any CPU.ActiveCfg = Release MPI|x64
		{E7F5B24F-13BA-4864-82FF-4BFBBD13A8B5}.Release MPI|Mixed Platforms.ActiveCfg = Release MPI|x64
		{E7F5B24F-13BA-4864-82FF-4BFBBD13A8B5}.Release MPI|Mixed Platforms.Build.0 = Release MPI|x64
		{E7F5B24F-13BA-4864-82FF-4BFBBD13A8B5}.Release MPI|Win32.ActiveCfg = Release MPI|Win32
		{E7F5B24F-13BA-4864-82FF-4BFBBD13A8B5}.Release MPI|Win32.Build.0 = Release MPI|Win32
		{E7F5B24F-13BA-4864-82FF-4BFBBD13A8B5}.Release MPI|x64.ActiveCfg = Release MPI|x64
		{E7F5B24F-13BA-4864-82FF-4BFBBD13A8B5}.Release MPI|x64.Build.0 = Release MPI|x64
		{E7F5B24F-13BA-4864-82FF-4BFBBD13A8B5}.Release OpenMP|Any CPU.ActiveCfg = Release OpenMP|x64
		{E7F5B24F-13BA-4864-82FF-4BFBBD13A8B5}.Release OpenMP|Mixed Platforms.ActiveCfg = Release OpenMP|x64
		{E7F5B24F-13BA-4864-82FF-4BFBBD13A8B5}.Release OpenMP|Mixed Platforms.Build.0 = Release OpenMP|x64
		{E7F5B24F-13BA-4864-82FF-4BFBBD13A8B5}.Release OpenMP|Win32.ActiveCfg = Release OpenMP|Win32
		{E7F5B24F-13BA-4864-82FF-4BFBBD13A8B5}.Release OpenMP|Win32.Build.0 = Release OpenMP|Win32
		{E7F5B24F-13BA-4864-82FF-4BFBBD13A8B5}.Release OpenMP|x64.ActiveCfg = Release OpenMP|x64
		{E7F5B24F-13BA-4864-82FF-4BFBBD13A8B5}.Release OpenMP|x64.Build.0 = Release OpenMP|x64
		{E7F5B24F-13BA-4864-82FF-4BFBBD13A8B5}.Release|Any CPU.ActiveCfg = Release|x64
		{E7F5B24F-13BA-4864-82FF-4BFBBD13A8B5}.Release|Mixed Platforms.ActiveCfg = Release|x64
		{E7F5B24F-13BA-4864-82FF-4BFBBD13A8B5}.Release|Mixed Platforms.Build.0 = Release|x64
		{E7F5B24F-13BA-4864-82FF-4BFBBD13A8B5}.Release|Win32.ActiveCfg = Release|Win32
		{E7F5B24F-13BA-4864-82FF-4BFBBD13A8B5}.Release|Win32.Build.0 = Release|Win32
		{E7F5B24F-13BA-4864-82FF-4BFBBD13A8B5}.Release|x64.ActiveCfg = Release|x64
		{E7F5B24F-13BA-4864-82FF-4BFBBD13A8B5}.Release|x64.Build.0 = Release|x64
		{B186E0E8-1704-4EB0-A0C5-85AFB52A069C}.Debug MPI|Any CPU.ActiveCfg = Debug MPI|x64
		{B186E0E8-1704-4EB0-A0C5-85AFB52A069C}.Debug MPI|Mixed Platforms.ActiveCfg = Debug MPI|x64
		{B186E0E8-1704-4EB0-A0C5-85AFB52A069C}.Debug MPI|Mixed Platforms.Build.0 = Debug MPI|x64
		{B186E0E8-1704-4EB0-A0C5-85AFB52A069C}.Debug MPI|Win32.ActiveCfg = Debug MPI|Win32
		{B186E0E8-1704-4EB0-A0C5-85AFB52A069C}.Debug MPI|Win32.Build.0 = Debug MPI|Win32
		{B186E0E8-1704-4EB0-A0C5-85AFB52A069C}.Debug MPI|x64.ActiveCfg = Debug MPI|x64
		{B186E0E8-1704-4EB0-A0C5-85AFB52A069C}.Debug MPI|x64.Build.0 = Debug MPI|x64
		{B186E0E8-1704-4EB0-A0C5-85AFB52A069C}.Debug OpenMP|Any CPU.ActiveCfg = Debug MPI|x64
		{B186E0E8-1704-4EB0-A0C5-85AFB52A069C}.Debug OpenMP|Mixed Platforms.ActiveCfg = Debug MPI|x64
		{B186E0E8-1704-4EB0-A0C5-85AFB52A069C}.Debug OpenMP|Mixed Platforms.Build.0 = Debug MPI|x64
		{B186E0E8-1704-4EB0-A0C5-85AFB52A069C}.Debug OpenMP|Win32.ActiveCfg = Debug MPI|x64
		{B186E0E8-1704-4EB0-A0C5-85AFB52A069C}.Debug OpenMP|x64.ActiveCfg = Debug|x64
		{B186E0E8-1704-4EB0-A0C5-85AFB52A069C}.Debug OpenMP|x64.Build.0 = Debug|x64
		{B186E0E8-1704-4EB0-A0C5-85AFB52A069C}.Debug|Any CPU.ActiveCfg = Debug|x64
		{B186E0E8-1704-4EB0-A0C5-85AFB52A069C}.Debug|Mixed Platforms.ActiveCfg = Debug|x64
		{B186E0E8-1704-4EB0-A0C5-85AFB52A069C}.Debug|Mixed Platforms.Build.0 = Debug|x64
		{B186E0E8-1704-4EB0-A0C5-85AFB52A069C}.Debug|Win32.ActiveCfg = Debug|Win32
		{B186E0E8-1704-4EB0-A0C5-85AFB52A069C}.Debug|Win32.Build.0 = Debug|Win32
		{B186E0E8-1704-4EB0-A0C5-85AFB52A069C}.Debug|x64.ActiveCfg = Debug|x64
		{B186E0E8-1704-4EB0-A0C5-85AFB52A069C}.Debug|x64.Build.0 = Debug|x64
		{B186E0E8-1704-4EB0-A0C5-85AFB52A069C}.Release MPI|Any CPU.ActiveCfg = Release MPI|x64
		{B186E0E8-1704-4EB0-A0C5-85AFB52A069C}.Release MPI|Mixed Platforms.ActiveCfg = Release MPI|x64
		{B186E0E8-1704-4EB0-A0C5-85AFB52A069C}.Release MPI|Mixed Platforms.Build.0 = Release MPI|x64
		{B186E0E8-1704-4EB0-A0C5-85AFB52A069C}.Release MPI|Win32.ActiveCfg = Release MPI|Win32
		{B186E0E8-1704-4EB0-A0C5-85AFB52A069C}.Release MPI|Win32.Build.0 = Release MPI|Win32
		{B186E0E8-1704-4EB0-A0C5-85AFB52A069C}.Release MPI|x64.ActiveCfg = Release MPI|x64
		{B186E0E8-1704-4EB0-A0C5-85AFB52A069C}.Release MPI|x64.Build.0 = Release MPI|x64
		{B186E0E8-1704-4EB0-A0C5-85AFB52A069C}.Release OpenMP|Any CPU.ActiveCfg = Release OpenMP|x64
		{B186E0E8-1704-4EB0-A0C5-85AFB52A069C}.Release OpenMP|Mixed Platforms.ActiveCfg = Release OpenMP|x64
		{B186E0E8-1704-4EB0-A0C5-85AFB52A069C}.Release OpenMP|Mixed Platforms.Build.0 = Release OpenMP|x64
		{B186E0E8-1704-4EB0-A0C5-85AFB52A069C}.Release OpenMP|Win32.ActiveCfg = Release OpenMP|Win32
		{B186E0E8-1704-4EB0-A0C5-85AFB52A069C}.Release OpenMP|Win32.Build.0 = Release OpenMP|Win32
		{B186E0E8-1704-4EB0-A0C5-85AFB52A069C}.Release OpenMP|x64.ActiveCfg = Release OpenMP|x64
		{B186E0E8-1704-4EB0-A0C5-85AFB52A069C}.Release OpenMP|x64.Build.0 = Release OpenMP|x64
		{B186E0E8-1704-4EB0-A0C5-85AFB52A069C}.Release|Any CPU.ActiveCfg = Release|x64
		{B186E0E8-1704-4EB0-A0C5-85AFB52A069C}.Release|Mixed Platforms.ActiveCfg = Release|x64
		{B186E0E8-1704-4EB0-A0C5-85AFB52A069C}.Release|Mixed Platforms.Build.0 = Release|x64
		{B186E0E8-1704-4EB0-A0C5-85AFB52A069C}.Release|Win32.ActiveCfg = Release|Win32
		{B186E0E8-1704-4EB0-A0C5-85AFB52A069C}.Release|Win32.Build.0 = Release|Win32
		{B186E0E8-1704-4EB0-A0C5-85AFB52A069C}.Release|x64.ActiveCfg = Release|x64
		{B186E0E8-1704-4EB0-A0C5-85AFB52A069C}.Release|x64.Build.0 = Release|x64
		{5B9DC9D4-2641-4422-B6DC-988CA58D9323}.Debug MPI|Any CPU.ActiveCfg = Debug MPI|x64
		{5B9DC9D4-2641-4422-B6DC-988CA58D9323}.Debug MPI|Mixed Platforms.ActiveCfg = Debug MPI|x64
		{5B9DC9D4-2641-4422-B6DC-988CA58D9323}.Debug MPI|Mixed Platforms.Build.0 = Debug MPI|x64
		{5B9DC9D4-2641-4422-B6DC-988CA58D9323}.Debug MPI|Win32.ActiveCfg = Debug MPI|Win32
		{5B9DC9D4-2641-4422-B6DC-988CA58D9323}.Debug MPI|Win32.Build.0 = Debug MPI|Win32
		{5B9DC9D4-2641-4422-B6DC-988CA58D9323}.Debug MPI|x64.ActiveCfg = Debug MPI|x64
		{5B9DC9D4-2641-4422-B6DC-988CA58D9323}.Debug MPI|x64.Build.0 = Debug MPI|x64
		{5B9DC9D4-2641-4422-B6DC-988CA58D9323}.Debug OpenMP|Any CPU.ActiveCfg = Debug MPI|x64
		{5B9DC9D4-2641-4422-B6DC-988CA58D9323}.Debug OpenMP|Mixed Platforms.ActiveCfg = Debug MPI|x64
		{5B9DC9D4-2641-4422-B6DC-988CA58D9323}.Debug OpenMP|Mixed Platforms.Build.0 = Debug MPI|x64
		{5B9DC9D4-2641-4422-B6DC-988CA58D9323}.Debug OpenMP|Win32.ActiveCfg = Debug MPI|x64
		{5B9DC9D4-2641-4422-B6DC-988CA58D9323}.Debug OpenMP|x64.ActiveCfg = Debug|x64
		{5B9DC9D4-2641-4422-B6DC-988CA58D9323}.Debug OpenMP|x64.Build.0 = Debug|x64
		{5B9DC9D4-2641-4422-B6DC-988CA58D9323}.Debug|Any CPU.ActiveCfg = Debug|x64
		{5B9DC9D4-2641-4422-B6DC-988CA58D9323}.Debug|Mixed Platforms.ActiveCfg = Debug|x64
		{5B9DC9D4-2641-4422-B6DC-988CA58D9323}.Debug|Mixed Platforms.Build.0 = Debug|x64
		{5B9DC9D4-2641-4422-B6DC-988CA58D9323}.Debug|Win32.ActiveCfg = Debug|Win32
		{5B9DC9D4-2641-4422-B6DC-988CA58D9323}.Debug|Win32.Build.0 = Debug|Win32
		{5B9DC9D4-2641-4422-B6DC-988CA58D9323}.Debug|x64.ActiveCfg = Debug|x64
		{5B9DC9D4-2641-4422-B6DC-988CA58D9323}.Debug|x64.Build.0 = Debug|x64
		{5B9DC9D4-2641-4422-B6DC-988CA58D9323}.Release MPI|Any CPU.ActiveCfg = Release MPI|x64
		{5B9DC9D4-2641-4422-B6DC-988CA58D9323}.Release MPI|Mixed Platforms.ActiveCfg = Release MPI|x64
		{5B9DC9D4-2641-4422-B6DC-988CA58D9323}.Release MPI|Mixed Platforms.Build.0 = Release MPI|x64
		{5B9DC9D4-2641-4422-B6DC-988CA58D9323}.Release MPI|Win32.ActiveCfg = Release MPI|Win32
		{5B9DC9D4-2641-4422-B6DC-988CA58D9323}.Release MPI|Win32.Build.0 = Release MPI|Win32
		{5B9DC9D4-2641-4422-B6DC-988CA58D9323}.Release MPI|x64.ActiveCfg = Release MPI|x64
		{5B9DC9D4-2641-4422-B6DC-988CA58D9323}.Release MPI|x64.Build.0 = Release MPI|x64
		{5B9DC9D4-2641-4422-B6DC-988CA58D9323}.Release OpenMP|Any CPU.ActiveCfg = Release OpenMP|x64
		{5B9DC9D4-2641-4422-B6DC-988CA58D9323}.Release OpenMP|Mixed Platforms.ActiveCfg = Release OpenMP|x64
		{5B9DC9D4-2641-4422-B6DC-988CA58D9323}.Release OpenMP|Mixed Platforms.Build.0 = Release OpenMP|x64
		{5B9DC9D4-2641-4422-B6DC-988CA58D9323}.Release OpenMP|Win32.ActiveCfg = Release OpenMP|Win32
		{5B9DC9D4-2641-4422-B6DC-988CA58D9323}.Release OpenMP|Win32.Build.0 = Release OpenMP|Win32
		{5B9DC9D4-2641-4422-B6DC-988CA58D9323}.Release OpenMP|x64.ActiveCfg = Release OpenMP|x64
		{5B9DC9D4-2641-4422-B6DC-988CA58D9323}.Release OpenMP|x64.Build.0 = Release OpenMP|x64
		{5B9DC9D4-2641-4422-B6DC-988CA58D9323}.Release|Any CPU.ActiveCfg = Release|x64
		{5B9DC9D4-2641-4422-B6DC-988CA58D9323}.Release|Mixed Platforms.ActiveCfg = Release|x64
		{5B9DC9D4-2641-4422-B6DC-988CA58D9323}.Release|Mixed Platforms.Build.0 = Release|x64
		{5B9DC9D4-2641-4422-B6DC-988CA58D9323}.Release|Win32.ActiveCfg = Release|Win32
		{5B9DC9D4-2641-4422-B6DC-988CA58D9323}.Release|Win32.Build.0 = Release|Win32
		{5B9DC9D4-2641-4422-B6DC-988CA58D9323}.Release|x64.ActiveCfg = Release|x64
		{5B9DC9D4-2641-4422-B6DC-988CA58D9323}.Release|x64.Build.0 = Release|x64
		{A6EDD202-5330-47B5-8E1E-5A98D14AD51A}.Debug MPI|Any CPU.ActiveCfg = Debug MPI|x64
		{A6EDD202-5330-47B5-8E1E-5A98D14AD51A}.Debug MPI|Mixed Platforms.ActiveCfg = Debug MPI|x64
		{A6EDD202-5330-47B5-8E1E-5A98D14AD51A}.Debug MPI|Mixed Platforms.Build.0 = Debug MPI|x64
		{A6EDD202-5330-47B5-8E1E-5A98D14AD51A}.Debug MPI|Win32.ActiveCfg = Debug MPI|Win32
		{A6EDD202-5330-47B5-8E1E-5A98D14AD51A}.Debug MPI|Win32.Build.0 = Debug MPI|Win32
		{A6EDD202-5330-47B5-8E1E-5A98D14AD51A}.Debug MPI|x64.ActiveCfg = Debug MPI|x64
		{A6EDD202-5330-47B5-8E1E-5A98D14AD51A}.Debug MPI|x64.Build.0 = Debug MPI|x64
		{A6EDD202-5330-47B5-8E1E-5A98D14AD51A}.Debug OpenMP|Any CPU.ActiveCfg = Debug MPI|x64
		{A6EDD202-5330-47B5-8E1E-5A98D14AD51A}.Debug OpenMP|Mixed Platforms.ActiveCfg = Debug MPI|x64
		{A6EDD202-5330-47B5-8E1E-5A98D14AD51A}.Debug OpenMP|Mixed Platforms.Build.0 = Debug MPI|x64
		{A6EDD202-5330-47B5-8E1E-5A98D14AD51A}.Debug OpenMP|Win32.ActiveCfg = Debug MPI|x64
		{A6EDD202-5330-47B5-8E1E-5A98D14AD51A}.Debug OpenMP|x64.ActiveCfg = Debug MPI|x64
		{A6EDD202-5330-47B5-8E1E-5A98D14AD51A}.Debug OpenMP|x64.Build.0 = Debug MPI|x64
		{A6EDD202-5330-47B5-8E1E-5A98D14AD51A}.Debug|Any CPU.ActiveCfg = Debug|x64
		{A6EDD202-5330-47B5-8E1E-5A98D14AD51A}.Debug|Mixed Platforms.ActiveCfg = Debug|x64
		{A6EDD202-5330-47B5-8E1E-5A98D14AD51A}.Debug|Mixed Platforms.Build.0 = Debug|x64
		{A6EDD202-5330-47B5-8E1E-5A98D14AD51A}.Debug|Win32.ActiveCfg = Debug|Win32
		{A6EDD202-5330-47B5-8E1E-5A98D14AD51A}.Debug|Win32.Build.0 = Debug|Win32
		{A6EDD202-5330-47B5-8E1E-5A98D14AD51A}.Debug|x64.ActiveCfg = Debug|x64
		{A6EDD202-5330-47B5-8E1E-5A98D14AD51A}.Debug|x64.Build.0 = Debug|x64
		{A6EDD202-5330-47B5-8E1E-5A98D14AD51A}.Release MPI|Any CPU.ActiveCfg = Release MPI|x64
		{A6EDD202-5330-47B5-8E1E-5A98D14AD51A}.Release MPI|Mixed Platforms.ActiveCfg = Release MPI|x64
		{A6EDD202-5330-47B5-8E1E-5A98D14AD51A}.Release MPI|Mixed Platforms.Build.0 = Release MPI|x64
		{A6EDD202-5330-47B5-8E1E-5A98D14AD51A}.Release MPI|Win32.ActiveCfg = Release MPI|Win32
		{A6EDD202-5330-47B5-8E1E-5A98D14AD51A}.Release MPI|x64.ActiveCfg = Release MPI|x64
		{A6EDD202-5330-47B5-8E1E-5A98D14AD51A}.Release OpenMP|Any CPU.ActiveCfg = Release MPI|x64
		{A6EDD202-5330-47B5-8E1E-5A98D14AD51A}.Release OpenMP|Mixed Platforms.ActiveCfg = Release MPI|x64
		{A6EDD202-5330-47B5-8E1E-5A98D14AD51A}.Release OpenMP|Mixed Platforms.Build.0 = Release MPI|x64
		{A6EDD202-5330-47B5-8E1E-5A98D14AD51A}.Release OpenMP|Win32.ActiveCfg = Release|x64
		{A6EDD202-5330-47B5-8E1E-5A98D14AD51A}.Release OpenMP|x64.ActiveCfg = Release|x64
		{A6EDD202-5330-47B5-8E1E-5A98D14AD51A}.Release|Any CPU.ActiveCfg = Release|x64
		{A6EDD202-5330-47B5-8E1E-5A98D14AD51A}.Release|Mixed Platforms.ActiveCfg = Release|x64
		{A6EDD202-5330-47B5-8E1E-5A98D14AD51A}.Release|Mixed Platforms.Build.0 = Release|x64
		{A6EDD202-5330-47B5-8E1E-5A98D14AD51A}.Release|Win32.ActiveCfg = Release|Win32
		{A6EDD202-5330-47B5-8E1E-5A98D14AD51A}.Release|Win32.Build.0 = Release|Win32
		{A6EDD202-5330-47B5-8E1E-5A98D14AD51A}.Release|x64.ActiveCfg = Release|x64
		{86CE3A10-4856-40B2-874F-85A47920FC61}.Debug MPI|Any CPU.ActiveCfg = Debug MPI|x64
		{86CE3A10-4856-40B2-874F-85A47920FC61}.Debug MPI|Mixed Platforms.ActiveCfg = Debug MPI|x64
		{86CE3A10-4856-40B2-874F-85A47920FC61}.Debug MPI|Mixed Platforms.Build.0 = Debug MPI|x64
		{86CE3A10-4856-40B2-874F-85A47920FC61}.Debug MPI|Win32.ActiveCfg = Debug MPI|Win32
		{86CE3A10-4856-40B2-874F-85A47920FC61}.Debug MPI|x64.ActiveCfg = Debug MPI|x64
		{86CE3A10-4856-40B2-874F-85A47920FC61}.Debug OpenMP|Any CPU.ActiveCfg = Debug MPI|x64
		{86CE3A10-4856-40B2-874F-85A47920FC61}.Debug OpenMP|Mixed Platforms.ActiveCfg = Debug MPI|x64
		{86CE3A10-4856-40B2-874F-85A47920FC61}.Debug OpenMP|Mixed Platforms.Build.0 = Debug MPI|x64
		{86CE3A10-4856-40B2-874F-85A47920FC61}.Debug OpenMP|Win32.ActiveCfg = Debug MPI|x64
		{86CE3A10-4856-40B2-874F-85A47920FC61}.Debug OpenMP|x64.ActiveCfg = Debug MPI|x64
		{86CE3A10-4856-40B2-874F-85A47920FC61}.Debug OpenMP|x64.Build.0 = Debug MPI|x64
		{86CE3A10-4856-40B2-874F-85A47920FC61}.Debug|Any CPU.ActiveCfg = Debug|x64
		{86CE3A10-4856-40B2-874F-85A47920FC61}.Debug|Mixed Platforms.ActiveCfg = Debug|x64
		{86CE3A10-4856-40B2-874F-85A47920FC61}.Debug|Mixed Platforms.Build.0 = Debug|x64
		{86CE3A10-4856-40B2-874F-85A47920FC61}.Debug|Win32.ActiveCfg = Debug|Win32
		{86CE3A10-4856-40B2-874F-85A47920FC61}.Debug|Win32.Build.0 = Debug|Win32
		{86CE3A10-4856-40B2-874F-85A47920FC61}.Debug|x64.ActiveCfg = Debug|x64
		{86CE3A10-4856-40B2-874F-85A47920FC61}.Release MPI|Any CPU.ActiveCfg = Release MPI|x64
		{86CE3A10-4856-40B2-874F-85A47920FC61}.Release MPI|Mixed Platforms.ActiveCfg = Release MPI|x64
		{86CE3A10-4856-40B2-874F-85A47920FC61}.Release MPI|Mixed Platforms.Build.0 = Release MPI|x64
		{86CE3A10-4856-40B2-874F-85A47920FC61}.Release MPI|Win32.ActiveCfg = Release MPI|Win32
		{86CE3A10-4856-40B2-874F-85A47920FC61}.Release MPI|x64.ActiveCfg = Release MPI|x64
		{86CE3A10-4856-40B2-874F-85A47920FC61}.Release OpenMP|Any CPU.ActiveCfg = Release MPI|x64
		{86CE3A10-4856-40B2-874F-85A47920FC61}.Release OpenMP|Mixed Platforms.ActiveCfg = Release MPI|x64
		{86CE3A10-4856-40B2-874F-85A47920FC61}.Release OpenMP|Mixed Platforms.Build.0 = Release MPI|x64
		{86CE3A10-4856-40B2-874F-85A47920FC61}.Release OpenMP|Win32.ActiveCfg = Release|Win32
		{86CE3A10-4856-40B2-874F-85A47920FC61}.Release OpenMP|Win32.Build.0 = Release|Win32
		{86CE3A10-4856-40B2-874F-85A47920FC61}.Release OpenMP|x64.ActiveCfg = Release|Win32
		{86CE3A10-4856-40B2-874F-85A47920FC61}.Release|Any CPU.ActiveCfg = Release|x64
		{86CE3A10-4856-40B2-874F-85A47920FC61}.Release|Mixed Platforms.ActiveCfg = Release|x64
		{86CE3A10-4856-40B2-874F-85A47920FC61}.Release|Mixed Platforms.Build.0 = Release|x64
		{86CE3A10-4856-40B2-874F-85A47920FC61}.Release|Win32.ActiveCfg = Release|Win32
		{86CE3A10-4856-40B2-874F-85A47920FC61}.Release|Win32.Build.0 = Release|Win32
		{86CE3A10-4856-40B2-874F-85A47920FC61}.Release|x64.ActiveCfg = Release|x64
		{4D908B30-D0CA-4CBE-AB33-1BE87F4C8A81}.Debug MPI|Any CPU.ActiveCfg = Debug MPI|x64
		{4D908B30-D0CA-4CBE-AB33-1BE87F4C8A81}.Debug MPI|Mixed Platforms.ActiveCfg = Debug MPI|x64
		{4D908B30-D0CA-4CBE-AB33-1BE87F4C8A81}.Debug MPI|Mixed Platforms.Build.0 = Debug MPI|x64
		{4D908B30-D0CA-4CBE-AB33-1BE87F4C8A81}.Debug MPI|Win32.ActiveCfg = Debug MPI|Win32
		{4D908B30-D0CA-4CBE-AB33-1BE87F4C8A81}.Debug MPI|x64.ActiveCfg = Debug MPI|x64
		{4D908B30-D0CA-4CBE-AB33-1BE87F4C8A81}.Debug OpenMP|Any CPU.ActiveCfg = Debug MPI|x64
		{4D908B30-D0CA-4CBE-AB33-1BE87F4C8A81}.Debug OpenMP|Mixed Platforms.ActiveCfg = Debug MPI|x64
		{4D908B30-D0CA-4CBE-AB33-1BE87F4C8A81}.Debug OpenMP|Mixed Platforms.Build.0 = Debug MPI|x64
		{4D908B30-D0CA-4CBE-AB33-1BE87F4C8A81}.Debug OpenMP|Win32.ActiveCfg = Debug MPI|x64
		{4D908B30-D0CA-4CBE-AB33-1BE87F4C8A81}.Debug OpenMP|x64.ActiveCfg = Debug MPI|x64
		{4D908B30-D0CA-4CBE-AB33-1BE87F4C8A81}.Debug OpenMP|x64.Build.0 = Debug MPI|x64
		{4D908B30-D0CA-4CBE-AB33-1BE87F4C8A81}.Debug|Any CPU.ActiveCfg = Debug|x64
		{4D908B30-D0CA-4CBE-AB33-1BE87F4C8A81}.Debug|Mixed Platforms.ActiveCfg = Debug|x64
		{4D908B30-D0CA-4CBE-AB33-1BE87F4C8A81}.Debug|Mixed Platforms.Build.0 = Debug|x64
		{4D908B30-D0CA-4CBE-AB33-1BE87F4C8A81}.Debug|Win32.ActiveCfg = Debug|Win32
		{4D908B30-D0CA-4CBE-AB33-1BE87F4C8A81}.Debug|Win32.Build.0 = Debug|Win32
		{4D908B30-D0CA-4CBE-AB33-1BE87F4C8A81}.Debug|x64.ActiveCfg = Debug|x64
		{4D908B30-D0CA-4CBE-AB33-1BE87F4C8A81}.Release MPI|Any CPU.ActiveCfg = Release MPI|x64
		{4D908B30-D0CA-4CBE-AB33-1BE87F4C8A81}.Release MPI|Mixed Platforms.ActiveCfg = Release MPI|x64
		{4D908B30-D0CA-4CBE-AB33-1BE87F4C8A81}.Release MPI|Mixed Platforms.Build.0 = Release MPI|x64
		{4D908B30-D0CA-4CBE-AB33-1BE87F4C8A81}.Release MPI|Win32.ActiveCfg = Release MPI|Win32
		{4D908B30-D0CA-4CBE-AB33-1BE87F4C8A81}.Release MPI|x64.ActiveCfg = Release MPI|x64
		{4D908B30-D0CA-4CBE-AB33-1BE87F4C8A81}.Release OpenMP|Any CPU.ActiveCfg = Release MPI|x64
		{4D908B30-D0CA-4CBE-AB33-1BE87F4C8A81}.Release OpenMP|Mixed Platforms.ActiveCfg = Release MPI|x64
		{4D908B30-D0CA-4CBE-AB33-1BE87F4C8A81}.Release OpenMP|Mixed Platforms.Build.0 = Release MPI|x64
		{4D908B30-D0CA-4CBE-AB33-1BE87F4C8A81}.Release OpenMP|Win32.ActiveCfg = Release|Win32
		{4D908B30-D0CA-4CBE-AB33-1BE87F4C8A81}.Release OpenMP|Win32.Build.0 = Release|Win32
		{4D908B30-D0CA-4CBE-AB33-1BE87F4C8A81}.Release OpenMP|x64.ActiveCfg = Release|Win32
		{4D908B30-D0CA-4CBE-AB33-1BE87F4C8A81}.Release|Any CPU.ActiveCfg = Release|x64
		{4D908B30-D0CA-4CBE-AB33-1BE87F4C8A81}.Release|Mixed Platforms.ActiveCfg = Release|x64
		{4D908B30-D0CA-4CBE-AB33-1BE87F4C8A81}.Release|Mixed Platforms.Build.0 = Release|x64
		{4D908B30-D0CA-4CBE-AB33-1BE87F4C8A81}.Release|Win32.ActiveCfg = Release|Win32
		{4D908B30-D0CA-4CBE-AB33-1BE87F4C8A81}.Release|Win32.Build.0 = Release|Win32
		{4D908B30-D0CA-4CBE-AB33-1BE87F4C8A81}.Release|x64.ActiveCfg = Release|x64
		{A9AB71DE-AF36-43B8-8214-D1528881B036}.Debug MPI|Any CPU.ActiveCfg = Debug MPI|x64
		{A9AB71DE-AF36-43B8-8214-D1528881B036}.Debug MPI|Mixed Platforms.ActiveCfg = Debug MPI|x64
		{A9AB71DE-AF36-43B8-8214-D1528881B036}.Debug MPI|Mixed Platforms.Build.0 = Debug MPI|x64
		{A9AB71DE-AF36-43B8-8214-D1528881B036}.Debug MPI|Win32.ActiveCfg = Debug MPI|Win32
		{A9AB71DE-AF36-43B8-8214-D1528881B036}.Debug MPI|x64.ActiveCfg = Debug MPI|x64
		{A9AB71DE-AF36-43B8-8214-D1528881B036}.Debug OpenMP|Any CPU.ActiveCfg = Debug MPI|x64
		{A9AB71DE-AF36-43B8-8214-D1528881B036}.Debug OpenMP|Mixed Platforms.ActiveCfg = Debug MPI|x64
		{A9AB71DE-AF36-43B8-8214-D1528881B036}.Debug OpenMP|Mixed Platforms.Build.0 = Debug MPI|x64
		{A9AB71DE-AF36-43B8-8214-D1528881B036}.Debug OpenMP|Win32.ActiveCfg = Debug MPI|x64
		{A9AB71DE-AF36-43B8-8214-D1528881B036}.Debug OpenMP|x64.ActiveCfg = Debug MPI|x64
		{A9AB71DE-AF36-43B8-8214-D1528881B036}.Debug OpenMP|x64.Build.0 = Debug MPI|x64
		{A9AB71DE-AF36-43B8-8214-D1528881B036}.Debug|Any CPU.ActiveCfg = Debug|x64
		{A9AB71DE-AF36-43B8-8214-D1528881B036}.Debug|Mixed Platforms.ActiveCfg = Debug|x64
		{A9AB71DE-AF36-43B8-8214-D1528881B036}.Debug|Mixed Platforms.Build.0 = Debug|x64
		{A9AB71DE-AF36-43B8-8214-D1528881B036}.Debug|Win32.ActiveCfg = Debug|Win32
		{A9AB71DE-AF36-43B8-8214-D1528881B036}.Debug|Win32.Build.0 = Debug|Win32
		{A9AB71DE-AF36-43B8-8214-D1528881B036}.Debug|x64.ActiveCfg = Debug|x64
		{A9AB71DE-AF36-43B8-8214-D1528881B036}.Release MPI|Any CPU.ActiveCfg = Release MPI|x64
		{A9AB71DE-AF36-43B8-8214-D1528881B036}.Release MPI|Mixed Platforms.ActiveCfg = Release MPI|x64
		{A9AB71DE-AF36-43B8-8214-D1528881B036}.Release MPI|Mixed Platforms.Build.0 = Release MPI|x64
		{A9AB71DE-AF36-43B8-8214-D1528881B036}.Release MPI|Win32.ActiveCfg = Release MPI|Win32
		{A9AB71DE-AF36-43B8-8214-D1528881B036}.Release MPI|Win32.Build.0 = Release MPI|Win32
		{A9AB71DE-AF36-43B8-8214-D1528881B036}.Release MPI|x64.ActiveCfg = Release MPI|x64
		{A9AB71DE-AF36-43B8-8214-D1528881B036}.Release MPI|x64.Build.0 = Release MPI|x64
		{A9AB71DE-AF36-43B8-8214-D1528881B036}.Release OpenMP|Any CPU.ActiveCfg = Release MPI|x64
		{A9AB71DE-AF36-43B8-8214-D1528881B036}.Release OpenMP|Mixed Platforms.ActiveCfg = Release MPI|x64
		{A9AB71DE-AF36-43B8-8214-D1528881B036}.Release OpenMP|Mixed Platforms.Build.0 = Release MPI|x64
		{A9AB71DE-AF36-43B8-8214-D1528881B036}.Release OpenMP|Win32.ActiveCfg = Release|Win32
		{A9AB71DE-AF36-43B8-8214-D1528881B036}.Release OpenMP|Win32.Build.0 = Release|Win32
		{A9AB71DE-AF36-43B8-8214-D1528881B036}.Release OpenMP|x64.ActiveCfg = Release|Win32
		{A9AB71DE-AF36-43B8-8214-D1528881B036}.Release|Any CPU.ActiveCfg = Release|x64
		{A9AB71DE-AF36-43B8-8214-D1528881B036}.Release|Mixed Platforms.ActiveCfg = Release|x64
		{A9AB71DE-AF36-43B8-8214-D1528881B036}.Release|Mixed Platforms.Build.0 = Release|x64
		{A9AB71DE-AF36-43B8-8214-D1528881B036}.Release|Win32.ActiveCfg = Release|Win32
		{A9AB71DE-AF36-43B8-8214-D1528881B036}.Release|Win32.Build.0 = Release|Win32
		{A9AB71DE-AF36-43B8-8214-D1528881B036}.Release|x64.ActiveCfg = Release|x64
		{A9AB71DE-AF36-43B8-8214-D1528881B036}.Release|x64.Build.0 = Release|x64
		{8C4AD1E5-2DA6-4B02-9D25-3827BD0DEC20}.Debug MPI|Any CPU.ActiveCfg = Debug MPI|x64
		{8C4AD1E5-2DA6-4B02-9D25-3827BD0DEC20}.Debug MPI|Mixed Platforms.ActiveCfg = Debug MPI|x64
		{8C4AD1E5-2DA6-4B02-9D25-3827BD0DEC20}.Debug MPI|Mixed Platforms.Build.0 = Debug MPI|x64
		{8C4AD1E5-2DA6-4B02-9D25-3827BD0DEC20}.Debug MPI|Win32.ActiveCfg = Debug MPI|Win32
		{8C4AD1E5-2DA6-4B02-9D25-3827BD0DEC20}.Debug MPI|x64.ActiveCfg = Debug MPI|x64
		{8C4AD1E5-2DA6-4B02-9D25-3827BD0DEC20}.Debug OpenMP|Any CPU.ActiveCfg = Debug MPI|x64
		{8C4AD1E5-2DA6-4B02-9D25-3827BD0DEC20}.Debug OpenMP|Mixed Platforms.ActiveCfg = Debug MPI|x64
		{8C4AD1E5-2DA6-4B02-9D25-3827BD0DEC20}.Debug OpenMP|Mixed Platforms.Build.0 = Debug MPI|x64
		{8C4AD1E5-2DA6-4B02-9D25-3827BD0DEC20}.Debug OpenMP|Win32.ActiveCfg = Debug MPI|x64
		{8C4AD1E5-2DA6-4B02-9D25-3827BD0DEC20}.Debug OpenMP|x64.ActiveCfg = Debug MPI|x64
		{8C4AD1E5-2DA6-4B02-9D25-3827BD0DEC20}.Debug OpenMP|x64.Build.0 = Debug MPI|x64
		{8C4AD1E5-2DA6-4B02-9D25-3827BD0DEC20}.Debug|Any CPU.ActiveCfg = Debug|x64
		{8C4AD1E5-2DA6-4B02-9D25-3827BD0DEC20}.Debug|Mixed Platforms.ActiveCfg = Debug|x64
		{8C4AD1E5-2DA6-4B02-9D25-3827BD0DEC20}.Debug|Mixed Platforms.Build.0 = Debug|x64
		{8C4AD1E5-2DA6-4B02-9D25-3827BD0DEC20}.Debug|Win32.ActiveCfg = Debug|Win32
		{8C4AD1E5-2DA6-4B02-9D25-3827BD0DEC20}.Debug|Win32.Build.0 = Debug|Win32
		{8C4AD1E5-2DA6-4B02-9D25-3827BD0DEC20}.Debug|x64.ActiveCfg = Debug|x64
		{8C4AD1E5-2DA6-4B02-9D25-3827BD0DEC20}.Release MPI|Any CPU.ActiveCfg = Release MPI|x64
		{8C4AD1E5-2DA6-4B02-9D25-3827BD0DEC20}.Release MPI|Mixed Platforms.ActiveCfg = Release MPI|x64
		{8C4AD1E5-2DA6-4B02-9D25-3827BD0DEC20}.Release MPI|Mixed Platforms.Build.0 = Release MPI|x64
		{8C4AD1E5-2DA6-4B02-9D25-3827BD0DEC20}.Release MPI|Win32.ActiveCfg = Release MPI|Win32
		{8C4AD1E5-2DA6-4B02-9D25-3827BD0DEC20}.Release MPI|x64.ActiveCfg = Release MPI|x64
		{8C4AD1E5-2DA6-4B02-9D25-3827BD0DEC20}.Release OpenMP|Any CPU.ActiveCfg = Release MPI|x64
		{8C4AD1E5-2DA6-4B02-9D25-3827BD0DEC20}.Release OpenMP|Mixed Platforms.ActiveCfg = Release MPI|x64
		{8C4AD1E5-2DA6-4B02-9D25-3827BD0DEC20}.Release OpenMP|Mixed Platforms.Build.0 = Release MPI|x64
		{8C4AD1E5-2DA6-4B02-9D25-3827BD0DEC20}.Release OpenMP|Win32.ActiveCfg = Release|Win32
		{8C4AD1E5-2DA6-4B02-9D25-3827BD0DEC20}.Release OpenMP|Win32.Build.0 = Release|Win32
		{8C4AD1E5-2DA6-4B02-9D25-3827BD0DEC20}.Release OpenMP|x64.ActiveCfg = Release|Win32
		{8C4AD1E5-2DA6-4B02-9D25-3827BD0DEC20}.Release|Any CPU.ActiveCfg = Release|x64
		{8C4AD1E5-2DA6-4B02-9D25-3827BD0DEC20}.Release|Mixed Platforms.ActiveCfg = Release|x64
		{8C4AD1E5-2DA6-4B02-9D25-3827BD0DEC20}.Release|Mixed Platforms.Build.0 = Release|x64
		{8C4AD1E5-2DA6-4B02-9D25-3827BD0DEC20}.Release|Win32.ActiveCfg = Release|Win32
		{8C4AD1E5-2DA6-4B02-9D25-3827BD0DEC20}.Release|Win32.Build.0 = Release|Win32
		{8C4AD1E5-2DA6-4B02-9D25-3827BD0DEC20}.Release|x64.ActiveCfg = Release|x64
		{F58FF19C-6A88-4D99-B587-E6B7752EC103}.Debug MPI|Any CPU.ActiveCfg = Debug MPI|x64
		{F58FF19C-6A88-4D99-B587-E6B7752EC103}.Debug MPI|Mixed Platforms.ActiveCfg = Debug MPI|x64
		{F58FF19C-6A88-4D99-B587-E6B7752EC103}.Debug MPI|Mixed Platforms.Build.0 = Debug MPI|x64
		{F58FF19C-6A88-4D99-B587-E6B7752EC103}.Debug MPI|Win32.ActiveCfg = Debug MPI|Win32
		{F58FF19C-6A88-4D99-B587-E6B7752EC103}.Debug MPI|x64.ActiveCfg = Debug MPI|x64
		{F58FF19C-6A88-4D99-B587-E6B7752EC103}.Debug OpenMP|Any CPU.ActiveCfg = Debug MPI|x64
		{F58FF19C-6A88-4D99-B587-E6B7752EC103}.Debug OpenMP|Mixed Platforms.ActiveCfg = Debug MPI|x64
		{F58FF19C-6A88-4D99-B587-E6B7752EC103}.Debug OpenMP|Mixed Platforms.Build.0 = Debug MPI|x64
		{F58FF19C-6A88-4D99-B587-E6B7752EC103}.Debug OpenMP|Win32.ActiveCfg = Debug MPI|x64
		{F58FF19C-6A88-4D99-B587-E6B7752EC103}.Debug OpenMP|x64.ActiveCfg = Debug MPI|x64
		{F58FF19C-6A88-4D99-B587-E6B7752EC103}.Debug OpenMP|x64.Build.0 = Debug MPI|x64
		{F58FF19C-6A88-4D99-B587-E6B7752EC103}.Debug|Any CPU.ActiveCfg = Debug|x64
		{F58FF19C-6A88-4D99-B587-E6B7752EC103}.Debug|Mixed Platforms.ActiveCfg = Debug|x64
		{F58FF19C-6A88-4D99-B587-E6B7752EC103}.Debug|Mixed Platforms.Build.0 = Debug|x64
		{F58FF19C-6A88-4D99-B587-E6B7752EC103}.Debug|Win32.ActiveCfg = Debug|Win32
		{F58FF19C-6A88-4D99-B587-E6B7752EC103}.Debug|Win32.Build.0 = Debug|Win32
		{F58FF19C-6A88-4D99-B587-E6B7752EC103}.Debug|x64.ActiveCfg = Debug|x64
		{F58FF19C-6A88-4D99-B587-E6B7752EC103}.Release MPI|Any CPU.ActiveCfg = Release MPI|x64
		{F58FF19C-6A88-4D99-B587-E6B7752EC103}.Release MPI|Mixed Platforms.ActiveCfg = Release MPI|x64
		{F58FF19C-6A88-4D99-B587-E6B7752EC103}.Release MPI|Mixed Platforms.Build.0 = Release MPI|x64
		{F58FF19C-6A88-4D99-B587-E6B7752EC103}.Release MPI|Win32.ActiveCfg = Release MPI|Win32
		{F58FF19C-6A88-4D99-B587-E6B7752EC103}.Release MPI|x64.ActiveCfg = Release MPI|x64
		{F58FF19C-6A88-4D99-B587-E6B7752EC103}.Release OpenMP|Any CPU.ActiveCfg = Release MPI|x64
		{F58FF19C-6A88-4D99-B587-E6B7752EC103}.Release OpenMP|Mixed Platforms.ActiveCfg = Release MPI|x64
		{F58FF19C-6A88-4D99-B587-E6B7752EC103}.Release OpenMP|Mixed Platforms.Build.0 = Release MPI|x64
		{F58FF19C-6A88-4D99-B587-E6B7752EC103}.Release OpenMP|Win32.ActiveCfg = Release|Win32
		{F58FF19C-6A88-4D99-B587-E6B7752EC103}.Release OpenMP|Win32.Build.0 = Release|Win32
		{F58FF19C-6A88-4D99-B587-E6B7752EC103}.Release OpenMP|x64.ActiveCfg = Release|Win32
		{F58FF19C-6A88-4D99-B587-E6B7752EC103}.Release|Any CPU.ActiveCfg = Release|x64
		{F58FF19C-6A88-4D99-B587-E6B7752EC103}.Release|Mixed Platforms.ActiveCfg = Release|x64
		{F58FF19C-6A88-4D99-B587-E6B7752EC103}.Release|Mixed Platforms.Build.0 = Release|x64
		{F58FF19C-6A88-4D99-B587-E6B7752EC103}.Release|Win32.ActiveCfg = Release|Win32
		{F58FF19C-6A88-4D99-B587-E6B7752EC103}.Release|Win32.Build.0 = Release|Win32
		{F58FF19C-6A88-4D99-B587-E6B7752EC103}.Release|x64.ActiveCfg = Release|x64
		{8191DDA9-7477-48B2-BF5B-BA58EB81D76E}.Debug MPI|Any CPU.ActiveCfg = Debug MPI|x64
		{8191DDA9-7477-48B2-BF5B-BA58EB81D76E}.Debug MPI|Mixed Platforms.ActiveCfg = Debug MPI|x64
		{8191DDA9-7477-48B2-BF5B-BA58EB81D76E}.Debug MPI|Mixed Platforms.Build.0 = Debug MPI|x64
		{8191DDA9-7477-48B2-BF5B-BA58EB81D76E}.Debug MPI|Win32.ActiveCfg = Debug MPI|Win32
		{8191DDA9-7477-48B2-BF5B-BA58EB81D76E}.Debug MPI|Win32.Build.0 = Debug MPI|Win32
		{8191DDA9-7477-48B2-BF5B-BA58EB81D76E}.Debug MPI|x64.ActiveCfg = Debug MPI|x64
		{8191DDA9-7477-48B2-BF5B-BA58EB81D76E}.Debug MPI|x64.Build.0 = Debug MPI|x64
		{8191DDA9-7477-48B2-BF5B-BA58EB81D76E}.Debug OpenMP|Any CPU.ActiveCfg = Debug MPI|x64
		{8191DDA9-7477-48B2-BF5B-BA58EB81D76E}.Debug OpenMP|Mixed Platforms.ActiveCfg = Debug MPI|x64
		{8191DDA9-7477-48B2-BF5B-BA58EB81D76E}.Debug OpenMP|Mixed Platforms.Build.0 = Debug MPI|x64
		{8191DDA9-7477-48B2-BF5B-BA58EB81D76E}.Debug OpenMP|Win32.ActiveCfg = Debug MPI|x64
		{8191DDA9-7477-48B2-BF5B-BA58EB81D76E}.Debug OpenMP|x64.ActiveCfg = Debug MPI|x64
		{8191DDA9-7477-48B2-BF5B-BA58EB81D76E}.Debug OpenMP|x64.Build.0 = Debug MPI|x64
		{8191DDA9-7477-48B2-BF5B-BA58EB81D76E}.Debug|Any CPU.ActiveCfg = Debug|x64
		{8191DDA9-7477-48B2-BF5B-BA58EB81D76E}.Debug|Mixed Platforms.ActiveCfg = Debug|x64
		{8191DDA9-7477-48B2-BF5B-BA58EB81D76E}.Debug|Mixed Platforms.Build.0 = Debug|x64
		{8191DDA9-7477-48B2-BF5B-BA58EB81D76E}.Debug|Win32.ActiveCfg = Debug|Win32
		{8191DDA9-7477-48B2-BF5B-BA58EB81D76E}.Debug|Win32.Build.0 = Debug|Win32
		{8191DDA9-7477-48B2-BF5B-BA58EB81D76E}.Debug|x64.ActiveCfg = Debug|x64
		{8191DDA9-7477-48B2-BF5B-BA58EB81D76E}.Debug|x64.Build.0 = Debug|x64
		{8191DDA9-7477-48B2-BF5B-BA58EB81D76E}.Release MPI|Any CPU.ActiveCfg = Release MPI|x64
		{8191DDA9-7477-48B2-BF5B-BA58EB81D76E}.Release MPI|Mixed Platforms.ActiveCfg = Release MPI|x64
		{8191DDA9-7477-48B2-BF5B-BA58EB81D76E}.Release MPI|Mixed Platforms.Build.0 = Release MPI|x64
		{8191DDA9-7477-48B2-BF5B-BA58EB81D76E}.Release MPI|Win32.ActiveCfg = Release MPI|Win32
		{8191DDA9-7477-48B2-BF5B-BA58EB81D76E}.Release MPI|x64.ActiveCfg = Release MPI|x64
		{8191DDA9-7477-48B2-BF5B-BA58EB81D76E}.Release OpenMP|Any CPU.ActiveCfg = Release MPI|x64
		{8191DDA9-7477-48B2-BF5B-BA58EB81D76E}.Release OpenMP|Mixed Platforms.ActiveCfg = Release MPI|x64
		{8191DDA9-7477-48B2-BF5B-BA58EB81D76E}.Release OpenMP|Mixed Platforms.Build.0 = Release MPI|x64
		{8191DDA9-7477-48B2-BF5B-BA58EB81D76E}.Release OpenMP|Win32.ActiveCfg = Release|Win32
		{8191DDA9-7477-48B2-BF5B-BA58EB81D76E}.Release OpenMP|Win32.Build.0 = Release|Win32
		{8191DDA9-7477-48B2-BF5B-BA58EB81D76E}.Release OpenMP|x64.ActiveCfg = Release|Win32
		{8191DDA9-7477-48B2-BF5B-BA58EB81D76E}.Release|Any CPU.ActiveCfg = Release|x64
		{8191DDA9-7477-48B2-BF5B-BA58EB81D76E}.Release|Mixed Platforms.ActiveCfg = Release|x64
		{8191DDA9-7477-48B2-BF5B-BA58EB81D76E}.Release|Mixed Platforms.Build.0 = Release|x64
		{8191DDA9-7477-48B2-BF5B-BA58EB81D76E}.Release|Win32.ActiveCfg = Release|Win32
		{8191DDA9-7477-48B2-BF5B-BA58EB81D76E}.Release|Win32.Build.0 = Release|Win32
		{8191DDA9-7477-48B2-BF5B-BA58EB81D76E}.Release|x64.ActiveCfg = Release|x64
		{8F12330D-0DDF-427D-AE70-1F2A9F7A49D3}.Debug MPI|Any CPU.ActiveCfg = Debug MPI|x64
		{8F12330D-0DDF-427D-AE70-1F2A9F7A49D3}.Debug MPI|Mixed Platforms.ActiveCfg = Debug MPI|x64
		{8F12330D-0DDF-427D-AE70-1F2A9F7A49D3}.Debug MPI|Mixed Platforms.Build.0 = Debug MPI|x64
		{8F12330D-0DDF-427D-AE70-1F2A9F7A49D3}.Debug MPI|Win32.ActiveCfg = Debug MPI|Win32
		{8F12330D-0DDF-427D-AE70-1F2A9F7A49D3}.Debug MPI|x64.ActiveCfg = Debug MPI|x64
		{8F12330D-0DDF-427D-AE70-1F2A9F7A49D3}.Debug OpenMP|Any CPU.ActiveCfg = Debug MPI|x64
		{8F12330D-0DDF-427D-AE70-1F2A9F7A49D3}.Debug OpenMP|Mixed Platforms.ActiveCfg = Debug MPI|x64
		{8F12330D-0DDF-427D-AE70-1F2A9F7A49D3}.Debug OpenMP|Mixed Platforms.Build.0 = Debug MPI|x64
		{8F12330D-0DDF-427D-AE70-1F2A9F7A49D3}.Debug OpenMP|Win32.ActiveCfg = Debug MPI|x64
		{8F12330D-0DDF-427D-AE70-1F2A9F7A49D3}.Debug OpenMP|x64.ActiveCfg = Debug MPI|x64
		{8F12330D-0DDF-427D-AE70-1F2A9F7A49D3}.Debug OpenMP|x64.Build.0 = Debug MPI|x64
		{8F12330D-0DDF-427D-AE70-1F2A9F7A49D3}.Debug|Any CPU.ActiveCfg = Debug|x64
		{8F12330D-0DDF-427D-AE70-1F2A9F7A49D3}.Debug|Mixed Platforms.ActiveCfg = Debug|x64
		{8F12330D-0DDF-427D-AE70-1F2A9F7A49D3}.Debug|Mixed Platforms.Build.0 = Debug|x64
		{8F12330D-0DDF-427D-AE70-1F2A9F7A49D3}.Debug|Win32.ActiveCfg = Debug|Win32
		{8F12330D-0DDF-427D-AE70-1F2A9F7A49D3}.Debug|Win32.Build.0 = Debug|Win32
		{8F12330D-0DDF-427D-AE70-1F2A9F7A49D3}.Debug|x64.ActiveCfg = Debug|x64
		{8F12330D-0DDF-427D-AE70-1F2A9F7A49D3}.Release MPI|Any CPU.ActiveCfg = Release MPI|x64
		{8F12330D-0DDF-427D-AE70-1F2A9F7A49D3}.Release MPI|Mixed Platforms.ActiveCfg = Release MPI|x64
		{8F12330D-0DDF-427D-AE70-1F2A9F7A49D3}.Release MPI|Mixed Platforms.Build.0 = Release MPI|x64
		{8F12330D-0DDF-427D-AE70-1F2A9F7A49D3}.Release MPI|Win32.ActiveCfg = Release MPI|Win32
		{8F12330D-0DDF-427D-AE70-1F2A9F7A49D3}.Release MPI|x64.ActiveCfg = Release MPI|x64
		{8F12330D-0DDF-427D-AE70-1F2A9F7A49D3}.Release OpenMP|Any CPU.ActiveCfg = Release MPI|x64
		{8F12330D-0DDF-427D-AE70-1F2A9F7A49D3}.Release OpenMP|Mixed Platforms.ActiveCfg = Release MPI|x64
		{8F12330D-0DDF-427D-AE70-1F2A9F7A49D3}.Release OpenMP|Mixed Platforms.Build.0 = Release MPI|x64
		{8F12330D-0DDF-427D-AE70-1F2A9F7A49D3}.Release OpenMP|Win32.ActiveCfg = Release|Win32
		{8F12330D-0DDF-427D-AE70-1F2A9F7A49D3}.Release OpenMP|Win32.Build.0 = Release|Win32
		{8F12330D-0DDF-427D-AE70-1F2A9F7A49D3}.Release OpenMP|x64.ActiveCfg = Release|Win32
		{8F12330D-0DDF-427D-AE70-1F2A9F7A49D3}.Release|Any CPU.ActiveCfg = Release|x64
		{8F12330D-0DDF-427D-AE70-1F2A9F7A49D3}.Release|Mixed Platforms.ActiveCfg = Release|x64
		{8F12330D-0DDF-427D-AE70-1F2A9F7A49D3}.Release|Mixed Platforms.Build.0 = Release|x64
		{8F12330D-0DDF-427D-AE70-1F2A9F7A49D3}.Release|Win32.ActiveCfg = Release|Win32
		{8F12330D-0DDF-427D-AE70-1F2A9F7A49D3}.Release|Win32.Build.0 = Release|Win32
		{8F12330D-0DDF-427D-AE70-1F2A9F7A49D3}.Release|x64.ActiveCfg = Release|x64
		{29BFD189-F22E-42FD-8E33-4E2436386EB1}.Debug MPI|Any CPU.ActiveCfg = Debug|x64
		{29BFD189-F22E-42FD-8E33-4E2436386EB1}.Debug MPI|Mixed Platforms.ActiveCfg = Debug|x64
		{29BFD189-F22E-42FD-8E33-4E2436386EB1}.Debug MPI|Mixed Platforms.Build.0 = Debug|x64
		{29BFD189-F22E-42FD-8E33-4E2436386EB1}.Debug MPI|Win32.ActiveCfg = Debug|Win32
		{29BFD189-F22E-42FD-8E33-4E2436386EB1}.Debug MPI|Win32.Build.0 = Debug|Win32
		{29BFD189-F22E-42FD-8E33-4E2436386EB1}.Debug MPI|x64.ActiveCfg = Debug|Win32
		{29BFD189-F22E-42FD-8E33-4E2436386EB1}.Debug OpenMP|Any CPU.ActiveCfg = Debug|x64
		{29BFD189-F22E-42FD-8E33-4E2436386EB1}.Debug OpenMP|Mixed Platforms.ActiveCfg = Debug|x64
		{29BFD189-F22E-42FD-8E33-4E2436386EB1}.Debug OpenMP|Mixed Platforms.Build.0 = Debug|x64
		{29BFD189-F22E-42FD-8E33-4E2436386EB1}.Debug OpenMP|Win32.ActiveCfg = Debug|x64
		{29BFD189-F22E-42FD-8E33-4E2436386EB1}.Debug OpenMP|x64.ActiveCfg = Debug|x64
		{29BFD189-F22E-42FD-8E33-4E2436386EB1}.Debug OpenMP|x64.Build.0 = Debug|x64
		{29BFD189-F22E-42FD-8E33-4E2436386EB1}.Debug|Any CPU.ActiveCfg = Debug|x64
		{29BFD189-F22E-42FD-8E33-4E2436386EB1}.Debug|Mixed Platforms.ActiveCfg = Debug|x64
		{29BFD189-F22E-42FD-8E33-4E2436386EB1}.Debug|Mixed Platforms.Build.0 = Debug|x64
		{29BFD189-F22E-42FD-8E33-4E2436386EB1}.Debug|Win32.ActiveCfg = Debug|Win32
		{29BFD189-F22E-42FD-8E33-4E2436386EB1}.Debug|Win32.Build.0 = Debug|Win32
		{29BFD189-F22E-42FD-8E33-4E2436386EB1}.Debug|x64.ActiveCfg = Debug|x64
		{29BFD189-F22E-42FD-8E33-4E2436386EB1}.Release MPI|Any CPU.ActiveCfg = Release|x64
		{29BFD189-F22E-42FD-8E33-4E2436386EB1}.Release MPI|Mixed Platforms.ActiveCfg = Release|x64
		{29BFD189-F22E-42FD-8E33-4E2436386EB1}.Release MPI|Mixed Platforms.Build.0 = Release|x64
		{29BFD189-F22E-42FD-8E33-4E2436386EB1}.Release MPI|Win32.ActiveCfg = Release|Win32
		{29BFD189-F22E-42FD-8E33-4E2436386EB1}.Release MPI|Win32.Build.0 = Release|Win32
		{29BFD189-F22E-42FD-8E33-4E2436386EB1}.Release MPI|x64.ActiveCfg = Release|x64
		{29BFD189-F22E-42FD-8E33-4E2436386EB1}.Release MPI|x64.Build.0 = Release|x64
		{29BFD189-F22E-42FD-8E33-4E2436386EB1}.Release OpenMP|Any CPU.ActiveCfg = Release|x64
		{29BFD189-F22E-42FD-8E33-4E2436386EB1}.Release OpenMP|Mixed Platforms.ActiveCfg = Release|x64
		{29BFD189-F22E-42FD-8E33-4E2436386EB1}.Release OpenMP|Mixed Platforms.Build.0 = Release|x64
		{29BFD189-F22E-42FD-8E33-4E2436386EB1}.Release OpenMP|Win32.ActiveCfg = Release|Win32
		{29BFD189-F22E-42FD-8E33-4E2436386EB1}.Release OpenMP|Win32.Build.0 = Release|Win32
		{29BFD189-F22E-42FD-8E33-4E2436386EB1}.Release OpenMP|x64.ActiveCfg = Release|Win32
		{29BFD189-F22E-42FD-8E33-4E2436386EB1}.Release|Any CPU.ActiveCfg = Release|x64
		{29BFD189-F22E-42FD-8E33-4E2436386EB1}.Release|Mixed Platforms.ActiveCfg = Release|x64
		{29BFD189-F22E-42FD-8E33-4E2436386EB1}.Release|Mixed Platforms.Build.0 = Release|x64
		{29BFD189-F22E-42FD-8E33-4E2436386EB1}.Release|Win32.ActiveCfg = Release|Win32
		{29BFD189-F22E-42FD-8E33-4E2436386EB1}.Release|Win32.Build.0 = Release|Win32
		{29BFD189-F22E-42FD-8E33-4E2436386EB1}.Release|x64.ActiveCfg = Release|x64
		{DC527F50-5495-4C75-99DF-82B2CBA215AF}.Debug MPI|Any CPU.ActiveCfg = Debug|x64
		{DC527F50-5495-4C75-99DF-82B2CBA215AF}.Debug MPI|Mixed Platforms.ActiveCfg = Debug|x64
		{DC527F50-5495-4C75-99DF-82B2CBA215AF}.Debug MPI|Mixed Platforms.Build.0 = Debug|x64
		{DC527F50-5495-4C75-99DF-82B2CBA215AF}.Debug MPI|Win32.ActiveCfg = Debug|Win32
		{DC527F50-5495-4C75-99DF-82B2CBA215AF}.Debug MPI|Win32.Build.0 = Debug|Win32
		{DC527F50-5495-4C75-99DF-82B2CBA215AF}.Debug MPI|x64.ActiveCfg = Debug|Win32
		{DC527F50-5495-4C75-99DF-82B2CBA215AF}.Debug OpenMP|Any CPU.ActiveCfg = Debug|x64
		{DC527F50-5495-4C75-99DF-82B2CBA215AF}.Debug OpenMP|Mixed Platforms.ActiveCfg = Debug|x64
		{DC527F50-5495-4C75-99DF-82B2CBA215AF}.Debug OpenMP|Mixed Platforms.Build.0 = Debug|x64
		{DC527F50-5495-4C75-99DF-82B2CBA215AF}.Debug OpenMP|Win32.ActiveCfg = Debug|x64
		{DC527F50-5495-4C75-99DF-82B2CBA215AF}.Debug OpenMP|x64.ActiveCfg = Debug|x64
		{DC527F50-5495-4C75-99DF-82B2CBA215AF}.Debug OpenMP|x64.Build.0 = Debug|x64
		{DC527F50-5495-4C75-99DF-82B2CBA215AF}.Debug|Any CPU.ActiveCfg = Debug|x64
		{DC527F50-5495-4C75-99DF-82B2CBA215AF}.Debug|Mixed Platforms.ActiveCfg = Debug|x64
		{DC527F50-5495-4C75-99DF-82B2CBA215AF}.Debug|Mixed Platforms.Build.0 = Debug|x64
		{DC527F50-5495-4C75-99DF-82B2CBA215AF}.Debug|Win32.ActiveCfg = Debug|Win32
		{DC527F50-5495-4C75-99DF-82B2CBA215AF}.Debug|Win32.Build.0 = Debug|Win32
		{DC527F50-5495-4C75-99DF-82B2CBA215AF}.Debug|x64.ActiveCfg = Debug|x64
		{DC527F50-5495-4C75-99DF-82B2CBA215AF}.Release MPI|Any CPU.ActiveCfg = Release|x64
		{DC527F50-5495-4C75-99DF-82B2CBA215AF}.Release MPI|Mixed Platforms.ActiveCfg = Release|x64
		{DC527F50-5495-4C75-99DF-82B2CBA215AF}.Release MPI|Mixed Platforms.Build.0 = Release|x64
		{DC527F50-5495-4C75-99DF-82B2CBA215AF}.Release MPI|Win32.ActiveCfg = Release|Win32
		{DC527F50-5495-4C75-99DF-82B2CBA215AF}.Release MPI|Win32.Build.0 = Release|Win32
		{DC527F50-5495-4C75-99DF-82B2CBA215AF}.Release MPI|x64.ActiveCfg = Release|x64
		{DC527F50-5495-4C75-99DF-82B2CBA215AF}.Release OpenMP|Any CPU.ActiveCfg = Release|x64
		{DC527F50-5495-4C75-99DF-82B2CBA215AF}.Release OpenMP|Mixed Platforms.ActiveCfg = Release|x64
		{DC527F50-5495-4C75-99DF-82B2CBA215AF}.Release OpenMP|Mixed Platforms.Build.0 = Release|x64
		{DC527F50-5495-4C75-99DF-82B2CBA215AF}.Release OpenMP|Win32.ActiveCfg = Release|Win32
		{DC527F50-5495-4C75-99DF-82B2CBA215AF}.Release OpenMP|Win32.Build.0 = Release|Win32
		{DC527F50-5495-4C75-99DF-82B2CBA215AF}.Release OpenMP|x64.ActiveCfg = Release|Win32
		{DC527F50-5495-4C75-99DF-82B2CBA215AF}.Release|Any CPU.ActiveCfg = Release|x64
		{DC527F50-5495-4C75-99DF-82B2CBA215AF}.Release|Mixed Platforms.ActiveCfg = Release|x64
		{DC527F50-5495-4C75-99DF-82B2CBA215AF}.Release|Mixed Platforms.Build.0 = Release|x64
		{DC527F50-5495-4C75-99DF-82B2CBA215AF}.Release|Win32.ActiveCfg = Release|Win32
		{DC527F50-5495-4C75-99DF-82B2CBA215AF}.Release|Win32.Build.0 = Release|Win32
		{DC527F50-5495-4C75-99DF-82B2CBA215AF}.Release|x64.ActiveCfg = Release|x64
		{C04384BB-3887-4EA3-A9B4-988A0C698396}.Debug MPI|Any CPU.ActiveCfg = Debug|x64
		{C04384BB-3887-4EA3-A9B4-988A0C698396}.Debug MPI|Mixed Platforms.ActiveCfg = Debug|x64
		{C04384BB-3887-4EA3-A9B4-988A0C698396}.Debug MPI|Mixed Platforms.Build.0 = Debug|x64
		{C04384BB-3887-4EA3-A9B4-988A0C698396}.Debug MPI|Win32.ActiveCfg = Debug|Win32
		{C04384BB-3887-4EA3-A9B4-988A0C698396}.Debug MPI|Win32.Build.0 = Debug|Win32
		{C04384BB-3887-4EA3-A9B4-988A0C698396}.Debug MPI|x64.ActiveCfg = Debug|Win32
		{C04384BB-3887-4EA3-A9B4-988A0C698396}.Debug OpenMP|Any CPU.ActiveCfg = Debug|x64
		{C04384BB-3887-4EA3-A9B4-988A0C698396}.Debug OpenMP|Mixed Platforms.ActiveCfg = Debug|x64
		{C04384BB-3887-4EA3-A9B4-988A0C698396}.Debug OpenMP|Mixed Platforms.Build.0 = Debug|x64
		{C04384BB-3887-4EA3-A9B4-988A0C698396}.Debug OpenMP|Win32.ActiveCfg = Debug|x64
		{C04384BB-3887-4EA3-A9B4-988A0C698396}.Debug OpenMP|x64.ActiveCfg = Debug|x64
		{C04384BB-3887-4EA3-A9B4-988A0C698396}.Debug OpenMP|x64.Build.0 = Debug|x64
		{C04384BB-3887-4EA3-A9B4-988A0C698396}.Debug|Any CPU.ActiveCfg = Debug|x64
		{C04384BB-3887-4EA3-A9B4-988A0C698396}.Debug|Mixed Platforms.ActiveCfg = Debug|x64
		{C04384BB-3887-4EA3-A9B4-988A0C698396}.Debug|Mixed Platforms.Build.0 = Debug|x64
		{C04384BB-3887-4EA3-A9B4-988A0C698396}.Debug|Win32.ActiveCfg = Debug|Win32
		{C04384BB-3887-4EA3-A9B4-988A0C698396}.Debug|Win32.Build.0 = Debug|Win32
		{C04384BB-3887-4EA3-A9B4-988A0C698396}.Debug|x64.ActiveCfg = Debug|x64
		{C04384BB-3887-4EA3-A9B4-988A0C698396}.Release MPI|Any CPU.ActiveCfg = Release|x64
		{C04384BB-3887-4EA3-A9B4-988A0C698396}.Release MPI|Mixed Platforms.ActiveCfg = Release|x64
		{C04384BB-3887-4EA3-A9B4-988A0C698396}.Release MPI|Mixed Platforms.Build.0 = Release|x64
		{C04384BB-3887-4EA3-A9B4-988A0C698396}.Release MPI|Win32.ActiveCfg = Release|Win32
		{C04384BB-3887-4EA3-A9B4-988A0C698396}.Release MPI|Win32.Build.0 = Release|Win32
		{C04384BB-3887-4EA3-A9B4-988A0C698396}.Release MPI|x64.ActiveCfg = Release|Win32
		{C04384BB-3887-4EA3-A9B4-988A0C698396}.Release OpenMP|Any CPU.ActiveCfg = Release|x64
		{C04384BB-3887-4EA3-A9B4-988A0C698396}.Release OpenMP|Mixed Platforms.ActiveCfg = Release|x64
		{C04384BB-3887-4EA3-A9B4-988A0C698396}.Release OpenMP|Mixed Platforms.Build.0 = Release|x64
		{C04384BB-3887-4EA3-A9B4-988A0C698396}.Release OpenMP|Win32.ActiveCfg = Release|Win32
		{C04384BB-3887-4EA3-A9B4-988A0C698396}.Release OpenMP|Win32.Build.0 = Release|Win32
		{C04384BB-3887-4EA3-A9B4-988A0C698396}.Release OpenMP|x64.ActiveCfg = Release|Win32
		{C04384BB-3887-4EA3-A9B4-988A0C698396}.Release|Any CPU.ActiveCfg = Release|x64
		{C04384BB-3887-4EA3-A9B4-988A0C698396}.Release|Mixed Platforms.ActiveCfg = Release|x64
		{C04384BB-3887-4EA3-A9B4-988A0C698396}.Release|Mixed Platforms.Build.0 = Release|x64
		{C04384BB-3887-4EA3-A9B4-988A0C698396}.Release|Win32.ActiveCfg = Release|Win32
		{C04384BB-3887-4EA3-A9B4-988A0C698396}.Release|Win32.Build.0 = Release|Win32
		{C04384BB-3887-4EA3-A9B4-988A0C698396}.Release|x64.ActiveCfg = Release|x64
		{B500FAC8-4FC2-433A-8BBF-8D19837060FE}.Debug MPI|Any CPU.ActiveCfg = Debug|x64
		{B500FAC8-4FC2-433A-8BBF-8D19837060FE}.Debug MPI|Mixed Platforms.ActiveCfg = Debug|x64
		{B500FAC8-4FC2-433A-8BBF-8D19837060FE}.Debug MPI|Mixed Platforms.Build.0 = Debug|x64
		{B500FAC8-4FC2-433A-8BBF-8D19837060FE}.Debug MPI|Win32.ActiveCfg = Debug|Win32
		{B500FAC8-4FC2-433A-8BBF-8D19837060FE}.Debug MPI|Win32.Build.0 = Debug|Win32
		{B500FAC8-4FC2-433A-8BBF-8D19837060FE}.Debug MPI|x64.ActiveCfg = Debug|Win32
		{B500FAC8-4FC2-433A-8BBF-8D19837060FE}.Debug OpenMP|Any CPU.ActiveCfg = Debug|x64
		{B500FAC8-4FC2-433A-8BBF-8D19837060FE}.Debug OpenMP|Mixed Platforms.ActiveCfg = Debug|x64
		{B500FAC8-4FC2-433A-8BBF-8D19837060FE}.Debug OpenMP|Mixed Platforms.Build.0 = Debug|x64
		{B500FAC8-4FC2-433A-8BBF-8D19837060FE}.Debug OpenMP|Win32.ActiveCfg = Debug|x64
		{B500FAC8-4FC2-433A-8BBF-8D19837060FE}.Debug OpenMP|x64.ActiveCfg = Debug|x64
		{B500FAC8-4FC2-433A-8BBF-8D19837060FE}.Debug OpenMP|x64.Build.0 = Debug|x64
		{B500FAC8-4FC2-433A-8BBF-8D19837060FE}.Debug|Any CPU.ActiveCfg = Debug|x64
		{B500FAC8-4FC2-433A-8BBF-8D19837060FE}.Debug|Mixed Platforms.ActiveCfg = Debug|x64
		{B500FAC8-4FC2-433A-8BBF-8D19837060FE}.Debug|Mixed Platforms.Build.0 = Debug|x64
		{B500FAC8-4FC2-433A-8BBF-8D19837060FE}.Debug|Win32.ActiveCfg = Debug|Win32
		{B500FAC8-4FC2-433A-8BBF-8D19837060FE}.Debug|Win32.Build.0 = Debug|Win32
		{B500FAC8-4FC2-433A-8BBF-8D19837060FE}.Debug|x64.ActiveCfg = Debug|x64
		{B500FAC8-4FC2-433A-8BBF-8D19837060FE}.Release MPI|Any CPU.ActiveCfg = Release|x64
		{B500FAC8-4FC2-433A-8BBF-8D19837060FE}.Release MPI|Mixed Platforms.ActiveCfg = Release|x64
		{B500FAC8-4FC2-433A-8BBF-8D19837060FE}.Release MPI|Mixed Platforms.Build.0 = Release|x64
		{B500FAC8-4FC2-433A-8BBF-8D19837060FE}.Release MPI|Win32.ActiveCfg = Release|Win32
		{B500FAC8-4FC2-433A-8BBF-8D19837060FE}.Release MPI|Win32.Build.0 = Release|Win32
		{B500FAC8-4FC2-433A-8BBF-8D19837060FE}.Release MPI|x64.ActiveCfg = Release|Win32
		{B500FAC8-4FC2-433A-8BBF-8D19837060FE}.Release OpenMP|Any CPU.ActiveCfg = Release|x64
		{B500FAC8-4FC2-433A-8BBF-8D19837060FE}.Release OpenMP|Mixed Platforms.ActiveCfg = Release|x64
		{B500FAC8-4FC2-433A-8BBF-8D19837060FE}.Release OpenMP|Mixed Platforms.Build.0 = Release|x64
		{B500FAC8-4FC2-433A-8BBF-8D19837060FE}.Release OpenMP|Win32.ActiveCfg = Release|Win32
		{B500FAC8-4FC2-433A-8BBF-8D19837060FE}.Release OpenMP|Win32.Build.0 = Release|Win32
		{B500FAC8-4FC2-433A-8BBF-8D19837060FE}.Release OpenMP|x64.ActiveCfg = Release|Win32
		{B500FAC8-4FC2-433A-8BBF-8D19837060FE}.Release|Any CPU.ActiveCfg = Release|x64
		{B500FAC8-4FC2-433A-8BBF-8D19837060FE}.Release|Mixed Platforms.ActiveCfg = Release|x64
		{B500FAC8-4FC2-433A-8BBF-8D19837060FE}.Release|Mixed Platforms.Build.0 = Release|x64
		{B500FAC8-4FC2-433A-8BBF-8D19837060FE}.Release|Win32.ActiveCfg = Release|Win32
		{B500FAC8-4FC2-433A-8BBF-8D19837060FE}.Release|Win32.Build.0 = Release|Win32
		{B500FAC8-4FC2-433A-8BBF-8D19837060FE}.Release|x64.ActiveCfg = Release|x64
		{B500FAC8-4FC2-433A-8BBF-8D19837060FE}.Release|x64.Build.0 = Release|x64
		{4831291D-0227-4FEB-9A09-0BD2A1E5B8EA}.Debug MPI|Any CPU.ActiveCfg = Debug|x64
		{4831291D-0227-4FEB-9A09-0BD2A1E5B8EA}.Debug MPI|Mixed Platforms.ActiveCfg = Debug|x64
		{4831291D-0227-4FEB-9A09-0BD2A1E5B8EA}.Debug MPI|Mixed Platforms.Build.0 = Debug|x64
		{4831291D-0227-4FEB-9A09-0BD2A1E5B8EA}.Debug MPI|Win32.ActiveCfg = Debug|x64
		{4831291D-0227-4FEB-9A09-0BD2A1E5B8EA}.Debug MPI|x64.ActiveCfg = Debug|x64
		{4831291D-0227-4FEB-9A09-0BD2A1E5B8EA}.Debug MPI|x64.Build.0 = Debug|x64
		{4831291D-0227-4FEB-9A09-0BD2A1E5B8EA}.Debug OpenMP|Any CPU.ActiveCfg = Debug|x64
		{4831291D-0227-4FEB-9A09-0BD2A1E5B8EA}.Debug OpenMP|Mixed Platforms.ActiveCfg = Debug|x64
		{4831291D-0227-4FEB-9A09-0BD2A1E5B8EA}.Debug OpenMP|Mixed Platforms.Build.0 = Debug|x64
		{4831291D-0227-4FEB-9A09-0BD2A1E5B8EA}.Debug OpenMP|Win32.ActiveCfg = Debug|x64
		{4831291D-0227-4FEB-9A09-0BD2A1E5B8EA}.Debug OpenMP|x64.ActiveCfg = Debug|x64
		{4831291D-0227-4FEB-9A09-0BD2A1E5B8EA}.Debug OpenMP|x64.Build.0 = Debug|x64
		{4831291D-0227-4FEB-9A09-0BD2A1E5B8EA}.Debug|Any CPU.ActiveCfg = Debug|x64
		{4831291D-0227-4FEB-9A09-0BD2A1E5B8EA}.Debug|Mixed Platforms.ActiveCfg = Debug|x64
		{4831291D-0227-4FEB-9A09-0BD2A1E5B8EA}.Debug|Mixed Platforms.Build.0 = Debug|x64
		{4831291D-0227-4FEB-9A09-0BD2A1E5B8EA}.Debug|Win32.ActiveCfg = Debug|Win32
		{4831291D-0227-4FEB-9A09-0BD2A1E5B8EA}.Debug|Win32.Build.0 = Debug|Win32
		{4831291D-0227-4FEB-9A09-0BD2A1E5B8EA}.Debug|x64.ActiveCfg = Debug|x64
		{4831291D-0227-4FEB-9A09-0BD2A1E5B8EA}.Debug|x64.Build.0 = Debug|x64
		{4831291D-0227-4FEB-9A09-0BD2A1E5B8EA}.Release MPI|Any CPU.ActiveCfg = Release|x64
		{4831291D-0227-4FEB-9A09-0BD2A1E5B8EA}.Release MPI|Mixed Platforms.ActiveCfg = Release|x64
		{4831291D-0227-4FEB-9A09-0BD2A1E5B8EA}.Release MPI|Mixed Platforms.Build.0 = Release|x64
		{4831291D-0227-4FEB-9A09-0BD2A1E5B8EA}.Release MPI|Win32.ActiveCfg = Release|x64
		{4831291D-0227-4FEB-9A09-0BD2A1E5B8EA}.Release MPI|x64.ActiveCfg = Release|x64
		{4831291D-0227-4FEB-9A09-0BD2A1E5B8EA}.Release MPI|x64.Build.0 = Release|x64
		{4831291D-0227-4FEB-9A09-0BD2A1E5B8EA}.Release OpenMP|Any CPU.ActiveCfg = Release|x64
		{4831291D-0227-4FEB-9A09-0BD2A1E5B8EA}.Release OpenMP|Mixed Platforms.ActiveCfg = Release|x64
		{4831291D-0227-4FEB-9A09-0BD2A1E5B8EA}.Release OpenMP|Mixed Platforms.Build.0 = Release|x64
		{4831291D-0227-4FEB-9A09-0BD2A1E5B8EA}.Release OpenMP|Win32.ActiveCfg = Release|x64
		{4831291D-0227-4FEB-9A09-0BD2A1E5B8EA}.Release OpenMP|x64.ActiveCfg = Release|x64
		{4831291D-0227-4FEB-9A09-0BD2A1E5B8EA}.Release OpenMP|x64.Build.0 = Release|x64
		{4831291D-0227-4FEB-9A09-0BD2A1E5B8EA}.Release|Any CPU.ActiveCfg = Release|x64
		{4831291D-0227-4FEB-9A09-0BD2A1E5B8EA}.Release|Mixed Platforms.ActiveCfg = Release|x64
		{4831291D-0227-4FEB-9A09-0BD2A1E5B8EA}.Release|Mixed Platforms.Build.0 = Release|x64
		{4831291D-0227-4FEB-9A09-0BD2A1E5B8EA}.Release|Win32.ActiveCfg = Release|Win32
		{4831291D-0227-4FEB-9A09-0BD2A1E5B8EA}.Release|Win32.Build.0 = Release|Win32
		{4831291D-0227-4FEB-9A09-0BD2A1E5B8EA}.Release|x64.ActiveCfg = Release|x64
		{4831291D-0227-4FEB-9A09-0BD2A1E5B8EA}.Release|x64.Build.0 = Release|x64
		{BCE54D78-EFF6-4492-86D3-E6EFB49E9083}.Debug MPI|Any CPU.ActiveCfg = Debug|x64
		{BCE54D78-EFF6-4492-86D3-E6EFB49E9083}.Debug MPI|Mixed Platforms.ActiveCfg = Debug|x64
		{BCE54D78-EFF6-4492-86D3-E6EFB49E9083}.Debug MPI|Mixed Platforms.Build.0 = Debug|x64
		{BCE54D78-EFF6-4492-86D3-E6EFB49E9083}.Debug MPI|Win32.ActiveCfg = Debug|x64
		{BCE54D78-EFF6-4492-86D3-E6EFB49E9083}.Debug MPI|x64.ActiveCfg = Debug|x64
		{BCE54D78-EFF6-4492-86D3-E6EFB49E9083}.Debug MPI|x64.Build.0 = Debug|x64
		{BCE54D78-EFF6-4492-86D3-E6EFB49E9083}.Debug OpenMP|Any CPU.ActiveCfg = Debug|x64
		{BCE54D78-EFF6-4492-86D3-E6EFB49E9083}.Debug OpenMP|Mixed Platforms.ActiveCfg = Debug|x64
		{BCE54D78-EFF6-4492-86D3-E6EFB49E9083}.Debug OpenMP|Mixed Platforms.Build.0 = Debug|x64
		{BCE54D78-EFF6-4492-86D3-E6EFB49E9083}.Debug OpenMP|Win32.ActiveCfg = Debug|x64
		{BCE54D78-EFF6-4492-86D3-E6EFB49E9083}.Debug OpenMP|x64.ActiveCfg = Debug|x64
		{BCE54D78-EFF6-4492-86D3-E6EFB49E9083}.Debug OpenMP|x64.Build.0 = Debug|x64
		{BCE54D78-EFF6-4492-86D3-E6EFB49E9083}.Debug|Any CPU.ActiveCfg = Debug|x64
		{BCE54D78-EFF6-4492-86D3-E6EFB49E9083}.Debug|Mixed Platforms.ActiveCfg = Debug|x64
		{BCE54D78-EFF6-4492-86D3-E6EFB49E9083}.Debug|Mixed Platforms.Build.0 = Debug|x64
		{BCE54D78-EFF6-4492-86D3-E6EFB49E9083}.Debug|Win32.ActiveCfg = Debug|Win32
		{BCE54D78-EFF6-4492-86D3-E6EFB49E9083}.Debug|Win32.Build.0 = Debug|Win32
		{BCE54D78-EFF6-4492-86D3-E6EFB49E9083}.Debug|x64.ActiveCfg = Debug|x64
		{BCE54D78-EFF6-4492-86D3-E6EFB49E9083}.Debug|x64.Build.0 = Debug|x64
		{BCE54D78-EFF6-4492-86D3-E6EFB49E9083}.Release MPI|Any CPU.ActiveCfg = Release|x64
		{BCE54D78-EFF6-4492-86D3-E6EFB49E9083}.Release MPI|Mixed Platforms.ActiveCfg = Release|x64
		{BCE54D78-EFF6-4492-86D3-E6EFB49E9083}.Release MPI|Mixed Platforms.Build.0 = Release|x64
		{BCE54D78-EFF6-4492-86D3-E6EFB49E9083}.Release MPI|Win32.ActiveCfg = Release|x64
		{BCE54D78-EFF6-4492-86D3-E6EFB49E9083}.Release MPI|x64.ActiveCfg = Release|x64
		{BCE54D78-EFF6-4492-86D3-E6EFB49E9083}.Release MPI|x64.Build.0 = Release|x64
		{BCE54D78-EFF6-4492-86D3-E6EFB49E9083}.Release OpenMP|Any CPU.ActiveCfg = Release|x64
		{BCE54D78-EFF6-4492-86D3-E6EFB49E9083}.Release OpenMP|Mixed Platforms.ActiveCfg = Release|x64
		{BCE54D78-EFF6-4492-86D3-E6EFB49E9083}.Release OpenMP|Mixed Platforms.Build.0 = Release|x64
		{BCE54D78-EFF6-4492-86D3-E6EFB49E9083}.Release OpenMP|Win32.ActiveCfg = Release|x64
		{BCE54D78-EFF6-4492-86D3-E6EFB49E9083}.Release OpenMP|x64.ActiveCfg = Release|x64
		{BCE54D78-EFF6-4492-86D3-E6EFB49E9083}.Release OpenMP|x64.Build.0 = Release|x64
		{BCE54D78-EFF6-4492-86D3-E6EFB49E9083}.Release|Any CPU.ActiveCfg = Release|x64
		{BCE54D78-EFF6-4492-86D3-E6EFB49E9083}.Release|Mixed Platforms.ActiveCfg = Release|x64
		{BCE54D78-EFF6-4492-86D3-E6EFB49E9083}.Release|Mixed Platforms.Build.0 = Release|x64
		{BCE54D78-EFF6-4492-86D3-E6EFB49E9083}.Release|Win32.ActiveCfg = Release|Win32
		{BCE54D78-EFF6-4492-86D3-E6EFB49E9083}.Release|Win32.Build.0 = Release|Win32
		{BCE54D78-EFF6-4492-86D3-E6EFB49E9083}.Release|x64.ActiveCfg = Release|x64
		{BCE54D78-EFF6-4492-86D3-E6EFB49E9083}.Release|x64.Build.0 = Release|x64
		{F8708A1A-EF60-4639-BD43-777C769C7864}.Debug MPI|Any CPU.ActiveCfg = Debug|Win32
		{F8708A1A-EF60-4639-BD43-777C769C7864}.Debug MPI|Mixed Platforms.ActiveCfg = Debug|Win32
		{F8708A1A-EF60-4639-BD43-777C769C7864}.Debug MPI|Mixed Platforms.Build.0 = Debug|Win32
		{F8708A1A-EF60-4639-BD43-777C769C7864}.Debug MPI|Win32.ActiveCfg = Debug|Win32
		{F8708A1A-EF60-4639-BD43-777C769C7864}.Debug MPI|Win32.Build.0 = Debug|Win32
		{F8708A1A-EF60-4639-BD43-777C769C7864}.Debug MPI|x64.ActiveCfg = Debug|Win32
		{F8708A1A-EF60-4639-BD43-777C769C7864}.Debug OpenMP|Any CPU.ActiveCfg = Debug|Win32
		{F8708A1A-EF60-4639-BD43-777C769C7864}.Debug OpenMP|Mixed Platforms.ActiveCfg = Debug|Win32
		{F8708A1A-EF60-4639-BD43-777C769C7864}.Debug OpenMP|Mixed Platforms.Build.0 = Debug|Win32
		{F8708A1A-EF60-4639-BD43-777C769C7864}.Debug OpenMP|Win32.ActiveCfg = Debug|Win32
		{F8708A1A-EF60-4639-BD43-777C769C7864}.Debug OpenMP|Win32.Build.0 = Debug|Win32
		{F8708A1A-EF60-4639-BD43-777C769C7864}.Debug OpenMP|x64.ActiveCfg = Debug|Win32
		{F8708A1A-EF60-4639-BD43-777C769C7864}.Debug|Any CPU.ActiveCfg = Debug|Win32
		{F8708A1A-EF60-4639-BD43-777C769C7864}.Debug|Mixed Platforms.ActiveCfg = Debug|Win32
		{F8708A1A-EF60-4639-BD43-777C769C7864}.Debug|Mixed Platforms.Build.0 = Debug|Win32
		{F8708A1A-EF60-4639-BD43-777C769C7864}.Debug|Win32.ActiveCfg = Debug|Win32
		{F8708A1A-EF60-4639-BD43-777C769C7864}.Debug|Win32.Build.0 = Debug|Win32
		{F8708A1A-EF60-4639-BD43-777C769C7864}.Debug|x64.ActiveCfg = Debug|x64
		{F8708A1A-EF60-4639-BD43-777C769C7864}.Release MPI|Any CPU.ActiveCfg = Release|Win32
		{F8708A1A-EF60-4639-BD43-777C769C7864}.Release MPI|Mixed Platforms.ActiveCfg = Release|Win32
		{F8708A1A-EF60-4639-BD43-777C769C7864}.Release MPI|Mixed Platforms.Build.0 = Release|Win32
		{F8708A1A-EF60-4639-BD43-777C769C7864}.Release MPI|Win32.ActiveCfg = Release|Win32
		{F8708A1A-EF60-4639-BD43-777C769C7864}.Release MPI|Win32.Build.0 = Release|Win32
		{F8708A1A-EF60-4639-BD43-777C769C7864}.Release MPI|x64.ActiveCfg = Release|x64
		{F8708A1A-EF60-4639-BD43-777C769C7864}.Release OpenMP|Any CPU.ActiveCfg = Release|Win32
		{F8708A1A-EF60-4639-BD43-777C769C7864}.Release OpenMP|Mixed Platforms.ActiveCfg = Release|Win32
		{F8708A1A-EF60-4639-BD43-777C769C7864}.Release OpenMP|Mixed Platforms.Build.0 = Release|Win32
		{F8708A1A-EF60-4639-BD43-777C769C7864}.Release OpenMP|Win32.ActiveCfg = Release|Win32
		{F8708A1A-EF60-4639-BD43-777C769C7864}.Release OpenMP|Win32.Build.0 = Release|Win32
		{F8708A1A-EF60-4639-BD43-777C769C7864}.Release OpenMP|x64.ActiveCfg = Release|Win32
		{F8708A1A-EF60-4639-BD43-777C769C7864}.Release|Any CPU.ActiveCfg = Release|Win32
		{F8708A1A-EF60-4639-BD43-777C769C7864}.Release|Mixed Platforms.ActiveCfg = Release|Win32
		{F8708A1A-EF60-4639-BD43-777C769C7864}.Release|Mixed Platforms.Build.0 = Release|Win32
		{F8708A1A-EF60-4639-BD43-777C769C7864}.Release|Win32.ActiveCfg = Release|Win32
		{F8708A1A-EF60-4639-BD43-777C769C7864}.Release|Win32.Build.0 = Release|Win32
		{F8708A1A-EF60-4639-BD43-777C769C7864}.Release|x64.ActiveCfg = Release|x64
		{2E3EE7BF-B4D7-4E31-9B3A-7DC55FE41D40}.Debug MPI|Any CPU.ActiveCfg = Release OpenMP|x64
		{2E3EE7BF-B4D7-4E31-9B3A-7DC55FE41D40}.Debug MPI|Any CPU.Build.0 = Release OpenMP|x64
		{2E3EE7BF-B4D7-4E31-9B3A-7DC55FE41D40}.Debug MPI|Mixed Platforms.ActiveCfg = Debug OpenMP|Win32
		{2E3EE7BF-B4D7-4E31-9B3A-7DC55FE41D40}.Debug MPI|Mixed Platforms.Build.0 = Debug OpenMP|Win32
		{2E3EE7BF-B4D7-4E31-9B3A-7DC55FE41D40}.Debug MPI|Win32.ActiveCfg = Debug OpenMP|Win32
		{2E3EE7BF-B4D7-4E31-9B3A-7DC55FE41D40}.Debug MPI|Win32.Build.0 = Debug OpenMP|Win32
		{2E3EE7BF-B4D7-4E31-9B3A-7DC55FE41D40}.Debug MPI|x64.ActiveCfg = Debug OpenMP|x64
		{2E3EE7BF-B4D7-4E31-9B3A-7DC55FE41D40}.Debug MPI|x64.Build.0 = Debug OpenMP|x64
		{2E3EE7BF-B4D7-4E31-9B3A-7DC55FE41D40}.Debug OpenMP|Any CPU.ActiveCfg = Debug OpenMP|x64
		{2E3EE7BF-B4D7-4E31-9B3A-7DC55FE41D40}.Debug OpenMP|Mixed Platforms.ActiveCfg = Debug OpenMP|Win32
		{2E3EE7BF-B4D7-4E31-9B3A-7DC55FE41D40}.Debug OpenMP|Mixed Platforms.Build.0 = Debug OpenMP|Win32
		{2E3EE7BF-B4D7-4E31-9B3A-7DC55FE41D40}.Debug OpenMP|Win32.ActiveCfg = Debug OpenMP|Win32
		{2E3EE7BF-B4D7-4E31-9B3A-7DC55FE41D40}.Debug OpenMP|Win32.Build.0 = Debug OpenMP|Win32
		{2E3EE7BF-B4D7-4E31-9B3A-7DC55FE41D40}.Debug OpenMP|x64.ActiveCfg = Debug OpenMP|x64
		{2E3EE7BF-B4D7-4E31-9B3A-7DC55FE41D40}.Debug OpenMP|x64.Build.0 = Debug OpenMP|x64
		{2E3EE7BF-B4D7-4E31-9B3A-7DC55FE41D40}.Debug|Any CPU.ActiveCfg = Debug|Win32
		{2E3EE7BF-B4D7-4E31-9B3A-7DC55FE41D40}.Debug|Mixed Platforms.ActiveCfg = Debug|Win32
		{2E3EE7BF-B4D7-4E31-9B3A-7DC55FE41D40}.Debug|Mixed Platforms.Build.0 = Debug|Win32
		{2E3EE7BF-B4D7-4E31-9B3A-7DC55FE41D40}.Debug|Win32.ActiveCfg = Debug|Win32
		{2E3EE7BF-B4D7-4E31-9B3A-7DC55FE41D40}.Debug|Win32.Build.0 = Debug|Win32
		{2E3EE7BF-B4D7-4E31-9B3A-7DC55FE41D40}.Debug|x64.ActiveCfg = Debug|x64
		{2E3EE7BF-B4D7-4E31-9B3A-7DC55FE41D40}.Debug|x64.Build.0 = Debug|x64
		{2E3EE7BF-B4D7-4E31-9B3A-7DC55FE41D40}.Release MPI|Any CPU.ActiveCfg = Release OpenMP|x64
		{2E3EE7BF-B4D7-4E31-9B3A-7DC55FE41D40}.Release MPI|Any CPU.Build.0 = Release OpenMP|x64
		{2E3EE7BF-B4D7-4E31-9B3A-7DC55FE41D40}.Release MPI|Mixed Platforms.ActiveCfg = Release OpenMP|Win32
		{2E3EE7BF-B4D7-4E31-9B3A-7DC55FE41D40}.Release MPI|Mixed Platforms.Build.0 = Release OpenMP|Win32
		{2E3EE7BF-B4D7-4E31-9B3A-7DC55FE41D40}.Release MPI|Win32.ActiveCfg = Release OpenMP|Win32
		{2E3EE7BF-B4D7-4E31-9B3A-7DC55FE41D40}.Release MPI|Win32.Build.0 = Release OpenMP|Win32
		{2E3EE7BF-B4D7-4E31-9B3A-7DC55FE41D40}.Release MPI|x64.ActiveCfg = Release|x64
		{2E3EE7BF-B4D7-4E31-9B3A-7DC55FE41D40}.Release MPI|x64.Build.0 = Release|x64
		{2E3EE7BF-B4D7-4E31-9B3A-7DC55FE41D40}.Release OpenMP|Any CPU.ActiveCfg = Release OpenMP|x64
		{2E3EE7BF-B4D7-4E31-9B3A-7DC55FE41D40}.Release OpenMP|Mixed Platforms.ActiveCfg = Release OpenMP|Win32
		{2E3EE7BF-B4D7-4E31-9B3A-7DC55FE41D40}.Release OpenMP|Mixed Platforms.Build.0 = Release OpenMP|Win32
		{2E3EE7BF-B4D7-4E31-9B3A-7DC55FE41D40}.Release OpenMP|Win32.ActiveCfg = Release OpenMP|Win32
		{2E3EE7BF-B4D7-4E31-9B3A-7DC55FE41D40}.Release OpenMP|Win32.Build.0 = Release OpenMP|Win32
		{2E3EE7BF-B4D7-4E31-9B3A-7DC55FE41D40}.Release OpenMP|x64.ActiveCfg = Release OpenMP|x64
		{2E3EE7BF-B4D7-4E31-9B3A-7DC55FE41D40}.Release OpenMP|x64.Build.0 = Release OpenMP|x64
		{2E3EE7BF-B4D7-4E31-9B3A-7DC55FE41D40}.Release|Any CPU.ActiveCfg = Release|Win32
		{2E3EE7BF-B4D7-4E31-9B3A-7DC55FE41D40}.Release|Mixed Platforms.ActiveCfg = Release|Win32
		{2E3EE7BF-B4D7-4E31-9B3A-7DC55FE41D40}.Release|Mixed Platforms.Build.0 = Release|Win32
		{2E3EE7BF-B4D7-4E31-9B3A-7DC55FE41D40}.Release|Win32.ActiveCfg = Release|Win32
		{2E3EE7BF-B4D7-4E31-9B3A-7DC55FE41D40}.Release|Win32.Build.0 = Release|Win32
		{2E3EE7BF-B4D7-4E31-9B3A-7DC55FE41D40}.Release|x64.ActiveCfg = Release|x64
		{2E3EE7BF-B4D7-4E31-9B3A-7DC55FE41D40}.Release|x64.Build.0 = Release|x64
		{B893667E-A60D-4D7E-A1F6-E0D94E8815BB}.Debug MPI|Any CPU.ActiveCfg = Debug|x64
		{B893667E-A60D-4D7E-A1F6-E0D94E8815BB}.Debug MPI|Mixed Platforms.ActiveCfg = Debug|x64
		{B893667E-A60D-4D7E-A1F6-E0D94E8815BB}.Debug MPI|Mixed Platforms.Build.0 = Debug|x64
		{B893667E-A60D-4D7E-A1F6-E0D94E8815BB}.Debug MPI|Win32.ActiveCfg = Debug|Win32
		{B893667E-A60D-4D7E-A1F6-E0D94E8815BB}.Debug MPI|Win32.Build.0 = Debug|Win32
		{B893667E-A60D-4D7E-A1F6-E0D94E8815BB}.Debug MPI|x64.ActiveCfg = Debug|Win32
		{B893667E-A60D-4D7E-A1F6-E0D94E8815BB}.Debug OpenMP|Any CPU.ActiveCfg = Debug|x64
		{B893667E-A60D-4D7E-A1F6-E0D94E8815BB}.Debug OpenMP|Mixed Platforms.ActiveCfg = Debug|x64
		{B893667E-A60D-4D7E-A1F6-E0D94E8815BB}.Debug OpenMP|Mixed Platforms.Build.0 = Debug|x64
		{B893667E-A60D-4D7E-A1F6-E0D94E8815BB}.Debug OpenMP|Win32.ActiveCfg = Debug|Win32
		{B893667E-A60D-4D7E-A1F6-E0D94E8815BB}.Debug OpenMP|Win32.Build.0 = Debug|Win32
		{B893667E-A60D-4D7E-A1F6-E0D94E8815BB}.Debug OpenMP|x64.ActiveCfg = Debug|Win32
		{B893667E-A60D-4D7E-A1F6-E0D94E8815BB}.Debug|Any CPU.ActiveCfg = Debug|x64
		{B893667E-A60D-4D7E-A1F6-E0D94E8815BB}.Debug|Mixed Platforms.ActiveCfg = Debug|x64
		{B893667E-A60D-4D7E-A1F6-E0D94E8815BB}.Debug|Mixed Platforms.Build.0 = Debug|x64
		{B893667E-A60D-4D7E-A1F6-E0D94E8815BB}.Debug|Win32.ActiveCfg = Debug|Win32
		{B893667E-A60D-4D7E-A1F6-E0D94E8815BB}.Debug|Win32.Build.0 = Debug|Win32
		{B893667E-A60D-4D7E-A1F6-E0D94E8815BB}.Debug|x64.ActiveCfg = Debug|x64
		{B893667E-A60D-4D7E-A1F6-E0D94E8815BB}.Debug|x64.Build.0 = Debug|x64
		{B893667E-A60D-4D7E-A1F6-E0D94E8815BB}.Release MPI|Any CPU.ActiveCfg = Release|x64
		{B893667E-A60D-4D7E-A1F6-E0D94E8815BB}.Release MPI|Mixed Platforms.ActiveCfg = Release|x64
		{B893667E-A60D-4D7E-A1F6-E0D94E8815BB}.Release MPI|Mixed Platforms.Build.0 = Release|x64
		{B893667E-A60D-4D7E-A1F6-E0D94E8815BB}.Release MPI|Win32.ActiveCfg = Release|Win32
		{B893667E-A60D-4D7E-A1F6-E0D94E8815BB}.Release MPI|Win32.Build.0 = Release|Win32
		{B893667E-A60D-4D7E-A1F6-E0D94E8815BB}.Release MPI|x64.ActiveCfg = Release|Win32
		{B893667E-A60D-4D7E-A1F6-E0D94E8815BB}.Release OpenMP|Any CPU.ActiveCfg = Release|x64
		{B893667E-A60D-4D7E-A1F6-E0D94E8815BB}.Release OpenMP|Mixed Platforms.ActiveCfg = Release|x64
		{B893667E-A60D-4D7E-A1F6-E0D94E8815BB}.Release OpenMP|Mixed Platforms.Build.0 = Release|x64
		{B893667E-A60D-4D7E-A1F6-E0D94E8815BB}.Release OpenMP|Win32.ActiveCfg = Release|Win32
		{B893667E-A60D-4D7E-A1F6-E0D94E8815BB}.Release OpenMP|Win32.Build.0 = Release|Win32
		{B893667E-A60D-4D7E-A1F6-E0D94E8815BB}.Release OpenMP|x64.ActiveCfg = Release|Win32
		{B893667E-A60D-4D7E-A1F6-E0D94E8815BB}.Release|Any CPU.ActiveCfg = Release|x64
		{B893667E-A60D-4D7E-A1F6-E0D94E8815BB}.Release|Mixed Platforms.ActiveCfg = Release|x64
		{B893667E-A60D-4D7E-A1F6-E0D94E8815BB}.Release|Mixed Platforms.Build.0 = Release|x64
		{B893667E-A60D-4D7E-A1F6-E0D94E8815BB}.Release|Win32.ActiveCfg = Release|Win32
		{B893667E-A60D-4D7E-A1F6-E0D94E8815BB}.Release|Win32.Build.0 = Release|Win32
		{B893667E-A60D-4D7E-A1F6-E0D94E8815BB}.Release|x64.ActiveCfg = Release|x64
		{3A41D44C-F6DB-42B4-B98B-57252374202D}.Debug MPI|Any CPU.ActiveCfg = Debug|x64
		{3A41D44C-F6DB-42B4-B98B-57252374202D}.Debug MPI|Mixed Platforms.ActiveCfg = Debug|x64
		{3A41D44C-F6DB-42B4-B98B-57252374202D}.Debug MPI|Mixed Platforms.Build.0 = Debug|x64
		{3A41D44C-F6DB-42B4-B98B-57252374202D}.Debug MPI|Win32.ActiveCfg = Debug|Win32
		{3A41D44C-F6DB-42B4-B98B-57252374202D}.Debug MPI|Win32.Build.0 = Debug|Win32
		{3A41D44C-F6DB-42B4-B98B-57252374202D}.Debug MPI|x64.ActiveCfg = Debug|Win32
		{3A41D44C-F6DB-42B4-B98B-57252374202D}.Debug OpenMP|Any CPU.ActiveCfg = Debug|x64
		{3A41D44C-F6DB-42B4-B98B-57252374202D}.Debug OpenMP|Mixed Platforms.ActiveCfg = Debug|x64
		{3A41D44C-F6DB-42B4-B98B-57252374202D}.Debug OpenMP|Mixed Platforms.Build.0 = Debug|x64
		{3A41D44C-F6DB-42B4-B98B-57252374202D}.Debug OpenMP|Win32.ActiveCfg = Debug|Win32
		{3A41D44C-F6DB-42B4-B98B-57252374202D}.Debug OpenMP|Win32.Build.0 = Debug|Win32
		{3A41D44C-F6DB-42B4-B98B-57252374202D}.Debug OpenMP|x64.ActiveCfg = Debug|Win32
		{3A41D44C-F6DB-42B4-B98B-57252374202D}.Debug|Any CPU.ActiveCfg = Debug|x64
		{3A41D44C-F6DB-42B4-B98B-57252374202D}.Debug|Mixed Platforms.ActiveCfg = Debug|x64
		{3A41D44C-F6DB-42B4-B98B-57252374202D}.Debug|Mixed Platforms.Build.0 = Debug|x64
		{3A41D44C-F6DB-42B4-B98B-57252374202D}.Debug|Win32.ActiveCfg = Debug|Win32
		{3A41D44C-F6DB-42B4-B98B-57252374202D}.Debug|Win32.Build.0 = Debug|Win32
		{3A41D44C-F6DB-42B4-B98B-57252374202D}.Debug|x64.ActiveCfg = Debug|x64
		{3A41D44C-F6DB-42B4-B98B-57252374202D}.Release MPI|Any CPU.ActiveCfg = Release|x64
		{3A41D44C-F6DB-42B4-B98B-57252374202D}.Release MPI|Mixed Platforms.ActiveCfg = Release|x64
		{3A41D44C-F6DB-42B4-B98B-57252374202D}.Release MPI|Mixed Platforms.Build.0 = Release|x64
		{3A41D44C-F6DB-42B4-B98B-57252374202D}.Release MPI|Win32.ActiveCfg = Release|Win32
		{3A41D44C-F6DB-42B4-B98B-57252374202D}.Release MPI|Win32.Build.0 = Release|Win32
		{3A41D44C-F6DB-42B4-B98B-57252374202D}.Release MPI|x64.ActiveCfg = Release|Win32
		{3A41D44C-F6DB-42B4-B98B-57252374202D}.Release OpenMP|Any CPU.ActiveCfg = Release|x64
		{3A41D44C-F6DB-42B4-B98B-57252374202D}.Release OpenMP|Mixed Platforms.ActiveCfg = Release|x64
		{3A41D44C-F6DB-42B4-B98B-57252374202D}.Release OpenMP|Mixed Platforms.Build.0 = Release|x64
		{3A41D44C-F6DB-42B4-B98B-57252374202D}.Release OpenMP|Win32.ActiveCfg = Release|Win32
		{3A41D44C-F6DB-42B4-B98B-57252374202D}.Release OpenMP|Win32.Build.0 = Release|Win32
		{3A41D44C-F6DB-42B4-B98B-57252374202D}.Release OpenMP|x64.ActiveCfg = Release|Win32
		{3A41D44C-F6DB-42B4-B98B-57252374202D}.Release|Any CPU.ActiveCfg = Release|x64
		{3A41D44C-F6DB-42B4-B98B-57252374202D}.Release|Mixed Platforms.ActiveCfg = Release|x64
		{3A41D44C-F6DB-42B4-B98B-57252374202D}.Release|Mixed Platforms.Build.0 = Release|x64
		{3A41D44C-F6DB-42B4-B98B-57252374202D}.Release|Win32.ActiveCfg = Release|Win32
		{3A41D44C-F6DB-42B4-B98B-57252374202D}.Release|Win32.Build.0 = Release|Win32
		{3A41D44C-F6DB-42B4-B98B-57252374202D}.Release|x64.ActiveCfg = Release|x64
		{3A41D44C-F6DB-42B4-B98B-57252374202D}.Release|x64.Build.0 = Release|x64
		{4BB5832C-53C3-4226-BBDA-584B4EEBBC2A}.Debug MPI|Any CPU.ActiveCfg = Debug|Win32
		{4BB5832C-53C3-4226-BBDA-584B4EEBBC2A}.Debug MPI|Mixed Platforms.ActiveCfg = Debug|Win32
		{4BB5832C-53C3-4226-BBDA-584B4EEBBC2A}.Debug MPI|Mixed Platforms.Build.0 = Debug|Win32
		{4BB5832C-53C3-4226-BBDA-584B4EEBBC2A}.Debug MPI|Win32.ActiveCfg = Debug|Win32
		{4BB5832C-53C3-4226-BBDA-584B4EEBBC2A}.Debug MPI|Win32.Build.0 = Debug|Win32
		{4BB5832C-53C3-4226-BBDA-584B4EEBBC2A}.Debug MPI|x64.ActiveCfg = Debug|Win32
		{4BB5832C-53C3-4226-BBDA-584B4EEBBC2A}.Debug OpenMP|Any CPU.ActiveCfg = Debug|Win32
		{4BB5832C-53C3-4226-BBDA-584B4EEBBC2A}.Debug OpenMP|Mixed Platforms.ActiveCfg = Debug|Win32
		{4BB5832C-53C3-4226-BBDA-584B4EEBBC2A}.Debug OpenMP|Mixed Platforms.Build.0 = Debug|Win32
		{4BB5832C-53C3-4226-BBDA-584B4EEBBC2A}.Debug OpenMP|Win32.ActiveCfg = Debug|Win32
		{4BB5832C-53C3-4226-BBDA-584B4EEBBC2A}.Debug OpenMP|Win32.Build.0 = Debug|Win32
		{4BB5832C-53C3-4226-BBDA-584B4EEBBC2A}.Debug OpenMP|x64.ActiveCfg = Debug|Win32
		{4BB5832C-53C3-4226-BBDA-584B4EEBBC2A}.Debug|Any CPU.ActiveCfg = Debug|Win32
		{4BB5832C-53C3-4226-BBDA-584B4EEBBC2A}.Debug|Mixed Platforms.ActiveCfg = Debug|Win32
		{4BB5832C-53C3-4226-BBDA-584B4EEBBC2A}.Debug|Mixed Platforms.Build.0 = Debug|Win32
		{4BB5832C-53C3-4226-BBDA-584B4EEBBC2A}.Debug|Win32.ActiveCfg = Debug|Win32
		{4BB5832C-53C3-4226-BBDA-584B4EEBBC2A}.Debug|Win32.Build.0 = Debug|Win32
		{4BB5832C-53C3-4226-BBDA-584B4EEBBC2A}.Debug|x64.ActiveCfg = Debug|x64
		{4BB5832C-53C3-4226-BBDA-584B4EEBBC2A}.Release MPI|Any CPU.ActiveCfg = Release|Win32
		{4BB5832C-53C3-4226-BBDA-584B4EEBBC2A}.Release MPI|Mixed Platforms.ActiveCfg = Release|Win32
		{4BB5832C-53C3-4226-BBDA-584B4EEBBC2A}.Release MPI|Mixed Platforms.Build.0 = Release|Win32
		{4BB5832C-53C3-4226-BBDA-584B4EEBBC2A}.Release MPI|Win32.ActiveCfg = Release|Win32
		{4BB5832C-53C3-4226-BBDA-584B4EEBBC2A}.Release MPI|Win32.Build.0 = Release|Win32
		{4BB5832C-53C3-4226-BBDA-584B4EEBBC2A}.Release MPI|x64.ActiveCfg = Release|Win32
		{4BB5832C-53C3-4226-BBDA-584B4EEBBC2A}.Release OpenMP|Any CPU.ActiveCfg = Release|Win32
		{4BB5832C-53C3-4226-BBDA-584B4EEBBC2A}.Release OpenMP|Mixed Platforms.ActiveCfg = Release|Win32
		{4BB5832C-53C3-4226-BBDA-584B4EEBBC2A}.Release OpenMP|Mixed Platforms.Build.0 = Release|Win32
		{4BB5832C-53C3-4226-BBDA-584B4EEBBC2A}.Release OpenMP|Win32.ActiveCfg = Release|Win32
		{4BB5832C-53C3-4226-BBDA-584B4EEBBC2A}.Release OpenMP|Win32.Build.0 = Release|Win32
		{4BB5832C-53C3-4226-BBDA-584B4EEBBC2A}.Release OpenMP|x64.ActiveCfg = Release|Win32
		{4BB5832C-53C3-4226-BBDA-584B4EEBBC2A}.Release|Any CPU.ActiveCfg = Release|Win32
		{4BB5832C-53C3-4226-BBDA-584B4EEBBC2A}.Release|Mixed Platforms.ActiveCfg = Release|Win32
		{4BB5832C-53C3-4226-BBDA-584B4EEBBC2A}.Release|Mixed Platforms.Build.0 = Release|Win32
		{4BB5832C-53C3-4226-BBDA-584B4EEBBC2A}.Release|Win32.ActiveCfg = Release|Win32
		{4BB5832C-53C3-4226-BBDA-584B4EEBBC2A}.Release|Win32.Build.0 = Release|Win32
		{4BB5832C-53C3-4226-BBDA-584B4EEBBC2A}.Release|x64.ActiveCfg = Release|x64
		{D9A8E2CF-4DA2-4210-BDF7-05F2A281FCA6}.Debug MPI|Any CPU.ActiveCfg = Debug|Win32
		{D9A8E2CF-4DA2-4210-BDF7-05F2A281FCA6}.Debug MPI|Mixed Platforms.ActiveCfg = Debug|Win32
		{D9A8E2CF-4DA2-4210-BDF7-05F2A281FCA6}.Debug MPI|Mixed Platforms.Build.0 = Debug|Win32
		{D9A8E2CF-4DA2-4210-BDF7-05F2A281FCA6}.Debug MPI|Win32.ActiveCfg = Debug|Win32
		{D9A8E2CF-4DA2-4210-BDF7-05F2A281FCA6}.Debug MPI|Win32.Build.0 = Debug|Win32
		{D9A8E2CF-4DA2-4210-BDF7-05F2A281FCA6}.Debug MPI|x64.ActiveCfg = Debug|Win32
		{D9A8E2CF-4DA2-4210-BDF7-05F2A281FCA6}.Debug OpenMP|Any CPU.ActiveCfg = Debug|Win32
		{D9A8E2CF-4DA2-4210-BDF7-05F2A281FCA6}.Debug OpenMP|Mixed Platforms.ActiveCfg = Debug|Win32
		{D9A8E2CF-4DA2-4210-BDF7-05F2A281FCA6}.Debug OpenMP|Mixed Platforms.Build.0 = Debug|Win32
		{D9A8E2CF-4DA2-4210-BDF7-05F2A281FCA6}.Debug OpenMP|Win32.ActiveCfg = Debug|Win32
		{D9A8E2CF-4DA2-4210-BDF7-05F2A281FCA6}.Debug OpenMP|Win32.Build.0 = Debug|Win32
		{D9A8E2CF-4DA2-4210-BDF7-05F2A281FCA6}.Debug OpenMP|x64.ActiveCfg = Debug|Win32
		{D9A8E2CF-4DA2-4210-BDF7-05F2A281FCA6}.Debug|Any CPU.ActiveCfg = Debug|Win32
		{D9A8E2CF-4DA2-4210-BDF7-05F2A281FCA6}.Debug|Mixed Platforms.ActiveCfg = Debug|Win32
		{D9A8E2CF-4DA2-4210-BDF7-05F2A281FCA6}.Debug|Mixed Platforms.Build.0 = Debug|Win32
		{D9A8E2CF-4DA2-4210-BDF7-05F2A281FCA6}.Debug|Win32.ActiveCfg = Debug|Win32
		{D9A8E2CF-4DA2-4210-BDF7-05F2A281FCA6}.Debug|Win32.Build.0 = Debug|Win32
		{D9A8E2CF-4DA2-4210-BDF7-05F2A281FCA6}.Debug|x64.ActiveCfg = Debug|x64
		{D9A8E2CF-4DA2-4210-BDF7-05F2A281FCA6}.Release MPI|Any CPU.ActiveCfg = Release|Win32
		{D9A8E2CF-4DA2-4210-BDF7-05F2A281FCA6}.Release MPI|Mixed Platforms.ActiveCfg = Release|Win32
		{D9A8E2CF-4DA2-4210-BDF7-05F2A281FCA6}.Release MPI|Mixed Platforms.Build.0 = Release|Win32
		{D9A8E2CF-4DA2-4210-BDF7-05F2A281FCA6}.Release MPI|Win32.ActiveCfg = Release|Win32
		{D9A8E2CF-4DA2-4210-BDF7-05F2A281FCA6}.Release MPI|Win32.Build.0 = Release|Win32
		{D9A8E2CF-4DA2-4210-BDF7-05F2A281FCA6}.Release MPI|x64.ActiveCfg = Release|Win32
		{D9A8E2CF-4DA2-4210-BDF7-05F2A281FCA6}.Release OpenMP|Any CPU.ActiveCfg = Release|Win32
		{D9A8E2CF-4DA2-4210-BDF7-05F2A281FCA6}.Release OpenMP|Mixed Platforms.ActiveCfg = Release|Win32
		{D9A8E2CF-4DA2-4210-BDF7-05F2A281FCA6}.Release OpenMP|Mixed Platforms.Build.0 = Release|Win32
		{D9A8E2CF-4DA2-4210-BDF7-05F2A281FCA6}.Release OpenMP|Win32.ActiveCfg = Release|Win32
		{D9A8E2CF-4DA2-4210-BDF7-05F2A281FCA6}.Release OpenMP|Win32.Build.0 = Release|Win32
		{D9A8E2CF-4DA2-4210-BDF7-05F2A281FCA6}.Release OpenMP|x64.ActiveCfg = Release|Win32
		{D9A8E2CF-4DA2-4210-BDF7-05F2A281FCA6}.Release|Any CPU.ActiveCfg = Release|Win32
		{D9A8E2CF-4DA2-4210-BDF7-05F2A281FCA6}.Release|Mixed Platforms.ActiveCfg = Release|Win32
		{D9A8E2CF-4DA2-4210-BDF7-05F2A281FCA6}.Release|Mixed Platforms.Build.0 = Release|Win32
		{D9A8E2CF-4DA2-4210-BDF7-05F2A281FCA6}.Release|Win32.ActiveCfg = Release|Win32
		{D9A8E2CF-4DA2-4210-BDF7-05F2A281FCA6}.Release|Win32.Build.0 = Release|Win32
		{D9A8E2CF-4DA2-4210-BDF7-05F2A281FCA6}.Release|x64.ActiveCfg = Release|x64
		{FC3EC4C8-E66F-4B9D-98A0-631EDD72F9B3}.Debug MPI|Any CPU.ActiveCfg = Debug|Win32
		{FC3EC4C8-E66F-4B9D-98A0-631EDD72F9B3}.Debug MPI|Mixed Platforms.ActiveCfg = Debug|Win32
		{FC3EC4C8-E66F-4B9D-98A0-631EDD72F9B3}.Debug MPI|Mixed Platforms.Build.0 = Debug|Win32
		{FC3EC4C8-E66F-4B9D-98A0-631EDD72F9B3}.Debug MPI|Win32.ActiveCfg = Debug|Win32
		{FC3EC4C8-E66F-4B9D-98A0-631EDD72F9B3}.Debug MPI|Win32.Build.0 = Debug|Win32
		{FC3EC4C8-E66F-4B9D-98A0-631EDD72F9B3}.Debug MPI|x64.ActiveCfg = Debug|Win32
		{FC3EC4C8-E66F-4B9D-98A0-631EDD72F9B3}.Debug OpenMP|Any CPU.ActiveCfg = Debug|Win32
		{FC3EC4C8-E66F-4B9D-98A0-631EDD72F9B3}.Debug OpenMP|Mixed Platforms.ActiveCfg = Debug|Win32
		{FC3EC4C8-E66F-4B9D-98A0-631EDD72F9B3}.Debug OpenMP|Mixed Platforms.Build.0 = Debug|Win32
		{FC3EC4C8-E66F-4B9D-98A0-631EDD72F9B3}.Debug OpenMP|Win32.ActiveCfg = Debug|Win32
		{FC3EC4C8-E66F-4B9D-98A0-631EDD72F9B3}.Debug OpenMP|Win32.Build.0 = Debug|Win32
		{FC3EC4C8-E66F-4B9D-98A0-631EDD72F9B3}.Debug OpenMP|x64.ActiveCfg = Debug|Win32
		{FC3EC4C8-E66F-4B9D-98A0-631EDD72F9B3}.Debug|Any CPU.ActiveCfg = Debug|Win32
		{FC3EC4C8-E66F-4B9D-98A0-631EDD72F9B3}.Debug|Mixed Platforms.ActiveCfg = Debug|Win32
		{FC3EC4C8-E66F-4B9D-98A0-631EDD72F9B3}.Debug|Mixed Platforms.Build.0 = Debug|Win32
		{FC3EC4C8-E66F-4B9D-98A0-631EDD72F9B3}.Debug|Win32.ActiveCfg = Debug|Win32
		{FC3EC4C8-E66F-4B9D-98A0-631EDD72F9B3}.Debug|Win32.Build.0 = Debug|Win32
		{FC3EC4C8-E66F-4B9D-98A0-631EDD72F9B3}.Debug|x64.ActiveCfg = Debug|x64
		{FC3EC4C8-E66F-4B9D-98A0-631EDD72F9B3}.Release MPI|Any CPU.ActiveCfg = Release|Win32
		{FC3EC4C8-E66F-4B9D-98A0-631EDD72F9B3}.Release MPI|Mixed Platforms.ActiveCfg = Release|Win32
		{FC3EC4C8-E66F-4B9D-98A0-631EDD72F9B3}.Release MPI|Mixed Platforms.Build.0 = Release|Win32
		{FC3EC4C8-E66F-4B9D-98A0-631EDD72F9B3}.Release MPI|Win32.ActiveCfg = Release|Win32
		{FC3EC4C8-E66F-4B9D-98A0-631EDD72F9B3}.Release MPI|Win32.Build.0 = Release|Win32
		{FC3EC4C8-E66F-4B9D-98A0-631EDD72F9B3}.Release MPI|x64.ActiveCfg = Release|Win32
		{FC3EC4C8-E66F-4B9D-98A0-631EDD72F9B3}.Release OpenMP|Any CPU.ActiveCfg = Release|Win32
		{FC3EC4C8-E66F-4B9D-98A0-631EDD72F9B3}.Release OpenMP|Mixed Platforms.ActiveCfg = Release|Win32
		{FC3EC4C8-E66F-4B9D-98A0-631EDD72F9B3}.Release OpenMP|Mixed Platforms.Build.0 = Release|Win32
		{FC3EC4C8-E66F-4B9D-98A0-631EDD72F9B3}.Release OpenMP|Win32.ActiveCfg = Release|Win32
		{FC3EC4C8-E66F-4B9D-98A0-631EDD72F9B3}.Release OpenMP|Win32.Build.0 = Release|Win32
		{FC3EC4C8-E66F-4B9D-98A0-631EDD72F9B3}.Release OpenMP|x64.ActiveCfg = Release|Win32
		{FC3EC4C8-E66F-4B9D-98A0-631EDD72F9B3}.Release|Any CPU.ActiveCfg = Release|Win32
		{FC3EC4C8-E66F-4B9D-98A0-631EDD72F9B3}.Release|Mixed Platforms.ActiveCfg = Release|Win32
		{FC3EC4C8-E66F-4B9D-98A0-631EDD72F9B3}.Release|Mixed Platforms.Build.0 = Release|Win32
		{FC3EC4C8-E66F-4B9D-98A0-631EDD72F9B3}.Release|Win32.ActiveCfg = Release|Win32
		{FC3EC4C8-E66F-4B9D-98A0-631EDD72F9B3}.Release|Win32.Build.0 = Release|Win32
		{FC3EC4C8-E66F-4B9D-98A0-631EDD72F9B3}.Release|x64.ActiveCfg = Release|x64
		{A2362933-01EF-4E31-914B-C4316A54E065}.Debug MPI|Any CPU.ActiveCfg = Release|Win32
		{A2362933-01EF-4E31-914B-C4316A54E065}.Debug MPI|Any CPU.Build.0 = Release|Win32
		{A2362933-01EF-4E31-914B-C4316A54E065}.Debug MPI|Mixed Platforms.ActiveCfg = Debug|Win32
		{A2362933-01EF-4E31-914B-C4316A54E065}.Debug MPI|Mixed Platforms.Build.0 = Debug|Win32
		{A2362933-01EF-4E31-914B-C4316A54E065}.Debug MPI|Win32.ActiveCfg = Debug|Win32
		{A2362933-01EF-4E31-914B-C4316A54E065}.Debug MPI|Win32.Build.0 = Debug|Win32
		{A2362933-01EF-4E31-914B-C4316A54E065}.Debug MPI|x64.ActiveCfg = Release|Win32
		{A2362933-01EF-4E31-914B-C4316A54E065}.Debug MPI|x64.Build.0 = Release|Win32
		{A2362933-01EF-4E31-914B-C4316A54E065}.Debug OpenMP|Any CPU.ActiveCfg = Release|Win32
		{A2362933-01EF-4E31-914B-C4316A54E065}.Debug OpenMP|Any CPU.Build.0 = Release|Win32
		{A2362933-01EF-4E31-914B-C4316A54E065}.Debug OpenMP|Mixed Platforms.ActiveCfg = Debug|Win32
		{A2362933-01EF-4E31-914B-C4316A54E065}.Debug OpenMP|Mixed Platforms.Build.0 = Debug|Win32
		{A2362933-01EF-4E31-914B-C4316A54E065}.Debug OpenMP|Win32.ActiveCfg = Debug|Win32
		{A2362933-01EF-4E31-914B-C4316A54E065}.Debug OpenMP|Win32.Build.0 = Debug|Win32
		{A2362933-01EF-4E31-914B-C4316A54E065}.Debug OpenMP|x64.ActiveCfg = Release|Win32
		{A2362933-01EF-4E31-914B-C4316A54E065}.Debug OpenMP|x64.Build.0 = Release|Win32
		{A2362933-01EF-4E31-914B-C4316A54E065}.Debug|Any CPU.ActiveCfg = Debug|Win32
		{A2362933-01EF-4E31-914B-C4316A54E065}.Debug|Mixed Platforms.ActiveCfg = Debug|Win32
		{A2362933-01EF-4E31-914B-C4316A54E065}.Debug|Mixed Platforms.Build.0 = Debug|Win32
		{A2362933-01EF-4E31-914B-C4316A54E065}.Debug|Win32.ActiveCfg = Debug|Win32
		{A2362933-01EF-4E31-914B-C4316A54E065}.Debug|Win32.Build.0 = Debug|Win32
		{A2362933-01EF-4E31-914B-C4316A54E065}.Debug|x64.ActiveCfg = Debug|x64
		{A2362933-01EF-4E31-914B-C4316A54E065}.Release MPI|Any CPU.ActiveCfg = Release|Win32
		{A2362933-01EF-4E31-914B-C4316A54E065}.Release MPI|Any CPU.Build.0 = Release|Win32
		{A2362933-01EF-4E31-914B-C4316A54E065}.Release MPI|Mixed Platforms.ActiveCfg = Release|Win32
		{A2362933-01EF-4E31-914B-C4316A54E065}.Release MPI|Mixed Platforms.Build.0 = Release|Win32
		{A2362933-01EF-4E31-914B-C4316A54E065}.Release MPI|Win32.ActiveCfg = Release|Win32
		{A2362933-01EF-4E31-914B-C4316A54E065}.Release MPI|Win32.Build.0 = Release|Win32
		{A2362933-01EF-4E31-914B-C4316A54E065}.Release MPI|x64.ActiveCfg = Release|Win32
		{A2362933-01EF-4E31-914B-C4316A54E065}.Release MPI|x64.Build.0 = Release|Win32
		{A2362933-01EF-4E31-914B-C4316A54E065}.Release OpenMP|Any CPU.ActiveCfg = Release|Win32
		{A2362933-01EF-4E31-914B-C4316A54E065}.Release OpenMP|Any CPU.Build.0 = Release|Win32
		{A2362933-01EF-4E31-914B-C4316A54E065}.Release OpenMP|Mixed Platforms.ActiveCfg = Release|Win32
		{A2362933-01EF-4E31-914B-C4316A54E065}.Release OpenMP|Mixed Platforms.Build.0 = Release|Win32
		{A2362933-01EF-4E31-914B-C4316A54E065}.Release OpenMP|Win32.ActiveCfg = Release|Win32
		{A2362933-01EF-4E31-914B-C4316A54E065}.Release OpenMP|Win32.Build.0 = Release|Win32
		{A2362933-01EF-4E31-914B-C4316A54E065}.Release OpenMP|x64.ActiveCfg = Release|Win32
		{A2362933-01EF-4E31-914B-C4316A54E065}.Release OpenMP|x64.Build.0 = Release|Win32
		{A2362933-01EF-4E31-914B-C4316A54E065}.Release|Any CPU.ActiveCfg = Release|Win32
		{A2362933-01EF-4E31-914B-C4316A54E065}.Release|Mixed Platforms.ActiveCfg = Release|Win32
		{A2362933-01EF-4E31-914B-C4316A54E065}.Release|Mixed Platforms.Build.0 = Release|Win32
		{A2362933-01EF-4E31-914B-C4316A54E065}.Release|Win32.ActiveCfg = Release|Win32
		{A2362933-01EF-4E31-914B-C4316A54E065}.Release|Win32.Build.0 = Release|Win32
		{A2362933-01EF-4E31-914B-C4316A54E065}.Release|x64.ActiveCfg = Release|x64
		{31718428-0170-4952-924F-1568E2FA72EF}.Debug MPI|Any CPU.ActiveCfg = Release|Win32
		{31718428-0170-4952-924F-1568E2FA72EF}.Debug MPI|Any CPU.Build.0 = Release|Win32
		{31718428-0170-4952-924F-1568E2FA72EF}.Debug MPI|Mixed Platforms.ActiveCfg = Debug|Win32
		{31718428-0170-4952-924F-1568E2FA72EF}.Debug MPI|Mixed Platforms.Build.0 = Debug|Win32
		{31718428-0170-4952-924F-1568E2FA72EF}.Debug MPI|Win32.ActiveCfg = Debug|Win32
		{31718428-0170-4952-924F-1568E2FA72EF}.Debug MPI|Win32.Build.0 = Debug|Win32
		{31718428-0170-4952-924F-1568E2FA72EF}.Debug MPI|x64.ActiveCfg = Release|Win32
		{31718428-0170-4952-924F-1568E2FA72EF}.Debug MPI|x64.Build.0 = Release|Win32
		{31718428-0170-4952-924F-1568E2FA72EF}.Debug OpenMP|Any CPU.ActiveCfg = Release|Win32
		{31718428-0170-4952-924F-1568E2FA72EF}.Debug OpenMP|Any CPU.Build.0 = Release|Win32
		{31718428-0170-4952-924F-1568E2FA72EF}.Debug OpenMP|Mixed Platforms.ActiveCfg = Debug|Win32
		{31718428-0170-4952-924F-1568E2FA72EF}.Debug OpenMP|Mixed Platforms.Build.0 = Debug|Win32
		{31718428-0170-4952-924F-1568E2FA72EF}.Debug OpenMP|Win32.ActiveCfg = Debug|Win32
		{31718428-0170-4952-924F-1568E2FA72EF}.Debug OpenMP|Win32.Build.0 = Debug|Win32
		{31718428-0170-4952-924F-1568E2FA72EF}.Debug OpenMP|x64.ActiveCfg = Release|Win32
		{31718428-0170-4952-924F-1568E2FA72EF}.Debug OpenMP|x64.Build.0 = Release|Win32
		{31718428-0170-4952-924F-1568E2FA72EF}.Debug|Any CPU.ActiveCfg = Debug|Win32
		{31718428-0170-4952-924F-1568E2FA72EF}.Debug|Mixed Platforms.ActiveCfg = Debug|Win32
		{31718428-0170-4952-924F-1568E2FA72EF}.Debug|Mixed Platforms.Build.0 = Debug|Win32
		{31718428-0170-4952-924F-1568E2FA72EF}.Debug|Win32.ActiveCfg = Debug|Win32
		{31718428-0170-4952-924F-1568E2FA72EF}.Debug|Win32.Build.0 = Debug|Win32
		{31718428-0170-4952-924F-1568E2FA72EF}.Debug|x64.ActiveCfg = Debug|x64
		{31718428-0170-4952-924F-1568E2FA72EF}.Release MPI|Any CPU.ActiveCfg = Release|Win32
		{31718428-0170-4952-924F-1568E2FA72EF}.Release MPI|Any CPU.Build.0 = Release|Win32
		{31718428-0170-4952-924F-1568E2FA72EF}.Release MPI|Mixed Platforms.ActiveCfg = Release|Win32
		{31718428-0170-4952-924F-1568E2FA72EF}.Release MPI|Mixed Platforms.Build.0 = Release|Win32
		{31718428-0170-4952-924F-1568E2FA72EF}.Release MPI|Win32.ActiveCfg = Release|Win32
		{31718428-0170-4952-924F-1568E2FA72EF}.Release MPI|Win32.Build.0 = Release|Win32
		{31718428-0170-4952-924F-1568E2FA72EF}.Release MPI|x64.ActiveCfg = Release|Win32
		{31718428-0170-4952-924F-1568E2FA72EF}.Release MPI|x64.Build.0 = Release|Win32
		{31718428-0170-4952-924F-1568E2FA72EF}.Release OpenMP|Any CPU.ActiveCfg = Release|Win32
		{31718428-0170-4952-924F-1568E2FA72EF}.Release OpenMP|Any CPU.Build.0 = Release|Win32
		{31718428-0170-4952-924F-1568E2FA72EF}.Release OpenMP|Mixed Platforms.ActiveCfg = Release|Win32
		{31718428-0170-4952-924F-1568E2FA72EF}.Release OpenMP|Mixed Platforms.Build.0 = Release|Win32
		{31718428-0170-4952-924F-1568E2FA72EF}.Release OpenMP|Win32.ActiveCfg = Release|Win32
		{31718428-0170-4952-924F-1568E2FA72EF}.Release OpenMP|Win32.Build.0 = Release|Win32
		{31718428-0170-4952-924F-1568E2FA72EF}.Release OpenMP|x64.ActiveCfg = Release|Win32
		{31718428-0170-4952-924F-1568E2FA72EF}.Release OpenMP|x64.Build.0 = Release|Win32
		{31718428-0170-4952-924F-1568E2FA72EF}.Release|Any CPU.ActiveCfg = Release|Win32
		{31718428-0170-4952-924F-1568E2FA72EF}.Release|Mixed Platforms.ActiveCfg = Release|Win32
		{31718428-0170-4952-924F-1568E2FA72EF}.Release|Mixed Platforms.Build.0 = Release|Win32
		{31718428-0170-4952-924F-1568E2FA72EF}.Release|Win32.ActiveCfg = Release|Win32
		{31718428-0170-4952-924F-1568E2FA72EF}.Release|Win32.Build.0 = Release|Win32
		{31718428-0170-4952-924F-1568E2FA72EF}.Release|x64.ActiveCfg = Release|x64
		{31718428-0170-4952-924F-1568E2FA72EF}.Release|x64.Build.0 = Release|x64
	EndGlobalSection
	GlobalSection(SolutionProperties) = preSolution
		HideSolutionNode = FALSE
	EndGlobalSection
EndGlobal
